
Microsoft Visual Studio Solution File, Format Version 12.00
# Visual Studio 14
VisualStudioVersion = 14.0.25420.1
MinimumVisualStudioVersion = 10.0.40219.1
Project("{FAE04EC0-301F-11D3-BF4B-00C04F79EFBC}") = "LoginTestCS", "LoginTestCS\LoginTestCS\LoginTestCS.csproj", "{DAD2F134-5230-423C-BFE7-9C4BCEBF92EF}"
EndProject
Project("{FAE04EC0-301F-11D3-BF4B-00C04F79EFBC}") = "LoginTestCS.Droid", "LoginTestCS\LoginTestCS.Droid\LoginTestCS.Droid.csproj", "{5C836B5E-7589-4DAE-AEAA-88C1690A8A4E}"
EndProject
Project("{FAE04EC0-301F-11D3-BF4B-00C04F79EFBC}") = "LoginTestCS.iOS", "LoginTestCS\LoginTestCS.iOS\LoginTestCS.iOS.csproj", "{DD087D50-C8FA-4FAB-BB3F-C01C50816E7D}"
EndProject
Project("{FAE04EC0-301F-11D3-BF4B-00C04F79EFBC}") = "LoginTestCS.WinPhone", "LoginTestCS\LoginTestCS.WinPhone\LoginTestCS.WinPhone.csproj", "{89803AB0-CF9A-4BE8-A244-57BAC374AF8A}"
EndProject
Project("{FAE04EC0-301F-11D3-BF4B-00C04F79EFBC}") = "LoginTestCS.UWP", "LoginTestCS\LoginTestCS.UWP\LoginTestCS.UWP.csproj", "{2352CFD8-653D-406C-A3B9-7D0A4A45D4C5}"
EndProject
Project("{FAE04EC0-301F-11D3-BF4B-00C04F79EFBC}") = "LoginTestCS.Windows", "LoginTestCS\LoginTestCS.Windows\LoginTestCS.Windows.csproj", "{14838A64-0A5D-4C09-A68D-AFC3DCEF13E5}"
EndProject
Global
	GlobalSection(SolutionConfigurationPlatforms) = preSolution
		Ad-Hoc|Any CPU = Ad-Hoc|Any CPU
		Ad-Hoc|ARM = Ad-Hoc|ARM
		Ad-Hoc|iPhone = Ad-Hoc|iPhone
		Ad-Hoc|iPhoneSimulator = Ad-Hoc|iPhoneSimulator
		Ad-Hoc|x64 = Ad-Hoc|x64
		Ad-Hoc|x86 = Ad-Hoc|x86
		AppStore|Any CPU = AppStore|Any CPU
		AppStore|ARM = AppStore|ARM
		AppStore|iPhone = AppStore|iPhone
		AppStore|iPhoneSimulator = AppStore|iPhoneSimulator
		AppStore|x64 = AppStore|x64
		AppStore|x86 = AppStore|x86
		Debug|Any CPU = Debug|Any CPU
		Debug|ARM = Debug|ARM
		Debug|iPhone = Debug|iPhone
		Debug|iPhoneSimulator = Debug|iPhoneSimulator
		Debug|x64 = Debug|x64
		Debug|x86 = Debug|x86
		Release|Any CPU = Release|Any CPU
		Release|ARM = Release|ARM
		Release|iPhone = Release|iPhone
		Release|iPhoneSimulator = Release|iPhoneSimulator
		Release|x64 = Release|x64
		Release|x86 = Release|x86
	EndGlobalSection
	GlobalSection(ProjectConfigurationPlatforms) = postSolution
		{DAD2F134-5230-423C-BFE7-9C4BCEBF92EF}.Ad-Hoc|Any CPU.ActiveCfg = Release|Any CPU
		{DAD2F134-5230-423C-BFE7-9C4BCEBF92EF}.Ad-Hoc|Any CPU.Build.0 = Release|Any CPU
		{DAD2F134-5230-423C-BFE7-9C4BCEBF92EF}.Ad-Hoc|ARM.ActiveCfg = Release|Any CPU
		{DAD2F134-5230-423C-BFE7-9C4BCEBF92EF}.Ad-Hoc|ARM.Build.0 = Release|Any CPU
		{DAD2F134-5230-423C-BFE7-9C4BCEBF92EF}.Ad-Hoc|iPhone.ActiveCfg = Release|Any CPU
		{DAD2F134-5230-423C-BFE7-9C4BCEBF92EF}.Ad-Hoc|iPhone.Build.0 = Release|Any CPU
		{DAD2F134-5230-423C-BFE7-9C4BCEBF92EF}.Ad-Hoc|iPhoneSimulator.ActiveCfg = Release|Any CPU
		{DAD2F134-5230-423C-BFE7-9C4BCEBF92EF}.Ad-Hoc|iPhoneSimulator.Build.0 = Release|Any CPU
		{DAD2F134-5230-423C-BFE7-9C4BCEBF92EF}.Ad-Hoc|x64.ActiveCfg = Release|Any CPU
		{DAD2F134-5230-423C-BFE7-9C4BCEBF92EF}.Ad-Hoc|x64.Build.0 = Release|Any CPU
		{DAD2F134-5230-423C-BFE7-9C4BCEBF92EF}.Ad-Hoc|x86.ActiveCfg = Release|Any CPU
		{DAD2F134-5230-423C-BFE7-9C4BCEBF92EF}.Ad-Hoc|x86.Build.0 = Release|Any CPU
		{DAD2F134-5230-423C-BFE7-9C4BCEBF92EF}.AppStore|Any CPU.ActiveCfg = Release|Any CPU
		{DAD2F134-5230-423C-BFE7-9C4BCEBF92EF}.AppStore|Any CPU.Build.0 = Release|Any CPU
		{DAD2F134-5230-423C-BFE7-9C4BCEBF92EF}.AppStore|ARM.ActiveCfg = Release|Any CPU
		{DAD2F134-5230-423C-BFE7-9C4BCEBF92EF}.AppStore|ARM.Build.0 = Release|Any CPU
		{DAD2F134-5230-423C-BFE7-9C4BCEBF92EF}.AppStore|iPhone.ActiveCfg = Release|Any CPU
		{DAD2F134-5230-423C-BFE7-9C4BCEBF92EF}.AppStore|iPhone.Build.0 = Release|Any CPU
		{DAD2F134-5230-423C-BFE7-9C4BCEBF92EF}.AppStore|iPhoneSimulator.ActiveCfg = Release|Any CPU
		{DAD2F134-5230-423C-BFE7-9C4BCEBF92EF}.AppStore|iPhoneSimulator.Build.0 = Release|Any CPU
		{DAD2F134-5230-423C-BFE7-9C4BCEBF92EF}.AppStore|x64.ActiveCfg = Release|Any CPU
		{DAD2F134-5230-423C-BFE7-9C4BCEBF92EF}.AppStore|x64.Build.0 = Release|Any CPU
		{DAD2F134-5230-423C-BFE7-9C4BCEBF92EF}.AppStore|x86.ActiveCfg = Release|Any CPU
		{DAD2F134-5230-423C-BFE7-9C4BCEBF92EF}.AppStore|x86.Build.0 = Release|Any CPU
		{DAD2F134-5230-423C-BFE7-9C4BCEBF92EF}.Debug|Any CPU.ActiveCfg = Debug|Any CPU
		{DAD2F134-5230-423C-BFE7-9C4BCEBF92EF}.Debug|Any CPU.Build.0 = Debug|Any CPU
		{DAD2F134-5230-423C-BFE7-9C4BCEBF92EF}.Debug|ARM.ActiveCfg = Debug|Any CPU
		{DAD2F134-5230-423C-BFE7-9C4BCEBF92EF}.Debug|ARM.Build.0 = Debug|Any CPU
		{DAD2F134-5230-423C-BFE7-9C4BCEBF92EF}.Debug|iPhone.ActiveCfg = Debug|Any CPU
		{DAD2F134-5230-423C-BFE7-9C4BCEBF92EF}.Debug|iPhone.Build.0 = Debug|Any CPU
		{DAD2F134-5230-423C-BFE7-9C4BCEBF92EF}.Debug|iPhoneSimulator.ActiveCfg = Debug|Any CPU
		{DAD2F134-5230-423C-BFE7-9C4BCEBF92EF}.Debug|iPhoneSimulator.Build.0 = Debug|Any CPU
		{DAD2F134-5230-423C-BFE7-9C4BCEBF92EF}.Debug|x64.ActiveCfg = Debug|Any CPU
		{DAD2F134-5230-423C-BFE7-9C4BCEBF92EF}.Debug|x64.Build.0 = Debug|Any CPU
		{DAD2F134-5230-423C-BFE7-9C4BCEBF92EF}.Debug|x86.ActiveCfg = Debug|Any CPU
		{DAD2F134-5230-423C-BFE7-9C4BCEBF92EF}.Debug|x86.Build.0 = Debug|Any CPU
		{DAD2F134-5230-423C-BFE7-9C4BCEBF92EF}.Release|Any CPU.ActiveCfg = Release|Any CPU
		{DAD2F134-5230-423C-BFE7-9C4BCEBF92EF}.Release|Any CPU.Build.0 = Release|Any CPU
		{DAD2F134-5230-423C-BFE7-9C4BCEBF92EF}.Release|ARM.ActiveCfg = Release|Any CPU
		{DAD2F134-5230-423C-BFE7-9C4BCEBF92EF}.Release|ARM.Build.0 = Release|Any CPU
		{DAD2F134-5230-423C-BFE7-9C4BCEBF92EF}.Release|iPhone.ActiveCfg = Release|Any CPU
		{DAD2F134-5230-423C-BFE7-9C4BCEBF92EF}.Release|iPhone.Build.0 = Release|Any CPU
		{DAD2F134-5230-423C-BFE7-9C4BCEBF92EF}.Release|iPhoneSimulator.ActiveCfg = Release|Any CPU
		{DAD2F134-5230-423C-BFE7-9C4BCEBF92EF}.Release|iPhoneSimulator.Build.0 = Release|Any CPU
		{DAD2F134-5230-423C-BFE7-9C4BCEBF92EF}.Release|x64.ActiveCfg = Release|Any CPU
		{DAD2F134-5230-423C-BFE7-9C4BCEBF92EF}.Release|x64.Build.0 = Release|Any CPU
		{DAD2F134-5230-423C-BFE7-9C4BCEBF92EF}.Release|x86.ActiveCfg = Release|Any CPU
		{DAD2F134-5230-423C-BFE7-9C4BCEBF92EF}.Release|x86.Build.0 = Release|Any CPU
		{5C836B5E-7589-4DAE-AEAA-88C1690A8A4E}.Ad-Hoc|Any CPU.ActiveCfg = Release|Any CPU
		{5C836B5E-7589-4DAE-AEAA-88C1690A8A4E}.Ad-Hoc|Any CPU.Build.0 = Release|Any CPU
		{5C836B5E-7589-4DAE-AEAA-88C1690A8A4E}.Ad-Hoc|Any CPU.Deploy.0 = Release|Any CPU
		{5C836B5E-7589-4DAE-AEAA-88C1690A8A4E}.Ad-Hoc|ARM.ActiveCfg = Release|Any CPU
		{5C836B5E-7589-4DAE-AEAA-88C1690A8A4E}.Ad-Hoc|ARM.Build.0 = Release|Any CPU
		{5C836B5E-7589-4DAE-AEAA-88C1690A8A4E}.Ad-Hoc|ARM.Deploy.0 = Release|Any CPU
		{5C836B5E-7589-4DAE-AEAA-88C1690A8A4E}.Ad-Hoc|iPhone.ActiveCfg = Release|Any CPU
		{5C836B5E-7589-4DAE-AEAA-88C1690A8A4E}.Ad-Hoc|iPhone.Build.0 = Release|Any CPU
		{5C836B5E-7589-4DAE-AEAA-88C1690A8A4E}.Ad-Hoc|iPhone.Deploy.0 = Release|Any CPU
		{5C836B5E-7589-4DAE-AEAA-88C1690A8A4E}.Ad-Hoc|iPhoneSimulator.ActiveCfg = Release|Any CPU
		{5C836B5E-7589-4DAE-AEAA-88C1690A8A4E}.Ad-Hoc|iPhoneSimulator.Build.0 = Release|Any CPU
		{5C836B5E-7589-4DAE-AEAA-88C1690A8A4E}.Ad-Hoc|iPhoneSimulator.Deploy.0 = Release|Any CPU
		{5C836B5E-7589-4DAE-AEAA-88C1690A8A4E}.Ad-Hoc|x64.ActiveCfg = Release|Any CPU
		{5C836B5E-7589-4DAE-AEAA-88C1690A8A4E}.Ad-Hoc|x64.Build.0 = Release|Any CPU
		{5C836B5E-7589-4DAE-AEAA-88C1690A8A4E}.Ad-Hoc|x64.Deploy.0 = Release|Any CPU
		{5C836B5E-7589-4DAE-AEAA-88C1690A8A4E}.Ad-Hoc|x86.ActiveCfg = Release|Any CPU
		{5C836B5E-7589-4DAE-AEAA-88C1690A8A4E}.Ad-Hoc|x86.Build.0 = Release|Any CPU
		{5C836B5E-7589-4DAE-AEAA-88C1690A8A4E}.Ad-Hoc|x86.Deploy.0 = Release|Any CPU
		{5C836B5E-7589-4DAE-AEAA-88C1690A8A4E}.AppStore|Any CPU.ActiveCfg = Release|Any CPU
		{5C836B5E-7589-4DAE-AEAA-88C1690A8A4E}.AppStore|Any CPU.Build.0 = Release|Any CPU
		{5C836B5E-7589-4DAE-AEAA-88C1690A8A4E}.AppStore|Any CPU.Deploy.0 = Release|Any CPU
		{5C836B5E-7589-4DAE-AEAA-88C1690A8A4E}.AppStore|ARM.ActiveCfg = Release|Any CPU
		{5C836B5E-7589-4DAE-AEAA-88C1690A8A4E}.AppStore|ARM.Build.0 = Release|Any CPU
		{5C836B5E-7589-4DAE-AEAA-88C1690A8A4E}.AppStore|ARM.Deploy.0 = Release|Any CPU
		{5C836B5E-7589-4DAE-AEAA-88C1690A8A4E}.AppStore|iPhone.ActiveCfg = Release|Any CPU
		{5C836B5E-7589-4DAE-AEAA-88C1690A8A4E}.AppStore|iPhone.Build.0 = Release|Any CPU
		{5C836B5E-7589-4DAE-AEAA-88C1690A8A4E}.AppStore|iPhone.Deploy.0 = Release|Any CPU
		{5C836B5E-7589-4DAE-AEAA-88C1690A8A4E}.AppStore|iPhoneSimulator.ActiveCfg = Release|Any CPU
		{5C836B5E-7589-4DAE-AEAA-88C1690A8A4E}.AppStore|iPhoneSimulator.Build.0 = Release|Any CPU
		{5C836B5E-7589-4DAE-AEAA-88C1690A8A4E}.AppStore|iPhoneSimulator.Deploy.0 = Release|Any CPU
		{5C836B5E-7589-4DAE-AEAA-88C1690A8A4E}.AppStore|x64.ActiveCfg = Release|Any CPU
		{5C836B5E-7589-4DAE-AEAA-88C1690A8A4E}.AppStore|x64.Build.0 = Release|Any CPU
		{5C836B5E-7589-4DAE-AEAA-88C1690A8A4E}.AppStore|x64.Deploy.0 = Release|Any CPU
		{5C836B5E-7589-4DAE-AEAA-88C1690A8A4E}.AppStore|x86.ActiveCfg = Release|Any CPU
		{5C836B5E-7589-4DAE-AEAA-88C1690A8A4E}.AppStore|x86.Build.0 = Release|Any CPU
		{5C836B5E-7589-4DAE-AEAA-88C1690A8A4E}.AppStore|x86.Deploy.0 = Release|Any CPU
		{5C836B5E-7589-4DAE-AEAA-88C1690A8A4E}.Debug|Any CPU.ActiveCfg = Debug|Any CPU
		{5C836B5E-7589-4DAE-AEAA-88C1690A8A4E}.Debug|Any CPU.Build.0 = Debug|Any CPU
		{5C836B5E-7589-4DAE-AEAA-88C1690A8A4E}.Debug|Any CPU.Deploy.0 = Debug|Any CPU
		{5C836B5E-7589-4DAE-AEAA-88C1690A8A4E}.Debug|ARM.ActiveCfg = Debug|Any CPU
		{5C836B5E-7589-4DAE-AEAA-88C1690A8A4E}.Debug|ARM.Build.0 = Debug|Any CPU
		{5C836B5E-7589-4DAE-AEAA-88C1690A8A4E}.Debug|ARM.Deploy.0 = Debug|Any CPU
		{5C836B5E-7589-4DAE-AEAA-88C1690A8A4E}.Debug|iPhone.ActiveCfg = Debug|Any CPU
		{5C836B5E-7589-4DAE-AEAA-88C1690A8A4E}.Debug|iPhone.Build.0 = Debug|Any CPU
		{5C836B5E-7589-4DAE-AEAA-88C1690A8A4E}.Debug|iPhone.Deploy.0 = Debug|Any CPU
		{5C836B5E-7589-4DAE-AEAA-88C1690A8A4E}.Debug|iPhoneSimulator.ActiveCfg = Debug|Any CPU
		{5C836B5E-7589-4DAE-AEAA-88C1690A8A4E}.Debug|iPhoneSimulator.Build.0 = Debug|Any CPU
		{5C836B5E-7589-4DAE-AEAA-88C1690A8A4E}.Debug|iPhoneSimulator.Deploy.0 = Debug|Any CPU
		{5C836B5E-7589-4DAE-AEAA-88C1690A8A4E}.Debug|x64.ActiveCfg = Debug|Any CPU
		{5C836B5E-7589-4DAE-AEAA-88C1690A8A4E}.Debug|x64.Build.0 = Debug|Any CPU
		{5C836B5E-7589-4DAE-AEAA-88C1690A8A4E}.Debug|x64.Deploy.0 = Debug|Any CPU
		{5C836B5E-7589-4DAE-AEAA-88C1690A8A4E}.Debug|x86.ActiveCfg = Debug|Any CPU
		{5C836B5E-7589-4DAE-AEAA-88C1690A8A4E}.Debug|x86.Build.0 = Debug|Any CPU
		{5C836B5E-7589-4DAE-AEAA-88C1690A8A4E}.Debug|x86.Deploy.0 = Debug|Any CPU
		{5C836B5E-7589-4DAE-AEAA-88C1690A8A4E}.Release|Any CPU.ActiveCfg = Release|Any CPU
		{5C836B5E-7589-4DAE-AEAA-88C1690A8A4E}.Release|Any CPU.Build.0 = Release|Any CPU
		{5C836B5E-7589-4DAE-AEAA-88C1690A8A4E}.Release|Any CPU.Deploy.0 = Release|Any CPU
		{5C836B5E-7589-4DAE-AEAA-88C1690A8A4E}.Release|ARM.ActiveCfg = Release|Any CPU
		{5C836B5E-7589-4DAE-AEAA-88C1690A8A4E}.Release|ARM.Build.0 = Release|Any CPU
		{5C836B5E-7589-4DAE-AEAA-88C1690A8A4E}.Release|ARM.Deploy.0 = Release|Any CPU
		{5C836B5E-7589-4DAE-AEAA-88C1690A8A4E}.Release|iPhone.ActiveCfg = Release|Any CPU
		{5C836B5E-7589-4DAE-AEAA-88C1690A8A4E}.Release|iPhone.Build.0 = Release|Any CPU
		{5C836B5E-7589-4DAE-AEAA-88C1690A8A4E}.Release|iPhone.Deploy.0 = Release|Any CPU
		{5C836B5E-7589-4DAE-AEAA-88C1690A8A4E}.Release|iPhoneSimulator.ActiveCfg = Release|Any CPU
		{5C836B5E-7589-4DAE-AEAA-88C1690A8A4E}.Release|iPhoneSimulator.Build.0 = Release|Any CPU
		{5C836B5E-7589-4DAE-AEAA-88C1690A8A4E}.Release|iPhoneSimulator.Deploy.0 = Release|Any CPU
		{5C836B5E-7589-4DAE-AEAA-88C1690A8A4E}.Release|x64.ActiveCfg = Release|Any CPU
		{5C836B5E-7589-4DAE-AEAA-88C1690A8A4E}.Release|x64.Build.0 = Release|Any CPU
		{5C836B5E-7589-4DAE-AEAA-88C1690A8A4E}.Release|x64.Deploy.0 = Release|Any CPU
		{5C836B5E-7589-4DAE-AEAA-88C1690A8A4E}.Release|x86.ActiveCfg = Release|Any CPU
		{5C836B5E-7589-4DAE-AEAA-88C1690A8A4E}.Release|x86.Build.0 = Release|Any CPU
		{5C836B5E-7589-4DAE-AEAA-88C1690A8A4E}.Release|x86.Deploy.0 = Release|Any CPU
		{DD087D50-C8FA-4FAB-BB3F-C01C50816E7D}.Ad-Hoc|Any CPU.ActiveCfg = Ad-Hoc|iPhone
		{DD087D50-C8FA-4FAB-BB3F-C01C50816E7D}.Ad-Hoc|ARM.ActiveCfg = Ad-Hoc|iPhone
		{DD087D50-C8FA-4FAB-BB3F-C01C50816E7D}.Ad-Hoc|iPhone.ActiveCfg = Ad-Hoc|iPhone
		{DD087D50-C8FA-4FAB-BB3F-C01C50816E7D}.Ad-Hoc|iPhone.Build.0 = Ad-Hoc|iPhone
		{DD087D50-C8FA-4FAB-BB3F-C01C50816E7D}.Ad-Hoc|iPhoneSimulator.ActiveCfg = Ad-Hoc|iPhoneSimulator
		{DD087D50-C8FA-4FAB-BB3F-C01C50816E7D}.Ad-Hoc|iPhoneSimulator.Build.0 = Ad-Hoc|iPhoneSimulator
		{DD087D50-C8FA-4FAB-BB3F-C01C50816E7D}.Ad-Hoc|x64.ActiveCfg = Ad-Hoc|iPhone
		{DD087D50-C8FA-4FAB-BB3F-C01C50816E7D}.Ad-Hoc|x86.ActiveCfg = Ad-Hoc|iPhone
		{DD087D50-C8FA-4FAB-BB3F-C01C50816E7D}.AppStore|Any CPU.ActiveCfg = AppStore|iPhone
		{DD087D50-C8FA-4FAB-BB3F-C01C50816E7D}.AppStore|ARM.ActiveCfg = AppStore|iPhone
		{DD087D50-C8FA-4FAB-BB3F-C01C50816E7D}.AppStore|iPhone.ActiveCfg = AppStore|iPhone
		{DD087D50-C8FA-4FAB-BB3F-C01C50816E7D}.AppStore|iPhone.Build.0 = AppStore|iPhone
		{DD087D50-C8FA-4FAB-BB3F-C01C50816E7D}.AppStore|iPhoneSimulator.ActiveCfg = AppStore|iPhoneSimulator
		{DD087D50-C8FA-4FAB-BB3F-C01C50816E7D}.AppStore|iPhoneSimulator.Build.0 = AppStore|iPhoneSimulator
		{DD087D50-C8FA-4FAB-BB3F-C01C50816E7D}.AppStore|x64.ActiveCfg = AppStore|iPhone
		{DD087D50-C8FA-4FAB-BB3F-C01C50816E7D}.AppStore|x86.ActiveCfg = AppStore|iPhone
		{DD087D50-C8FA-4FAB-BB3F-C01C50816E7D}.Debug|Any CPU.ActiveCfg = Debug|iPhone
		{DD087D50-C8FA-4FAB-BB3F-C01C50816E7D}.Debug|ARM.ActiveCfg = Debug|iPhone
		{DD087D50-C8FA-4FAB-BB3F-C01C50816E7D}.Debug|iPhone.ActiveCfg = Debug|iPhone
		{DD087D50-C8FA-4FAB-BB3F-C01C50816E7D}.Debug|iPhone.Build.0 = Debug|iPhone
		{DD087D50-C8FA-4FAB-BB3F-C01C50816E7D}.Debug|iPhoneSimulator.ActiveCfg = Debug|iPhoneSimulator
		{DD087D50-C8FA-4FAB-BB3F-C01C50816E7D}.Debug|iPhoneSimulator.Build.0 = Debug|iPhoneSimulator
		{DD087D50-C8FA-4FAB-BB3F-C01C50816E7D}.Debug|x64.ActiveCfg = Debug|iPhone
		{DD087D50-C8FA-4FAB-BB3F-C01C50816E7D}.Debug|x86.ActiveCfg = Debug|iPhone
		{DD087D50-C8FA-4FAB-BB3F-C01C50816E7D}.Release|Any CPU.ActiveCfg = Release|iPhone
		{DD087D50-C8FA-4FAB-BB3F-C01C50816E7D}.Release|ARM.ActiveCfg = Release|iPhone
		{DD087D50-C8FA-4FAB-BB3F-C01C50816E7D}.Release|iPhone.ActiveCfg = Release|iPhone
		{DD087D50-C8FA-4FAB-BB3F-C01C50816E7D}.Release|iPhone.Build.0 = Release|iPhone
		{DD087D50-C8FA-4FAB-BB3F-C01C50816E7D}.Release|iPhoneSimulator.ActiveCfg = Release|iPhoneSimulator
		{DD087D50-C8FA-4FAB-BB3F-C01C50816E7D}.Release|iPhoneSimulator.Build.0 = Release|iPhoneSimulator
		{DD087D50-C8FA-4FAB-BB3F-C01C50816E7D}.Release|x64.ActiveCfg = Release|iPhone
		{DD087D50-C8FA-4FAB-BB3F-C01C50816E7D}.Release|x86.ActiveCfg = Release|iPhone
		{89803AB0-CF9A-4BE8-A244-57BAC374AF8A}.Ad-Hoc|Any CPU.ActiveCfg = Release|Any CPU
		{89803AB0-CF9A-4BE8-A244-57BAC374AF8A}.Ad-Hoc|Any CPU.Build.0 = Release|Any CPU
		{89803AB0-CF9A-4BE8-A244-57BAC374AF8A}.Ad-Hoc|Any CPU.Deploy.0 = Release|Any CPU
		{89803AB0-CF9A-4BE8-A244-57BAC374AF8A}.Ad-Hoc|ARM.ActiveCfg = Release|ARM
		{89803AB0-CF9A-4BE8-A244-57BAC374AF8A}.Ad-Hoc|ARM.Build.0 = Release|ARM
		{89803AB0-CF9A-4BE8-A244-57BAC374AF8A}.Ad-Hoc|ARM.Deploy.0 = Release|ARM
		{89803AB0-CF9A-4BE8-A244-57BAC374AF8A}.Ad-Hoc|iPhone.ActiveCfg = Release|Any CPU
		{89803AB0-CF9A-4BE8-A244-57BAC374AF8A}.Ad-Hoc|iPhone.Build.0 = Release|Any CPU
		{89803AB0-CF9A-4BE8-A244-57BAC374AF8A}.Ad-Hoc|iPhone.Deploy.0 = Release|Any CPU
		{89803AB0-CF9A-4BE8-A244-57BAC374AF8A}.Ad-Hoc|iPhoneSimulator.ActiveCfg = Release|Any CPU
		{89803AB0-CF9A-4BE8-A244-57BAC374AF8A}.Ad-Hoc|iPhoneSimulator.Build.0 = Release|Any CPU
		{89803AB0-CF9A-4BE8-A244-57BAC374AF8A}.Ad-Hoc|iPhoneSimulator.Deploy.0 = Release|Any CPU
		{89803AB0-CF9A-4BE8-A244-57BAC374AF8A}.Ad-Hoc|x64.ActiveCfg = Release|Any CPU
		{89803AB0-CF9A-4BE8-A244-57BAC374AF8A}.Ad-Hoc|x64.Build.0 = Release|Any CPU
		{89803AB0-CF9A-4BE8-A244-57BAC374AF8A}.Ad-Hoc|x64.Deploy.0 = Release|Any CPU
		{89803AB0-CF9A-4BE8-A244-57BAC374AF8A}.Ad-Hoc|x86.ActiveCfg = Release|x86
		{89803AB0-CF9A-4BE8-A244-57BAC374AF8A}.Ad-Hoc|x86.Build.0 = Release|x86
		{89803AB0-CF9A-4BE8-A244-57BAC374AF8A}.Ad-Hoc|x86.Deploy.0 = Release|x86
		{89803AB0-CF9A-4BE8-A244-57BAC374AF8A}.AppStore|Any CPU.ActiveCfg = Release|Any CPU
		{89803AB0-CF9A-4BE8-A244-57BAC374AF8A}.AppStore|Any CPU.Build.0 = Release|Any CPU
		{89803AB0-CF9A-4BE8-A244-57BAC374AF8A}.AppStore|Any CPU.Deploy.0 = Release|Any CPU
		{89803AB0-CF9A-4BE8-A244-57BAC374AF8A}.AppStore|ARM.ActiveCfg = Release|ARM
		{89803AB0-CF9A-4BE8-A244-57BAC374AF8A}.AppStore|ARM.Build.0 = Release|ARM
		{89803AB0-CF9A-4BE8-A244-57BAC374AF8A}.AppStore|ARM.Deploy.0 = Release|ARM
		{89803AB0-CF9A-4BE8-A244-57BAC374AF8A}.AppStore|iPhone.ActiveCfg = Release|Any CPU
		{89803AB0-CF9A-4BE8-A244-57BAC374AF8A}.AppStore|iPhone.Build.0 = Release|Any CPU
		{89803AB0-CF9A-4BE8-A244-57BAC374AF8A}.AppStore|iPhone.Deploy.0 = Release|Any CPU
		{89803AB0-CF9A-4BE8-A244-57BAC374AF8A}.AppStore|iPhoneSimulator.ActiveCfg = Release|Any CPU
		{89803AB0-CF9A-4BE8-A244-57BAC374AF8A}.AppStore|iPhoneSimulator.Build.0 = Release|Any CPU
		{89803AB0-CF9A-4BE8-A244-57BAC374AF8A}.AppStore|iPhoneSimulator.Deploy.0 = Release|Any CPU
		{89803AB0-CF9A-4BE8-A244-57BAC374AF8A}.AppStore|x64.ActiveCfg = Release|Any CPU
		{89803AB0-CF9A-4BE8-A244-57BAC374AF8A}.AppStore|x64.Build.0 = Release|Any CPU
		{89803AB0-CF9A-4BE8-A244-57BAC374AF8A}.AppStore|x64.Deploy.0 = Release|Any CPU
		{89803AB0-CF9A-4BE8-A244-57BAC374AF8A}.AppStore|x86.ActiveCfg = Release|x86
		{89803AB0-CF9A-4BE8-A244-57BAC374AF8A}.AppStore|x86.Build.0 = Release|x86
		{89803AB0-CF9A-4BE8-A244-57BAC374AF8A}.AppStore|x86.Deploy.0 = Release|x86
		{89803AB0-CF9A-4BE8-A244-57BAC374AF8A}.Debug|Any CPU.ActiveCfg = Debug|Any CPU
		{89803AB0-CF9A-4BE8-A244-57BAC374AF8A}.Debug|Any CPU.Build.0 = Debug|Any CPU
		{89803AB0-CF9A-4BE8-A244-57BAC374AF8A}.Debug|Any CPU.Deploy.0 = Debug|Any CPU
		{89803AB0-CF9A-4BE8-A244-57BAC374AF8A}.Debug|ARM.ActiveCfg = Debug|ARM
		{89803AB0-CF9A-4BE8-A244-57BAC374AF8A}.Debug|ARM.Build.0 = Debug|ARM
		{89803AB0-CF9A-4BE8-A244-57BAC374AF8A}.Debug|ARM.Deploy.0 = Debug|ARM
		{89803AB0-CF9A-4BE8-A244-57BAC374AF8A}.Debug|iPhone.ActiveCfg = Debug|Any CPU
		{89803AB0-CF9A-4BE8-A244-57BAC374AF8A}.Debug|iPhone.Build.0 = Debug|Any CPU
		{89803AB0-CF9A-4BE8-A244-57BAC374AF8A}.Debug|iPhone.Deploy.0 = Debug|Any CPU
		{89803AB0-CF9A-4BE8-A244-57BAC374AF8A}.Debug|iPhoneSimulator.ActiveCfg = Debug|Any CPU
		{89803AB0-CF9A-4BE8-A244-57BAC374AF8A}.Debug|iPhoneSimulator.Build.0 = Debug|Any CPU
		{89803AB0-CF9A-4BE8-A244-57BAC374AF8A}.Debug|iPhoneSimulator.Deploy.0 = Debug|Any CPU
		{89803AB0-CF9A-4BE8-A244-57BAC374AF8A}.Debug|x64.ActiveCfg = Debug|Any CPU
		{89803AB0-CF9A-4BE8-A244-57BAC374AF8A}.Debug|x64.Build.0 = Debug|Any CPU
		{89803AB0-CF9A-4BE8-A244-57BAC374AF8A}.Debug|x64.Deploy.0 = Debug|Any CPU
		{89803AB0-CF9A-4BE8-A244-57BAC374AF8A}.Debug|x86.ActiveCfg = Debug|x86
		{89803AB0-CF9A-4BE8-A244-57BAC374AF8A}.Debug|x86.Build.0 = Debug|x86
		{89803AB0-CF9A-4BE8-A244-57BAC374AF8A}.Debug|x86.Deploy.0 = Debug|x86
		{89803AB0-CF9A-4BE8-A244-57BAC374AF8A}.Release|Any CPU.ActiveCfg = Release|Any CPU
		{89803AB0-CF9A-4BE8-A244-57BAC374AF8A}.Release|Any CPU.Build.0 = Release|Any CPU
		{89803AB0-CF9A-4BE8-A244-57BAC374AF8A}.Release|Any CPU.Deploy.0 = Release|Any CPU
		{89803AB0-CF9A-4BE8-A244-57BAC374AF8A}.Release|ARM.ActiveCfg = Release|ARM
		{89803AB0-CF9A-4BE8-A244-57BAC374AF8A}.Release|ARM.Build.0 = Release|ARM
		{89803AB0-CF9A-4BE8-A244-57BAC374AF8A}.Release|ARM.Deploy.0 = Release|ARM
		{89803AB0-CF9A-4BE8-A244-57BAC374AF8A}.Release|iPhone.ActiveCfg = Release|Any CPU
		{89803AB0-CF9A-4BE8-A244-57BAC374AF8A}.Release|iPhone.Build.0 = Release|Any CPU
		{89803AB0-CF9A-4BE8-A244-57BAC374AF8A}.Release|iPhone.Deploy.0 = Release|Any CPU
		{89803AB0-CF9A-4BE8-A244-57BAC374AF8A}.Release|iPhoneSimulator.ActiveCfg = Release|Any CPU
		{89803AB0-CF9A-4BE8-A244-57BAC374AF8A}.Release|iPhoneSimulator.Build.0 = Release|Any CPU
		{89803AB0-CF9A-4BE8-A244-57BAC374AF8A}.Release|iPhoneSimulator.Deploy.0 = Release|Any CPU
		{89803AB0-CF9A-4BE8-A244-57BAC374AF8A}.Release|x64.ActiveCfg = Release|Any CPU
		{89803AB0-CF9A-4BE8-A244-57BAC374AF8A}.Release|x64.Build.0 = Release|Any CPU
		{89803AB0-CF9A-4BE8-A244-57BAC374AF8A}.Release|x64.Deploy.0 = Release|Any CPU
		{89803AB0-CF9A-4BE8-A244-57BAC374AF8A}.Release|x86.ActiveCfg = Release|x86
		{89803AB0-CF9A-4BE8-A244-57BAC374AF8A}.Release|x86.Build.0 = Release|x86
		{89803AB0-CF9A-4BE8-A244-57BAC374AF8A}.Release|x86.Deploy.0 = Release|x86
		{2352CFD8-653D-406C-A3B9-7D0A4A45D4C5}.Ad-Hoc|Any CPU.ActiveCfg = Release|x86
		{2352CFD8-653D-406C-A3B9-7D0A4A45D4C5}.Ad-Hoc|Any CPU.Build.0 = Release|x86
		{2352CFD8-653D-406C-A3B9-7D0A4A45D4C5}.Ad-Hoc|Any CPU.Deploy.0 = Release|x86
		{2352CFD8-653D-406C-A3B9-7D0A4A45D4C5}.Ad-Hoc|ARM.ActiveCfg = Release|ARM
		{2352CFD8-653D-406C-A3B9-7D0A4A45D4C5}.Ad-Hoc|ARM.Build.0 = Release|ARM
		{2352CFD8-653D-406C-A3B9-7D0A4A45D4C5}.Ad-Hoc|ARM.Deploy.0 = Release|ARM
		{2352CFD8-653D-406C-A3B9-7D0A4A45D4C5}.Ad-Hoc|iPhone.ActiveCfg = Release|x86
		{2352CFD8-653D-406C-A3B9-7D0A4A45D4C5}.Ad-Hoc|iPhone.Build.0 = Release|x86
		{2352CFD8-653D-406C-A3B9-7D0A4A45D4C5}.Ad-Hoc|iPhone.Deploy.0 = Release|x86
		{2352CFD8-653D-406C-A3B9-7D0A4A45D4C5}.Ad-Hoc|iPhoneSimulator.ActiveCfg = Release|x86
		{2352CFD8-653D-406C-A3B9-7D0A4A45D4C5}.Ad-Hoc|iPhoneSimulator.Build.0 = Release|x86
		{2352CFD8-653D-406C-A3B9-7D0A4A45D4C5}.Ad-Hoc|iPhoneSimulator.Deploy.0 = Release|x86
		{2352CFD8-653D-406C-A3B9-7D0A4A45D4C5}.Ad-Hoc|x64.ActiveCfg = Release|x64
		{2352CFD8-653D-406C-A3B9-7D0A4A45D4C5}.Ad-Hoc|x64.Build.0 = Release|x64
		{2352CFD8-653D-406C-A3B9-7D0A4A45D4C5}.Ad-Hoc|x64.Deploy.0 = Release|x64
		{2352CFD8-653D-406C-A3B9-7D0A4A45D4C5}.Ad-Hoc|x86.ActiveCfg = Release|x86
		{2352CFD8-653D-406C-A3B9-7D0A4A45D4C5}.Ad-Hoc|x86.Build.0 = Release|x86
		{2352CFD8-653D-406C-A3B9-7D0A4A45D4C5}.Ad-Hoc|x86.Deploy.0 = Release|x86
		{2352CFD8-653D-406C-A3B9-7D0A4A45D4C5}.AppStore|Any CPU.ActiveCfg = Release|x86
		{2352CFD8-653D-406C-A3B9-7D0A4A45D4C5}.AppStore|Any CPU.Build.0 = Release|x86
		{2352CFD8-653D-406C-A3B9-7D0A4A45D4C5}.AppStore|Any CPU.Deploy.0 = Release|x86
		{2352CFD8-653D-406C-A3B9-7D0A4A45D4C5}.AppStore|ARM.ActiveCfg = Release|ARM
		{2352CFD8-653D-406C-A3B9-7D0A4A45D4C5}.AppStore|ARM.Build.0 = Release|ARM
		{2352CFD8-653D-406C-A3B9-7D0A4A45D4C5}.AppStore|ARM.Deploy.0 = Release|ARM
		{2352CFD8-653D-406C-A3B9-7D0A4A45D4C5}.AppStore|iPhone.ActiveCfg = Release|x86
		{2352CFD8-653D-406C-A3B9-7D0A4A45D4C5}.AppStore|iPhone.Build.0 = Release|x86
		{2352CFD8-653D-406C-A3B9-7D0A4A45D4C5}.AppStore|iPhone.Deploy.0 = Release|x86
		{2352CFD8-653D-406C-A3B9-7D0A4A45D4C5}.AppStore|iPhoneSimulator.ActiveCfg = Release|x86
		{2352CFD8-653D-406C-A3B9-7D0A4A45D4C5}.AppStore|iPhoneSimulator.Build.0 = Release|x86
		{2352CFD8-653D-406C-A3B9-7D0A4A45D4C5}.AppStore|iPhoneSimulator.Deploy.0 = Release|x86
		{2352CFD8-653D-406C-A3B9-7D0A4A45D4C5}.AppStore|x64.ActiveCfg = Release|x64
		{2352CFD8-653D-406C-A3B9-7D0A4A45D4C5}.AppStore|x64.Build.0 = Release|x64
		{2352CFD8-653D-406C-A3B9-7D0A4A45D4C5}.AppStore|x64.Deploy.0 = Release|x64
		{2352CFD8-653D-406C-A3B9-7D0A4A45D4C5}.AppStore|x86.ActiveCfg = Release|x86
		{2352CFD8-653D-406C-A3B9-7D0A4A45D4C5}.AppStore|x86.Build.0 = Release|x86
		{2352CFD8-653D-406C-A3B9-7D0A4A45D4C5}.AppStore|x86.Deploy.0 = Release|x86
		{2352CFD8-653D-406C-A3B9-7D0A4A45D4C5}.Debug|Any CPU.ActiveCfg = Debug|x86
		{2352CFD8-653D-406C-A3B9-7D0A4A45D4C5}.Debug|ARM.ActiveCfg = Debug|ARM
		{2352CFD8-653D-406C-A3B9-7D0A4A45D4C5}.Debug|ARM.Build.0 = Debug|ARM
		{2352CFD8-653D-406C-A3B9-7D0A4A45D4C5}.Debug|ARM.Deploy.0 = Debug|ARM
		{2352CFD8-653D-406C-A3B9-7D0A4A45D4C5}.Debug|iPhone.ActiveCfg = Debug|x86
		{2352CFD8-653D-406C-A3B9-7D0A4A45D4C5}.Debug|iPhoneSimulator.ActiveCfg = Debug|x86
		{2352CFD8-653D-406C-A3B9-7D0A4A45D4C5}.Debug|x64.ActiveCfg = Debug|x64
		{2352CFD8-653D-406C-A3B9-7D0A4A45D4C5}.Debug|x64.Build.0 = Debug|x64
		{2352CFD8-653D-406C-A3B9-7D0A4A45D4C5}.Debug|x64.Deploy.0 = Debug|x64
		{2352CFD8-653D-406C-A3B9-7D0A4A45D4C5}.Debug|x86.ActiveCfg = Debug|x86
		{2352CFD8-653D-406C-A3B9-7D0A4A45D4C5}.Debug|x86.Build.0 = Debug|x86
		{2352CFD8-653D-406C-A3B9-7D0A4A45D4C5}.Debug|x86.Deploy.0 = Debug|x86
		{2352CFD8-653D-406C-A3B9-7D0A4A45D4C5}.Release|Any CPU.ActiveCfg = Release|x86
		{2352CFD8-653D-406C-A3B9-7D0A4A45D4C5}.Release|ARM.ActiveCfg = Release|ARM
		{2352CFD8-653D-406C-A3B9-7D0A4A45D4C5}.Release|ARM.Build.0 = Release|ARM
		{2352CFD8-653D-406C-A3B9-7D0A4A45D4C5}.Release|ARM.Deploy.0 = Release|ARM
		{2352CFD8-653D-406C-A3B9-7D0A4A45D4C5}.Release|iPhone.ActiveCfg = Release|x86
		{2352CFD8-653D-406C-A3B9-7D0A4A45D4C5}.Release|iPhoneSimulator.ActiveCfg = Release|x86
		{2352CFD8-653D-406C-A3B9-7D0A4A45D4C5}.Release|x64.ActiveCfg = Release|x64
		{2352CFD8-653D-406C-A3B9-7D0A4A45D4C5}.Release|x64.Build.0 = Release|x64
		{2352CFD8-653D-406C-A3B9-7D0A4A45D4C5}.Release|x64.Deploy.0 = Release|x64
		{2352CFD8-653D-406C-A3B9-7D0A4A45D4C5}.Release|x86.ActiveCfg = Release|x86
		{2352CFD8-653D-406C-A3B9-7D0A4A45D4C5}.Release|x86.Build.0 = Release|x86
		{2352CFD8-653D-406C-A3B9-7D0A4A45D4C5}.Release|x86.Deploy.0 = Release|x86
		{14838A64-0A5D-4C09-A68D-AFC3DCEF13E5}.Ad-Hoc|Any CPU.ActiveCfg = Release|Any CPU
		{14838A64-0A5D-4C09-A68D-AFC3DCEF13E5}.Ad-Hoc|Any CPU.Build.0 = Release|Any CPU
		{14838A64-0A5D-4C09-A68D-AFC3DCEF13E5}.Ad-Hoc|Any CPU.Deploy.0 = Release|Any CPU
		{14838A64-0A5D-4C09-A68D-AFC3DCEF13E5}.Ad-Hoc|ARM.ActiveCfg = Release|ARM
		{14838A64-0A5D-4C09-A68D-AFC3DCEF13E5}.Ad-Hoc|ARM.Build.0 = Release|ARM
		{14838A64-0A5D-4C09-A68D-AFC3DCEF13E5}.Ad-Hoc|ARM.Deploy.0 = Release|ARM
		{14838A64-0A5D-4C09-A68D-AFC3DCEF13E5}.Ad-Hoc|iPhone.ActiveCfg = Release|Any CPU
		{14838A64-0A5D-4C09-A68D-AFC3DCEF13E5}.Ad-Hoc|iPhone.Build.0 = Release|Any CPU
		{14838A64-0A5D-4C09-A68D-AFC3DCEF13E5}.Ad-Hoc|iPhone.Deploy.0 = Release|Any CPU
		{14838A64-0A5D-4C09-A68D-AFC3DCEF13E5}.Ad-Hoc|iPhoneSimulator.ActiveCfg = Release|Any CPU
		{14838A64-0A5D-4C09-A68D-AFC3DCEF13E5}.Ad-Hoc|iPhoneSimulator.Build.0 = Release|Any CPU
		{14838A64-0A5D-4C09-A68D-AFC3DCEF13E5}.Ad-Hoc|iPhoneSimulator.Deploy.0 = Release|Any CPU
		{14838A64-0A5D-4C09-A68D-AFC3DCEF13E5}.Ad-Hoc|x64.ActiveCfg = Release|x64
		{14838A64-0A5D-4C09-A68D-AFC3DCEF13E5}.Ad-Hoc|x64.Build.0 = Release|x64
		{14838A64-0A5D-4C09-A68D-AFC3DCEF13E5}.Ad-Hoc|x64.Deploy.0 = Release|x64
		{14838A64-0A5D-4C09-A68D-AFC3DCEF13E5}.Ad-Hoc|x86.ActiveCfg = Release|x86
		{14838A64-0A5D-4C09-A68D-AFC3DCEF13E5}.Ad-Hoc|x86.Build.0 = Release|x86
		{14838A64-0A5D-4C09-A68D-AFC3DCEF13E5}.Ad-Hoc|x86.Deploy.0 = Release|x86
		{14838A64-0A5D-4C09-A68D-AFC3DCEF13E5}.AppStore|Any CPU.ActiveCfg = Release|Any CPU
		{14838A64-0A5D-4C09-A68D-AFC3DCEF13E5}.AppStore|Any CPU.Build.0 = Release|Any CPU
		{14838A64-0A5D-4C09-A68D-AFC3DCEF13E5}.AppStore|Any CPU.Deploy.0 = Release|Any CPU
		{14838A64-0A5D-4C09-A68D-AFC3DCEF13E5}.AppStore|ARM.ActiveCfg = Release|ARM
		{14838A64-0A5D-4C09-A68D-AFC3DCEF13E5}.AppStore|ARM.Build.0 = Release|ARM
		{14838A64-0A5D-4C09-A68D-AFC3DCEF13E5}.AppStore|ARM.Deploy.0 = Release|ARM
		{14838A64-0A5D-4C09-A68D-AFC3DCEF13E5}.AppStore|iPhone.ActiveCfg = Release|Any CPU
		{14838A64-0A5D-4C09-A68D-AFC3DCEF13E5}.AppStore|iPhone.Build.0 = Release|Any CPU
		{14838A64-0A5D-4C09-A68D-AFC3DCEF13E5}.AppStore|iPhone.Deploy.0 = Release|Any CPU
		{14838A64-0A5D-4C09-A68D-AFC3DCEF13E5}.AppStore|iPhoneSimulator.ActiveCfg = Release|Any CPU
		{14838A64-0A5D-4C09-A68D-AFC3DCEF13E5}.AppStore|iPhoneSimulator.Build.0 = Release|Any CPU
		{14838A64-0A5D-4C09-A68D-AFC3DCEF13E5}.AppStore|iPhoneSimulator.Deploy.0 = Release|Any CPU
		{14838A64-0A5D-4C09-A68D-AFC3DCEF13E5}.AppStore|x64.ActiveCfg = Release|x64
		{14838A64-0A5D-4C09-A68D-AFC3DCEF13E5}.AppStore|x64.Build.0 = Release|x64
		{14838A64-0A5D-4C09-A68D-AFC3DCEF13E5}.AppStore|x64.Deploy.0 = Release|x64
		{14838A64-0A5D-4C09-A68D-AFC3DCEF13E5}.AppStore|x86.ActiveCfg = Release|x86
		{14838A64-0A5D-4C09-A68D-AFC3DCEF13E5}.AppStore|x86.Build.0 = Release|x86
		{14838A64-0A5D-4C09-A68D-AFC3DCEF13E5}.AppStore|x86.Deploy.0 = Release|x86
		{14838A64-0A5D-4C09-A68D-AFC3DCEF13E5}.Debug|Any CPU.ActiveCfg = Debug|Any CPU
		{14838A64-0A5D-4C09-A68D-AFC3DCEF13E5}.Debug|Any CPU.Build.0 = Debug|Any CPU
		{14838A64-0A5D-4C09-A68D-AFC3DCEF13E5}.Debug|Any CPU.Deploy.0 = Debug|Any CPU
		{14838A64-0A5D-4C09-A68D-AFC3DCEF13E5}.Debug|ARM.ActiveCfg = Debug|ARM
		{14838A64-0A5D-4C09-A68D-AFC3DCEF13E5}.Debug|ARM.Build.0 = Debug|ARM
		{14838A64-0A5D-4C09-A68D-AFC3DCEF13E5}.Debug|ARM.Deploy.0 = Debug|ARM
		{14838A64-0A5D-4C09-A68D-AFC3DCEF13E5}.Debug|iPhone.ActiveCfg = Debug|Any CPU
		{14838A64-0A5D-4C09-A68D-AFC3DCEF13E5}.Debug|iPhone.Build.0 = Debug|Any CPU
		{14838A64-0A5D-4C09-A68D-AFC3DCEF13E5}.Debug|iPhone.Deploy.0 = Debug|Any CPU
		{14838A64-0A5D-4C09-A68D-AFC3DCEF13E5}.Debug|iPhoneSimulator.ActiveCfg = Debug|Any CPU
		{14838A64-0A5D-4C09-A68D-AFC3DCEF13E5}.Debug|iPhoneSimulator.Build.0 = Debug|Any CPU
		{14838A64-0A5D-4C09-A68D-AFC3DCEF13E5}.Debug|iPhoneSimulator.Deploy.0 = Debug|Any CPU
		{14838A64-0A5D-4C09-A68D-AFC3DCEF13E5}.Debug|x64.ActiveCfg = Debug|x64
		{14838A64-0A5D-4C09-A68D-AFC3DCEF13E5}.Debug|x64.Build.0 = Debug|x64
		{14838A64-0A5D-4C09-A68D-AFC3DCEF13E5}.Debug|x64.Deploy.0 = Debug|x64
		{14838A64-0A5D-4C09-A68D-AFC3DCEF13E5}.Debug|x86.ActiveCfg = Debug|x86
		{14838A64-0A5D-4C09-A68D-AFC3DCEF13E5}.Debug|x86.Build.0 = Debug|x86
		{14838A64-0A5D-4C09-A68D-AFC3DCEF13E5}.Debug|x86.Deploy.0 = Debug|x86
		{14838A64-0A5D-4C09-A68D-AFC3DCEF13E5}.Release|Any CPU.ActiveCfg = Release|Any CPU
		{14838A64-0A5D-4C09-A68D-AFC3DCEF13E5}.Release|Any CPU.Build.0 = Release|Any CPU
		{14838A64-0A5D-4C09-A68D-AFC3DCEF13E5}.Release|Any CPU.Deploy.0 = Release|Any CPU
		{14838A64-0A5D-4C09-A68D-AFC3DCEF13E5}.Release|ARM.ActiveCfg = Release|ARM
		{14838A64-0A5D-4C09-A68D-AFC3DCEF13E5}.Release|ARM.Build.0 = Release|ARM
		{14838A64-0A5D-4C09-A68D-AFC3DCEF13E5}.Release|ARM.Deploy.0 = Release|ARM
		{14838A64-0A5D-4C09-A68D-AFC3DCEF13E5}.Release|iPhone.ActiveCfg = Release|Any CPU
		{14838A64-0A5D-4C09-A68D-AFC3DCEF13E5}.Release|iPhone.Build.0 = Release|Any CPU
		{14838A64-0A5D-4C09-A68D-AFC3DCEF13E5}.Release|iPhone.Deploy.0 = Release|Any CPU
		{14838A64-0A5D-4C09-A68D-AFC3DCEF13E5}.Release|iPhoneSimulator.ActiveCfg = Release|Any CPU
		{14838A64-0A5D-4C09-A68D-AFC3DCEF13E5}.Release|iPhoneSimulator.Build.0 = Release|Any CPU
		{14838A64-0A5D-4C09-A68D-AFC3DCEF13E5}.Release|iPhoneSimulator.Deploy.0 = Release|Any CPU
		{14838A64-0A5D-4C09-A68D-AFC3DCEF13E5}.Release|x64.ActiveCfg = Release|x64
		{14838A64-0A5D-4C09-A68D-AFC3DCEF13E5}.Release|x64.Build.0 = Release|x64
		{14838A64-0A5D-4C09-A68D-AFC3DCEF13E5}.Release|x64.Deploy.0 = Release|x64
		{14838A64-0A5D-4C09-A68D-AFC3DCEF13E5}.Release|x86.ActiveCfg = Release|x86
		{14838A64-0A5D-4C09-A68D-AFC3DCEF13E5}.Release|x86.Build.0 = Release|x86
		{14838A64-0A5D-4C09-A68D-AFC3DCEF13E5}.Release|x86.Deploy.0 = Release|x86
	EndGlobalSection
	GlobalSection(SolutionProperties) = preSolution
		HideSolutionNode = FALSE
	EndGlobalSection
EndGlobal
