
Microsoft Visual Studio Solution File, Format Version 12.00
# Visual Studio 14
VisualStudioVersion = 14.0.25420.1
MinimumVisualStudioVersion = 10.0.40219.1
Project("{FAE04EC0-301F-11D3-BF4B-00C04F79EFBC}") = "Customers", "Customers\Customers\Customers.csproj", "{FC51CA8A-2706-481D-A99E-010864B9C61F}"
EndProject
Project("{FAE04EC0-301F-11D3-BF4B-00C04F79EFBC}") = "Customers.Droid", "Customers\Customers.Droid\Customers.Droid.csproj", "{E034C79B-57A5-423A-813D-57136C22D8B5}"
EndProject
Project("{FAE04EC0-301F-11D3-BF4B-00C04F79EFBC}") = "Customers.iOS", "Customers\Customers.iOS\Customers.iOS.csproj", "{1C9E4ECA-BC0B-4571-AE4A-610B89EADAC9}"
EndProject
Project("{FAE04EC0-301F-11D3-BF4B-00C04F79EFBC}") = "Customers.WinPhone", "Customers\Customers.WinPhone\Customers.WinPhone.csproj", "{D4B1A52E-B9FA-4C16-A419-A91B7437AA98}"
EndProject
Project("{FAE04EC0-301F-11D3-BF4B-00C04F79EFBC}") = "Customers.UWP", "Customers\Customers.UWP\Customers.UWP.csproj", "{96E8DA26-BCE7-46E5-963D-F03E3E5D7E13}"
EndProject
Project("{FAE04EC0-301F-11D3-BF4B-00C04F79EFBC}") = "Customers.Windows", "Customers\Customers.Windows\Customers.Windows.csproj", "{F7E0D79E-9FBF-4BE5-9BB4-34B768FB0BC7}"
EndProject
Global
	GlobalSection(SolutionConfigurationPlatforms) = preSolution
		Ad-Hoc|Any CPU = Ad-Hoc|Any CPU
		Ad-Hoc|ARM = Ad-Hoc|ARM
		Ad-Hoc|iPhone = Ad-Hoc|iPhone
		Ad-Hoc|iPhoneSimulator = Ad-Hoc|iPhoneSimulator
		Ad-Hoc|x64 = Ad-Hoc|x64
		Ad-Hoc|x86 = Ad-Hoc|x86
		AppStore|Any CPU = AppStore|Any CPU
		AppStore|ARM = AppStore|ARM
		AppStore|iPhone = AppStore|iPhone
		AppStore|iPhoneSimulator = AppStore|iPhoneSimulator
		AppStore|x64 = AppStore|x64
		AppStore|x86 = AppStore|x86
		Debug|Any CPU = Debug|Any CPU
		Debug|ARM = Debug|ARM
		Debug|iPhone = Debug|iPhone
		Debug|iPhoneSimulator = Debug|iPhoneSimulator
		Debug|x64 = Debug|x64
		Debug|x86 = Debug|x86
		Release|Any CPU = Release|Any CPU
		Release|ARM = Release|ARM
		Release|iPhone = Release|iPhone
		Release|iPhoneSimulator = Release|iPhoneSimulator
		Release|x64 = Release|x64
		Release|x86 = Release|x86
	EndGlobalSection
	GlobalSection(ProjectConfigurationPlatforms) = postSolution
		{FC51CA8A-2706-481D-A99E-010864B9C61F}.Ad-Hoc|Any CPU.ActiveCfg = Release|Any CPU
		{FC51CA8A-2706-481D-A99E-010864B9C61F}.Ad-Hoc|Any CPU.Build.0 = Release|Any CPU
		{FC51CA8A-2706-481D-A99E-010864B9C61F}.Ad-Hoc|ARM.ActiveCfg = Release|Any CPU
		{FC51CA8A-2706-481D-A99E-010864B9C61F}.Ad-Hoc|ARM.Build.0 = Release|Any CPU
		{FC51CA8A-2706-481D-A99E-010864B9C61F}.Ad-Hoc|iPhone.ActiveCfg = Release|Any CPU
		{FC51CA8A-2706-481D-A99E-010864B9C61F}.Ad-Hoc|iPhone.Build.0 = Release|Any CPU
		{FC51CA8A-2706-481D-A99E-010864B9C61F}.Ad-Hoc|iPhoneSimulator.ActiveCfg = Release|Any CPU
		{FC51CA8A-2706-481D-A99E-010864B9C61F}.Ad-Hoc|iPhoneSimulator.Build.0 = Release|Any CPU
		{FC51CA8A-2706-481D-A99E-010864B9C61F}.Ad-Hoc|x64.ActiveCfg = Release|Any CPU
		{FC51CA8A-2706-481D-A99E-010864B9C61F}.Ad-Hoc|x64.Build.0 = Release|Any CPU
		{FC51CA8A-2706-481D-A99E-010864B9C61F}.Ad-Hoc|x86.ActiveCfg = Release|Any CPU
		{FC51CA8A-2706-481D-A99E-010864B9C61F}.Ad-Hoc|x86.Build.0 = Release|Any CPU
		{FC51CA8A-2706-481D-A99E-010864B9C61F}.AppStore|Any CPU.ActiveCfg = Release|Any CPU
		{FC51CA8A-2706-481D-A99E-010864B9C61F}.AppStore|Any CPU.Build.0 = Release|Any CPU
		{FC51CA8A-2706-481D-A99E-010864B9C61F}.AppStore|ARM.ActiveCfg = Release|Any CPU
		{FC51CA8A-2706-481D-A99E-010864B9C61F}.AppStore|ARM.Build.0 = Release|Any CPU
		{FC51CA8A-2706-481D-A99E-010864B9C61F}.AppStore|iPhone.ActiveCfg = Release|Any CPU
		{FC51CA8A-2706-481D-A99E-010864B9C61F}.AppStore|iPhone.Build.0 = Release|Any CPU
		{FC51CA8A-2706-481D-A99E-010864B9C61F}.AppStore|iPhoneSimulator.ActiveCfg = Release|Any CPU
		{FC51CA8A-2706-481D-A99E-010864B9C61F}.AppStore|iPhoneSimulator.Build.0 = Release|Any CPU
		{FC51CA8A-2706-481D-A99E-010864B9C61F}.AppStore|x64.ActiveCfg = Release|Any CPU
		{FC51CA8A-2706-481D-A99E-010864B9C61F}.AppStore|x64.Build.0 = Release|Any CPU
		{FC51CA8A-2706-481D-A99E-010864B9C61F}.AppStore|x86.ActiveCfg = Release|Any CPU
		{FC51CA8A-2706-481D-A99E-010864B9C61F}.AppStore|x86.Build.0 = Release|Any CPU
		{FC51CA8A-2706-481D-A99E-010864B9C61F}.Debug|Any CPU.ActiveCfg = Debug|Any CPU
		{FC51CA8A-2706-481D-A99E-010864B9C61F}.Debug|Any CPU.Build.0 = Debug|Any CPU
		{FC51CA8A-2706-481D-A99E-010864B9C61F}.Debug|ARM.ActiveCfg = Debug|Any CPU
		{FC51CA8A-2706-481D-A99E-010864B9C61F}.Debug|ARM.Build.0 = Debug|Any CPU
		{FC51CA8A-2706-481D-A99E-010864B9C61F}.Debug|iPhone.ActiveCfg = Debug|Any CPU
		{FC51CA8A-2706-481D-A99E-010864B9C61F}.Debug|iPhone.Build.0 = Debug|Any CPU
		{FC51CA8A-2706-481D-A99E-010864B9C61F}.Debug|iPhoneSimulator.ActiveCfg = Debug|Any CPU
		{FC51CA8A-2706-481D-A99E-010864B9C61F}.Debug|iPhoneSimulator.Build.0 = Debug|Any CPU
		{FC51CA8A-2706-481D-A99E-010864B9C61F}.Debug|x64.ActiveCfg = Debug|Any CPU
		{FC51CA8A-2706-481D-A99E-010864B9C61F}.Debug|x64.Build.0 = Debug|Any CPU
		{FC51CA8A-2706-481D-A99E-010864B9C61F}.Debug|x86.ActiveCfg = Debug|Any CPU
		{FC51CA8A-2706-481D-A99E-010864B9C61F}.Debug|x86.Build.0 = Debug|Any CPU
		{FC51CA8A-2706-481D-A99E-010864B9C61F}.Release|Any CPU.ActiveCfg = Release|Any CPU
		{FC51CA8A-2706-481D-A99E-010864B9C61F}.Release|Any CPU.Build.0 = Release|Any CPU
		{FC51CA8A-2706-481D-A99E-010864B9C61F}.Release|ARM.ActiveCfg = Release|Any CPU
		{FC51CA8A-2706-481D-A99E-010864B9C61F}.Release|ARM.Build.0 = Release|Any CPU
		{FC51CA8A-2706-481D-A99E-010864B9C61F}.Release|iPhone.ActiveCfg = Release|Any CPU
		{FC51CA8A-2706-481D-A99E-010864B9C61F}.Release|iPhone.Build.0 = Release|Any CPU
		{FC51CA8A-2706-481D-A99E-010864B9C61F}.Release|iPhoneSimulator.ActiveCfg = Release|Any CPU
		{FC51CA8A-2706-481D-A99E-010864B9C61F}.Release|iPhoneSimulator.Build.0 = Release|Any CPU
		{FC51CA8A-2706-481D-A99E-010864B9C61F}.Release|x64.ActiveCfg = Release|Any CPU
		{FC51CA8A-2706-481D-A99E-010864B9C61F}.Release|x64.Build.0 = Release|Any CPU
		{FC51CA8A-2706-481D-A99E-010864B9C61F}.Release|x86.ActiveCfg = Release|Any CPU
		{FC51CA8A-2706-481D-A99E-010864B9C61F}.Release|x86.Build.0 = Release|Any CPU
		{E034C79B-57A5-423A-813D-57136C22D8B5}.Ad-Hoc|Any CPU.ActiveCfg = Release|Any CPU
		{E034C79B-57A5-423A-813D-57136C22D8B5}.Ad-Hoc|Any CPU.Build.0 = Release|Any CPU
		{E034C79B-57A5-423A-813D-57136C22D8B5}.Ad-Hoc|Any CPU.Deploy.0 = Release|Any CPU
		{E034C79B-57A5-423A-813D-57136C22D8B5}.Ad-Hoc|ARM.ActiveCfg = Release|Any CPU
		{E034C79B-57A5-423A-813D-57136C22D8B5}.Ad-Hoc|ARM.Build.0 = Release|Any CPU
		{E034C79B-57A5-423A-813D-57136C22D8B5}.Ad-Hoc|ARM.Deploy.0 = Release|Any CPU
		{E034C79B-57A5-423A-813D-57136C22D8B5}.Ad-Hoc|iPhone.ActiveCfg = Release|Any CPU
		{E034C79B-57A5-423A-813D-57136C22D8B5}.Ad-Hoc|iPhone.Build.0 = Release|Any CPU
		{E034C79B-57A5-423A-813D-57136C22D8B5}.Ad-Hoc|iPhone.Deploy.0 = Release|Any CPU
		{E034C79B-57A5-423A-813D-57136C22D8B5}.Ad-Hoc|iPhoneSimulator.ActiveCfg = Release|Any CPU
		{E034C79B-57A5-423A-813D-57136C22D8B5}.Ad-Hoc|iPhoneSimulator.Build.0 = Release|Any CPU
		{E034C79B-57A5-423A-813D-57136C22D8B5}.Ad-Hoc|iPhoneSimulator.Deploy.0 = Release|Any CPU
		{E034C79B-57A5-423A-813D-57136C22D8B5}.Ad-Hoc|x64.ActiveCfg = Release|Any CPU
		{E034C79B-57A5-423A-813D-57136C22D8B5}.Ad-Hoc|x64.Build.0 = Release|Any CPU
		{E034C79B-57A5-423A-813D-57136C22D8B5}.Ad-Hoc|x64.Deploy.0 = Release|Any CPU
		{E034C79B-57A5-423A-813D-57136C22D8B5}.Ad-Hoc|x86.ActiveCfg = Release|Any CPU
		{E034C79B-57A5-423A-813D-57136C22D8B5}.Ad-Hoc|x86.Build.0 = Release|Any CPU
		{E034C79B-57A5-423A-813D-57136C22D8B5}.Ad-Hoc|x86.Deploy.0 = Release|Any CPU
		{E034C79B-57A5-423A-813D-57136C22D8B5}.AppStore|Any CPU.ActiveCfg = Release|Any CPU
		{E034C79B-57A5-423A-813D-57136C22D8B5}.AppStore|Any CPU.Build.0 = Release|Any CPU
		{E034C79B-57A5-423A-813D-57136C22D8B5}.AppStore|Any CPU.Deploy.0 = Release|Any CPU
		{E034C79B-57A5-423A-813D-57136C22D8B5}.AppStore|ARM.ActiveCfg = Release|Any CPU
		{E034C79B-57A5-423A-813D-57136C22D8B5}.AppStore|ARM.Build.0 = Release|Any CPU
		{E034C79B-57A5-423A-813D-57136C22D8B5}.AppStore|ARM.Deploy.0 = Release|Any CPU
		{E034C79B-57A5-423A-813D-57136C22D8B5}.AppStore|iPhone.ActiveCfg = Release|Any CPU
		{E034C79B-57A5-423A-813D-57136C22D8B5}.AppStore|iPhone.Build.0 = Release|Any CPU
		{E034C79B-57A5-423A-813D-57136C22D8B5}.AppStore|iPhone.Deploy.0 = Release|Any CPU
		{E034C79B-57A5-423A-813D-57136C22D8B5}.AppStore|iPhoneSimulator.ActiveCfg = Release|Any CPU
		{E034C79B-57A5-423A-813D-57136C22D8B5}.AppStore|iPhoneSimulator.Build.0 = Release|Any CPU
		{E034C79B-57A5-423A-813D-57136C22D8B5}.AppStore|iPhoneSimulator.Deploy.0 = Release|Any CPU
		{E034C79B-57A5-423A-813D-57136C22D8B5}.AppStore|x64.ActiveCfg = Release|Any CPU
		{E034C79B-57A5-423A-813D-57136C22D8B5}.AppStore|x64.Build.0 = Release|Any CPU
		{E034C79B-57A5-423A-813D-57136C22D8B5}.AppStore|x64.Deploy.0 = Release|Any CPU
		{E034C79B-57A5-423A-813D-57136C22D8B5}.AppStore|x86.ActiveCfg = Release|Any CPU
		{E034C79B-57A5-423A-813D-57136C22D8B5}.AppStore|x86.Build.0 = Release|Any CPU
		{E034C79B-57A5-423A-813D-57136C22D8B5}.AppStore|x86.Deploy.0 = Release|Any CPU
		{E034C79B-57A5-423A-813D-57136C22D8B5}.Debug|Any CPU.ActiveCfg = Debug|Any CPU
		{E034C79B-57A5-423A-813D-57136C22D8B5}.Debug|Any CPU.Build.0 = Debug|Any CPU
		{E034C79B-57A5-423A-813D-57136C22D8B5}.Debug|Any CPU.Deploy.0 = Debug|Any CPU
		{E034C79B-57A5-423A-813D-57136C22D8B5}.Debug|ARM.ActiveCfg = Debug|Any CPU
		{E034C79B-57A5-423A-813D-57136C22D8B5}.Debug|ARM.Build.0 = Debug|Any CPU
		{E034C79B-57A5-423A-813D-57136C22D8B5}.Debug|ARM.Deploy.0 = Debug|Any CPU
		{E034C79B-57A5-423A-813D-57136C22D8B5}.Debug|iPhone.ActiveCfg = Debug|Any CPU
		{E034C79B-57A5-423A-813D-57136C22D8B5}.Debug|iPhone.Build.0 = Debug|Any CPU
		{E034C79B-57A5-423A-813D-57136C22D8B5}.Debug|iPhone.Deploy.0 = Debug|Any CPU
		{E034C79B-57A5-423A-813D-57136C22D8B5}.Debug|iPhoneSimulator.ActiveCfg = Debug|Any CPU
		{E034C79B-57A5-423A-813D-57136C22D8B5}.Debug|iPhoneSimulator.Build.0 = Debug|Any CPU
		{E034C79B-57A5-423A-813D-57136C22D8B5}.Debug|iPhoneSimulator.Deploy.0 = Debug|Any CPU
		{E034C79B-57A5-423A-813D-57136C22D8B5}.Debug|x64.ActiveCfg = Debug|Any CPU
		{E034C79B-57A5-423A-813D-57136C22D8B5}.Debug|x64.Build.0 = Debug|Any CPU
		{E034C79B-57A5-423A-813D-57136C22D8B5}.Debug|x64.Deploy.0 = Debug|Any CPU
		{E034C79B-57A5-423A-813D-57136C22D8B5}.Debug|x86.ActiveCfg = Debug|Any CPU
		{E034C79B-57A5-423A-813D-57136C22D8B5}.Debug|x86.Build.0 = Debug|Any CPU
		{E034C79B-57A5-423A-813D-57136C22D8B5}.Debug|x86.Deploy.0 = Debug|Any CPU
		{E034C79B-57A5-423A-813D-57136C22D8B5}.Release|Any CPU.ActiveCfg = Release|Any CPU
		{E034C79B-57A5-423A-813D-57136C22D8B5}.Release|Any CPU.Build.0 = Release|Any CPU
		{E034C79B-57A5-423A-813D-57136C22D8B5}.Release|Any CPU.Deploy.0 = Release|Any CPU
		{E034C79B-57A5-423A-813D-57136C22D8B5}.Release|ARM.ActiveCfg = Release|Any CPU
		{E034C79B-57A5-423A-813D-57136C22D8B5}.Release|ARM.Build.0 = Release|Any CPU
		{E034C79B-57A5-423A-813D-57136C22D8B5}.Release|ARM.Deploy.0 = Release|Any CPU
		{E034C79B-57A5-423A-813D-57136C22D8B5}.Release|iPhone.ActiveCfg = Release|Any CPU
		{E034C79B-57A5-423A-813D-57136C22D8B5}.Release|iPhone.Build.0 = Release|Any CPU
		{E034C79B-57A5-423A-813D-57136C22D8B5}.Release|iPhone.Deploy.0 = Release|Any CPU
		{E034C79B-57A5-423A-813D-57136C22D8B5}.Release|iPhoneSimulator.ActiveCfg = Release|Any CPU
		{E034C79B-57A5-423A-813D-57136C22D8B5}.Release|iPhoneSimulator.Build.0 = Release|Any CPU
		{E034C79B-57A5-423A-813D-57136C22D8B5}.Release|iPhoneSimulator.Deploy.0 = Release|Any CPU
		{E034C79B-57A5-423A-813D-57136C22D8B5}.Release|x64.ActiveCfg = Release|Any CPU
		{E034C79B-57A5-423A-813D-57136C22D8B5}.Release|x64.Build.0 = Release|Any CPU
		{E034C79B-57A5-423A-813D-57136C22D8B5}.Release|x64.Deploy.0 = Release|Any CPU
		{E034C79B-57A5-423A-813D-57136C22D8B5}.Release|x86.ActiveCfg = Release|Any CPU
		{E034C79B-57A5-423A-813D-57136C22D8B5}.Release|x86.Build.0 = Release|Any CPU
		{E034C79B-57A5-423A-813D-57136C22D8B5}.Release|x86.Deploy.0 = Release|Any CPU
		{1C9E4ECA-BC0B-4571-AE4A-610B89EADAC9}.Ad-Hoc|Any CPU.ActiveCfg = Ad-Hoc|iPhone
		{1C9E4ECA-BC0B-4571-AE4A-610B89EADAC9}.Ad-Hoc|ARM.ActiveCfg = Ad-Hoc|iPhone
		{1C9E4ECA-BC0B-4571-AE4A-610B89EADAC9}.Ad-Hoc|iPhone.ActiveCfg = Ad-Hoc|iPhone
		{1C9E4ECA-BC0B-4571-AE4A-610B89EADAC9}.Ad-Hoc|iPhone.Build.0 = Ad-Hoc|iPhone
		{1C9E4ECA-BC0B-4571-AE4A-610B89EADAC9}.Ad-Hoc|iPhoneSimulator.ActiveCfg = Ad-Hoc|iPhoneSimulator
		{1C9E4ECA-BC0B-4571-AE4A-610B89EADAC9}.Ad-Hoc|iPhoneSimulator.Build.0 = Ad-Hoc|iPhoneSimulator
		{1C9E4ECA-BC0B-4571-AE4A-610B89EADAC9}.Ad-Hoc|x64.ActiveCfg = Ad-Hoc|iPhone
		{1C9E4ECA-BC0B-4571-AE4A-610B89EADAC9}.Ad-Hoc|x86.ActiveCfg = Ad-Hoc|iPhone
		{1C9E4ECA-BC0B-4571-AE4A-610B89EADAC9}.AppStore|Any CPU.ActiveCfg = AppStore|iPhone
		{1C9E4ECA-BC0B-4571-AE4A-610B89EADAC9}.AppStore|ARM.ActiveCfg = AppStore|iPhone
		{1C9E4ECA-BC0B-4571-AE4A-610B89EADAC9}.AppStore|iPhone.ActiveCfg = AppStore|iPhone
		{1C9E4ECA-BC0B-4571-AE4A-610B89EADAC9}.AppStore|iPhone.Build.0 = AppStore|iPhone
		{1C9E4ECA-BC0B-4571-AE4A-610B89EADAC9}.AppStore|iPhoneSimulator.ActiveCfg = AppStore|iPhoneSimulator
		{1C9E4ECA-BC0B-4571-AE4A-610B89EADAC9}.AppStore|iPhoneSimulator.Build.0 = AppStore|iPhoneSimulator
		{1C9E4ECA-BC0B-4571-AE4A-610B89EADAC9}.AppStore|x64.ActiveCfg = AppStore|iPhone
		{1C9E4ECA-BC0B-4571-AE4A-610B89EADAC9}.AppStore|x86.ActiveCfg = AppStore|iPhone
		{1C9E4ECA-BC0B-4571-AE4A-610B89EADAC9}.Debug|Any CPU.ActiveCfg = Debug|iPhone
		{1C9E4ECA-BC0B-4571-AE4A-610B89EADAC9}.Debug|ARM.ActiveCfg = Debug|iPhone
		{1C9E4ECA-BC0B-4571-AE4A-610B89EADAC9}.Debug|iPhone.ActiveCfg = Debug|iPhone
		{1C9E4ECA-BC0B-4571-AE4A-610B89EADAC9}.Debug|iPhone.Build.0 = Debug|iPhone
		{1C9E4ECA-BC0B-4571-AE4A-610B89EADAC9}.Debug|iPhoneSimulator.ActiveCfg = Debug|iPhoneSimulator
		{1C9E4ECA-BC0B-4571-AE4A-610B89EADAC9}.Debug|iPhoneSimulator.Build.0 = Debug|iPhoneSimulator
		{1C9E4ECA-BC0B-4571-AE4A-610B89EADAC9}.Debug|x64.ActiveCfg = Debug|iPhone
		{1C9E4ECA-BC0B-4571-AE4A-610B89EADAC9}.Debug|x86.ActiveCfg = Debug|iPhone
		{1C9E4ECA-BC0B-4571-AE4A-610B89EADAC9}.Release|Any CPU.ActiveCfg = Release|iPhone
		{1C9E4ECA-BC0B-4571-AE4A-610B89EADAC9}.Release|ARM.ActiveCfg = Release|iPhone
		{1C9E4ECA-BC0B-4571-AE4A-610B89EADAC9}.Release|iPhone.ActiveCfg = Release|iPhone
		{1C9E4ECA-BC0B-4571-AE4A-610B89EADAC9}.Release|iPhone.Build.0 = Release|iPhone
		{1C9E4ECA-BC0B-4571-AE4A-610B89EADAC9}.Release|iPhoneSimulator.ActiveCfg = Release|iPhoneSimulator
		{1C9E4ECA-BC0B-4571-AE4A-610B89EADAC9}.Release|iPhoneSimulator.Build.0 = Release|iPhoneSimulator
		{1C9E4ECA-BC0B-4571-AE4A-610B89EADAC9}.Release|x64.ActiveCfg = Release|iPhone
		{1C9E4ECA-BC0B-4571-AE4A-610B89EADAC9}.Release|x86.ActiveCfg = Release|iPhone
		{D4B1A52E-B9FA-4C16-A419-A91B7437AA98}.Ad-Hoc|Any CPU.ActiveCfg = Release|Any CPU
		{D4B1A52E-B9FA-4C16-A419-A91B7437AA98}.Ad-Hoc|Any CPU.Build.0 = Release|Any CPU
		{D4B1A52E-B9FA-4C16-A419-A91B7437AA98}.Ad-Hoc|Any CPU.Deploy.0 = Release|Any CPU
		{D4B1A52E-B9FA-4C16-A419-A91B7437AA98}.Ad-Hoc|ARM.ActiveCfg = Release|ARM
		{D4B1A52E-B9FA-4C16-A419-A91B7437AA98}.Ad-Hoc|ARM.Build.0 = Release|ARM
		{D4B1A52E-B9FA-4C16-A419-A91B7437AA98}.Ad-Hoc|ARM.Deploy.0 = Release|ARM
		{D4B1A52E-B9FA-4C16-A419-A91B7437AA98}.Ad-Hoc|iPhone.ActiveCfg = Release|Any CPU
		{D4B1A52E-B9FA-4C16-A419-A91B7437AA98}.Ad-Hoc|iPhone.Build.0 = Release|Any CPU
		{D4B1A52E-B9FA-4C16-A419-A91B7437AA98}.Ad-Hoc|iPhone.Deploy.0 = Release|Any CPU
		{D4B1A52E-B9FA-4C16-A419-A91B7437AA98}.Ad-Hoc|iPhoneSimulator.ActiveCfg = Release|Any CPU
		{D4B1A52E-B9FA-4C16-A419-A91B7437AA98}.Ad-Hoc|iPhoneSimulator.Build.0 = Release|Any CPU
		{D4B1A52E-B9FA-4C16-A419-A91B7437AA98}.Ad-Hoc|iPhoneSimulator.Deploy.0 = Release|Any CPU
		{D4B1A52E-B9FA-4C16-A419-A91B7437AA98}.Ad-Hoc|x64.ActiveCfg = Release|Any CPU
		{D4B1A52E-B9FA-4C16-A419-A91B7437AA98}.Ad-Hoc|x64.Build.0 = Release|Any CPU
		{D4B1A52E-B9FA-4C16-A419-A91B7437AA98}.Ad-Hoc|x64.Deploy.0 = Release|Any CPU
		{D4B1A52E-B9FA-4C16-A419-A91B7437AA98}.Ad-Hoc|x86.ActiveCfg = Release|x86
		{D4B1A52E-B9FA-4C16-A419-A91B7437AA98}.Ad-Hoc|x86.Build.0 = Release|x86
		{D4B1A52E-B9FA-4C16-A419-A91B7437AA98}.Ad-Hoc|x86.Deploy.0 = Release|x86
		{D4B1A52E-B9FA-4C16-A419-A91B7437AA98}.AppStore|Any CPU.ActiveCfg = Release|Any CPU
		{D4B1A52E-B9FA-4C16-A419-A91B7437AA98}.AppStore|Any CPU.Build.0 = Release|Any CPU
		{D4B1A52E-B9FA-4C16-A419-A91B7437AA98}.AppStore|Any CPU.Deploy.0 = Release|Any CPU
		{D4B1A52E-B9FA-4C16-A419-A91B7437AA98}.AppStore|ARM.ActiveCfg = Release|ARM
		{D4B1A52E-B9FA-4C16-A419-A91B7437AA98}.AppStore|ARM.Build.0 = Release|ARM
		{D4B1A52E-B9FA-4C16-A419-A91B7437AA98}.AppStore|ARM.Deploy.0 = Release|ARM
		{D4B1A52E-B9FA-4C16-A419-A91B7437AA98}.AppStore|iPhone.ActiveCfg = Release|Any CPU
		{D4B1A52E-B9FA-4C16-A419-A91B7437AA98}.AppStore|iPhone.Build.0 = Release|Any CPU
		{D4B1A52E-B9FA-4C16-A419-A91B7437AA98}.AppStore|iPhone.Deploy.0 = Release|Any CPU
		{D4B1A52E-B9FA-4C16-A419-A91B7437AA98}.AppStore|iPhoneSimulator.ActiveCfg = Release|Any CPU
		{D4B1A52E-B9FA-4C16-A419-A91B7437AA98}.AppStore|iPhoneSimulator.Build.0 = Release|Any CPU
		{D4B1A52E-B9FA-4C16-A419-A91B7437AA98}.AppStore|iPhoneSimulator.Deploy.0 = Release|Any CPU
		{D4B1A52E-B9FA-4C16-A419-A91B7437AA98}.AppStore|x64.ActiveCfg = Release|Any CPU
		{D4B1A52E-B9FA-4C16-A419-A91B7437AA98}.AppStore|x64.Build.0 = Release|Any CPU
		{D4B1A52E-B9FA-4C16-A419-A91B7437AA98}.AppStore|x64.Deploy.0 = Release|Any CPU
		{D4B1A52E-B9FA-4C16-A419-A91B7437AA98}.AppStore|x86.ActiveCfg = Release|x86
		{D4B1A52E-B9FA-4C16-A419-A91B7437AA98}.AppStore|x86.Build.0 = Release|x86
		{D4B1A52E-B9FA-4C16-A419-A91B7437AA98}.AppStore|x86.Deploy.0 = Release|x86
		{D4B1A52E-B9FA-4C16-A419-A91B7437AA98}.Debug|Any CPU.ActiveCfg = Debug|Any CPU
		{D4B1A52E-B9FA-4C16-A419-A91B7437AA98}.Debug|Any CPU.Build.0 = Debug|Any CPU
		{D4B1A52E-B9FA-4C16-A419-A91B7437AA98}.Debug|Any CPU.Deploy.0 = Debug|Any CPU
		{D4B1A52E-B9FA-4C16-A419-A91B7437AA98}.Debug|ARM.ActiveCfg = Debug|ARM
		{D4B1A52E-B9FA-4C16-A419-A91B7437AA98}.Debug|ARM.Build.0 = Debug|ARM
		{D4B1A52E-B9FA-4C16-A419-A91B7437AA98}.Debug|ARM.Deploy.0 = Debug|ARM
		{D4B1A52E-B9FA-4C16-A419-A91B7437AA98}.Debug|iPhone.ActiveCfg = Debug|Any CPU
		{D4B1A52E-B9FA-4C16-A419-A91B7437AA98}.Debug|iPhone.Build.0 = Debug|Any CPU
		{D4B1A52E-B9FA-4C16-A419-A91B7437AA98}.Debug|iPhone.Deploy.0 = Debug|Any CPU
		{D4B1A52E-B9FA-4C16-A419-A91B7437AA98}.Debug|iPhoneSimulator.ActiveCfg = Debug|Any CPU
		{D4B1A52E-B9FA-4C16-A419-A91B7437AA98}.Debug|iPhoneSimulator.Build.0 = Debug|Any CPU
		{D4B1A52E-B9FA-4C16-A419-A91B7437AA98}.Debug|iPhoneSimulator.Deploy.0 = Debug|Any CPU
		{D4B1A52E-B9FA-4C16-A419-A91B7437AA98}.Debug|x64.ActiveCfg = Debug|Any CPU
		{D4B1A52E-B9FA-4C16-A419-A91B7437AA98}.Debug|x64.Build.0 = Debug|Any CPU
		{D4B1A52E-B9FA-4C16-A419-A91B7437AA98}.Debug|x64.Deploy.0 = Debug|Any CPU
		{D4B1A52E-B9FA-4C16-A419-A91B7437AA98}.Debug|x86.ActiveCfg = Debug|x86
		{D4B1A52E-B9FA-4C16-A419-A91B7437AA98}.Debug|x86.Build.0 = Debug|x86
		{D4B1A52E-B9FA-4C16-A419-A91B7437AA98}.Debug|x86.Deploy.0 = Debug|x86
		{D4B1A52E-B9FA-4C16-A419-A91B7437AA98}.Release|Any CPU.ActiveCfg = Release|Any CPU
		{D4B1A52E-B9FA-4C16-A419-A91B7437AA98}.Release|Any CPU.Build.0 = Release|Any CPU
		{D4B1A52E-B9FA-4C16-A419-A91B7437AA98}.Release|Any CPU.Deploy.0 = Release|Any CPU
		{D4B1A52E-B9FA-4C16-A419-A91B7437AA98}.Release|ARM.ActiveCfg = Release|ARM
		{D4B1A52E-B9FA-4C16-A419-A91B7437AA98}.Release|ARM.Build.0 = Release|ARM
		{D4B1A52E-B9FA-4C16-A419-A91B7437AA98}.Release|ARM.Deploy.0 = Release|ARM
		{D4B1A52E-B9FA-4C16-A419-A91B7437AA98}.Release|iPhone.ActiveCfg = Release|Any CPU
		{D4B1A52E-B9FA-4C16-A419-A91B7437AA98}.Release|iPhone.Build.0 = Release|Any CPU
		{D4B1A52E-B9FA-4C16-A419-A91B7437AA98}.Release|iPhone.Deploy.0 = Release|Any CPU
		{D4B1A52E-B9FA-4C16-A419-A91B7437AA98}.Release|iPhoneSimulator.ActiveCfg = Release|Any CPU
		{D4B1A52E-B9FA-4C16-A419-A91B7437AA98}.Release|iPhoneSimulator.Build.0 = Release|Any CPU
		{D4B1A52E-B9FA-4C16-A419-A91B7437AA98}.Release|iPhoneSimulator.Deploy.0 = Release|Any CPU
		{D4B1A52E-B9FA-4C16-A419-A91B7437AA98}.Release|x64.ActiveCfg = Release|Any CPU
		{D4B1A52E-B9FA-4C16-A419-A91B7437AA98}.Release|x64.Build.0 = Release|Any CPU
		{D4B1A52E-B9FA-4C16-A419-A91B7437AA98}.Release|x64.Deploy.0 = Release|Any CPU
		{D4B1A52E-B9FA-4C16-A419-A91B7437AA98}.Release|x86.ActiveCfg = Release|x86
		{D4B1A52E-B9FA-4C16-A419-A91B7437AA98}.Release|x86.Build.0 = Release|x86
		{D4B1A52E-B9FA-4C16-A419-A91B7437AA98}.Release|x86.Deploy.0 = Release|x86
		{96E8DA26-BCE7-46E5-963D-F03E3E5D7E13}.Ad-Hoc|Any CPU.ActiveCfg = Release|x86
		{96E8DA26-BCE7-46E5-963D-F03E3E5D7E13}.Ad-Hoc|Any CPU.Build.0 = Release|x86
		{96E8DA26-BCE7-46E5-963D-F03E3E5D7E13}.Ad-Hoc|Any CPU.Deploy.0 = Release|x86
		{96E8DA26-BCE7-46E5-963D-F03E3E5D7E13}.Ad-Hoc|ARM.ActiveCfg = Release|ARM
		{96E8DA26-BCE7-46E5-963D-F03E3E5D7E13}.Ad-Hoc|ARM.Build.0 = Release|ARM
		{96E8DA26-BCE7-46E5-963D-F03E3E5D7E13}.Ad-Hoc|ARM.Deploy.0 = Release|ARM
		{96E8DA26-BCE7-46E5-963D-F03E3E5D7E13}.Ad-Hoc|iPhone.ActiveCfg = Release|x86
		{96E8DA26-BCE7-46E5-963D-F03E3E5D7E13}.Ad-Hoc|iPhone.Build.0 = Release|x86
		{96E8DA26-BCE7-46E5-963D-F03E3E5D7E13}.Ad-Hoc|iPhone.Deploy.0 = Release|x86
		{96E8DA26-BCE7-46E5-963D-F03E3E5D7E13}.Ad-Hoc|iPhoneSimulator.ActiveCfg = Release|x86
		{96E8DA26-BCE7-46E5-963D-F03E3E5D7E13}.Ad-Hoc|iPhoneSimulator.Build.0 = Release|x86
		{96E8DA26-BCE7-46E5-963D-F03E3E5D7E13}.Ad-Hoc|iPhoneSimulator.Deploy.0 = Release|x86
		{96E8DA26-BCE7-46E5-963D-F03E3E5D7E13}.Ad-Hoc|x64.ActiveCfg = Release|x64
		{96E8DA26-BCE7-46E5-963D-F03E3E5D7E13}.Ad-Hoc|x64.Build.0 = Release|x64
		{96E8DA26-BCE7-46E5-963D-F03E3E5D7E13}.Ad-Hoc|x64.Deploy.0 = Release|x64
		{96E8DA26-BCE7-46E5-963D-F03E3E5D7E13}.Ad-Hoc|x86.ActiveCfg = Release|x86
		{96E8DA26-BCE7-46E5-963D-F03E3E5D7E13}.Ad-Hoc|x86.Build.0 = Release|x86
		{96E8DA26-BCE7-46E5-963D-F03E3E5D7E13}.Ad-Hoc|x86.Deploy.0 = Release|x86
		{96E8DA26-BCE7-46E5-963D-F03E3E5D7E13}.AppStore|Any CPU.ActiveCfg = Release|x86
		{96E8DA26-BCE7-46E5-963D-F03E3E5D7E13}.AppStore|Any CPU.Build.0 = Release|x86
		{96E8DA26-BCE7-46E5-963D-F03E3E5D7E13}.AppStore|Any CPU.Deploy.0 = Release|x86
		{96E8DA26-BCE7-46E5-963D-F03E3E5D7E13}.AppStore|ARM.ActiveCfg = Release|ARM
		{96E8DA26-BCE7-46E5-963D-F03E3E5D7E13}.AppStore|ARM.Build.0 = Release|ARM
		{96E8DA26-BCE7-46E5-963D-F03E3E5D7E13}.AppStore|ARM.Deploy.0 = Release|ARM
		{96E8DA26-BCE7-46E5-963D-F03E3E5D7E13}.AppStore|iPhone.ActiveCfg = Release|x86
		{96E8DA26-BCE7-46E5-963D-F03E3E5D7E13}.AppStore|iPhone.Build.0 = Release|x86
		{96E8DA26-BCE7-46E5-963D-F03E3E5D7E13}.AppStore|iPhone.Deploy.0 = Release|x86
		{96E8DA26-BCE7-46E5-963D-F03E3E5D7E13}.AppStore|iPhoneSimulator.ActiveCfg = Release|x86
		{96E8DA26-BCE7-46E5-963D-F03E3E5D7E13}.AppStore|iPhoneSimulator.Build.0 = Release|x86
		{96E8DA26-BCE7-46E5-963D-F03E3E5D7E13}.AppStore|iPhoneSimulator.Deploy.0 = Release|x86
		{96E8DA26-BCE7-46E5-963D-F03E3E5D7E13}.AppStore|x64.ActiveCfg = Release|x64
		{96E8DA26-BCE7-46E5-963D-F03E3E5D7E13}.AppStore|x64.Build.0 = Release|x64
		{96E8DA26-BCE7-46E5-963D-F03E3E5D7E13}.AppStore|x64.Deploy.0 = Release|x64
		{96E8DA26-BCE7-46E5-963D-F03E3E5D7E13}.AppStore|x86.ActiveCfg = Release|x86
		{96E8DA26-BCE7-46E5-963D-F03E3E5D7E13}.AppStore|x86.Build.0 = Release|x86
		{96E8DA26-BCE7-46E5-963D-F03E3E5D7E13}.AppStore|x86.Deploy.0 = Release|x86
		{96E8DA26-BCE7-46E5-963D-F03E3E5D7E13}.Debug|Any CPU.ActiveCfg = Debug|x86
		{96E8DA26-BCE7-46E5-963D-F03E3E5D7E13}.Debug|ARM.ActiveCfg = Debug|ARM
		{96E8DA26-BCE7-46E5-963D-F03E3E5D7E13}.Debug|ARM.Build.0 = Debug|ARM
		{96E8DA26-BCE7-46E5-963D-F03E3E5D7E13}.Debug|ARM.Deploy.0 = Debug|ARM
		{96E8DA26-BCE7-46E5-963D-F03E3E5D7E13}.Debug|iPhone.ActiveCfg = Debug|x86
		{96E8DA26-BCE7-46E5-963D-F03E3E5D7E13}.Debug|iPhoneSimulator.ActiveCfg = Debug|x86
		{96E8DA26-BCE7-46E5-963D-F03E3E5D7E13}.Debug|x64.ActiveCfg = Debug|x64
		{96E8DA26-BCE7-46E5-963D-F03E3E5D7E13}.Debug|x64.Build.0 = Debug|x64
		{96E8DA26-BCE7-46E5-963D-F03E3E5D7E13}.Debug|x64.Deploy.0 = Debug|x64
		{96E8DA26-BCE7-46E5-963D-F03E3E5D7E13}.Debug|x86.ActiveCfg = Debug|x86
		{96E8DA26-BCE7-46E5-963D-F03E3E5D7E13}.Debug|x86.Build.0 = Debug|x86
		{96E8DA26-BCE7-46E5-963D-F03E3E5D7E13}.Debug|x86.Deploy.0 = Debug|x86
		{96E8DA26-BCE7-46E5-963D-F03E3E5D7E13}.Release|Any CPU.ActiveCfg = Release|x86
		{96E8DA26-BCE7-46E5-963D-F03E3E5D7E13}.Release|ARM.ActiveCfg = Release|ARM
		{96E8DA26-BCE7-46E5-963D-F03E3E5D7E13}.Release|ARM.Build.0 = Release|ARM
		{96E8DA26-BCE7-46E5-963D-F03E3E5D7E13}.Release|ARM.Deploy.0 = Release|ARM
		{96E8DA26-BCE7-46E5-963D-F03E3E5D7E13}.Release|iPhone.ActiveCfg = Release|x86
		{96E8DA26-BCE7-46E5-963D-F03E3E5D7E13}.Release|iPhoneSimulator.ActiveCfg = Release|x86
		{96E8DA26-BCE7-46E5-963D-F03E3E5D7E13}.Release|x64.ActiveCfg = Release|x64
		{96E8DA26-BCE7-46E5-963D-F03E3E5D7E13}.Release|x64.Build.0 = Release|x64
		{96E8DA26-BCE7-46E5-963D-F03E3E5D7E13}.Release|x64.Deploy.0 = Release|x64
		{96E8DA26-BCE7-46E5-963D-F03E3E5D7E13}.Release|x86.ActiveCfg = Release|x86
		{96E8DA26-BCE7-46E5-963D-F03E3E5D7E13}.Release|x86.Build.0 = Release|x86
		{96E8DA26-BCE7-46E5-963D-F03E3E5D7E13}.Release|x86.Deploy.0 = Release|x86
		{F7E0D79E-9FBF-4BE5-9BB4-34B768FB0BC7}.Ad-Hoc|Any CPU.ActiveCfg = Release|Any CPU
		{F7E0D79E-9FBF-4BE5-9BB4-34B768FB0BC7}.Ad-Hoc|Any CPU.Build.0 = Release|Any CPU
		{F7E0D79E-9FBF-4BE5-9BB4-34B768FB0BC7}.Ad-Hoc|Any CPU.Deploy.0 = Release|Any CPU
		{F7E0D79E-9FBF-4BE5-9BB4-34B768FB0BC7}.Ad-Hoc|ARM.ActiveCfg = Release|ARM
		{F7E0D79E-9FBF-4BE5-9BB4-34B768FB0BC7}.Ad-Hoc|ARM.Build.0 = Release|ARM
		{F7E0D79E-9FBF-4BE5-9BB4-34B768FB0BC7}.Ad-Hoc|ARM.Deploy.0 = Release|ARM
		{F7E0D79E-9FBF-4BE5-9BB4-34B768FB0BC7}.Ad-Hoc|iPhone.ActiveCfg = Release|Any CPU
		{F7E0D79E-9FBF-4BE5-9BB4-34B768FB0BC7}.Ad-Hoc|iPhone.Build.0 = Release|Any CPU
		{F7E0D79E-9FBF-4BE5-9BB4-34B768FB0BC7}.Ad-Hoc|iPhone.Deploy.0 = Release|Any CPU
		{F7E0D79E-9FBF-4BE5-9BB4-34B768FB0BC7}.Ad-Hoc|iPhoneSimulator.ActiveCfg = Release|Any CPU
		{F7E0D79E-9FBF-4BE5-9BB4-34B768FB0BC7}.Ad-Hoc|iPhoneSimulator.Build.0 = Release|Any CPU
		{F7E0D79E-9FBF-4BE5-9BB4-34B768FB0BC7}.Ad-Hoc|iPhoneSimulator.Deploy.0 = Release|Any CPU
		{F7E0D79E-9FBF-4BE5-9BB4-34B768FB0BC7}.Ad-Hoc|x64.ActiveCfg = Release|x64
		{F7E0D79E-9FBF-4BE5-9BB4-34B768FB0BC7}.Ad-Hoc|x64.Build.0 = Release|x64
		{F7E0D79E-9FBF-4BE5-9BB4-34B768FB0BC7}.Ad-Hoc|x64.Deploy.0 = Release|x64
		{F7E0D79E-9FBF-4BE5-9BB4-34B768FB0BC7}.Ad-Hoc|x86.ActiveCfg = Release|x86
		{F7E0D79E-9FBF-4BE5-9BB4-34B768FB0BC7}.Ad-Hoc|x86.Build.0 = Release|x86
		{F7E0D79E-9FBF-4BE5-9BB4-34B768FB0BC7}.Ad-Hoc|x86.Deploy.0 = Release|x86
		{F7E0D79E-9FBF-4BE5-9BB4-34B768FB0BC7}.AppStore|Any CPU.ActiveCfg = Release|Any CPU
		{F7E0D79E-9FBF-4BE5-9BB4-34B768FB0BC7}.AppStore|Any CPU.Build.0 = Release|Any CPU
		{F7E0D79E-9FBF-4BE5-9BB4-34B768FB0BC7}.AppStore|Any CPU.Deploy.0 = Release|Any CPU
		{F7E0D79E-9FBF-4BE5-9BB4-34B768FB0BC7}.AppStore|ARM.ActiveCfg = Release|ARM
		{F7E0D79E-9FBF-4BE5-9BB4-34B768FB0BC7}.AppStore|ARM.Build.0 = Release|ARM
		{F7E0D79E-9FBF-4BE5-9BB4-34B768FB0BC7}.AppStore|ARM.Deploy.0 = Release|ARM
		{F7E0D79E-9FBF-4BE5-9BB4-34B768FB0BC7}.AppStore|iPhone.ActiveCfg = Release|Any CPU
		{F7E0D79E-9FBF-4BE5-9BB4-34B768FB0BC7}.AppStore|iPhone.Build.0 = Release|Any CPU
		{F7E0D79E-9FBF-4BE5-9BB4-34B768FB0BC7}.AppStore|iPhone.Deploy.0 = Release|Any CPU
		{F7E0D79E-9FBF-4BE5-9BB4-34B768FB0BC7}.AppStore|iPhoneSimulator.ActiveCfg = Release|Any CPU
		{F7E0D79E-9FBF-4BE5-9BB4-34B768FB0BC7}.AppStore|iPhoneSimulator.Build.0 = Release|Any CPU
		{F7E0D79E-9FBF-4BE5-9BB4-34B768FB0BC7}.AppStore|iPhoneSimulator.Deploy.0 = Release|Any CPU
		{F7E0D79E-9FBF-4BE5-9BB4-34B768FB0BC7}.AppStore|x64.ActiveCfg = Release|x64
		{F7E0D79E-9FBF-4BE5-9BB4-34B768FB0BC7}.AppStore|x64.Build.0 = Release|x64
		{F7E0D79E-9FBF-4BE5-9BB4-34B768FB0BC7}.AppStore|x64.Deploy.0 = Release|x64
		{F7E0D79E-9FBF-4BE5-9BB4-34B768FB0BC7}.AppStore|x86.ActiveCfg = Release|x86
		{F7E0D79E-9FBF-4BE5-9BB4-34B768FB0BC7}.AppStore|x86.Build.0 = Release|x86
		{F7E0D79E-9FBF-4BE5-9BB4-34B768FB0BC7}.AppStore|x86.Deploy.0 = Release|x86
		{F7E0D79E-9FBF-4BE5-9BB4-34B768FB0BC7}.Debug|Any CPU.ActiveCfg = Debug|Any CPU
		{F7E0D79E-9FBF-4BE5-9BB4-34B768FB0BC7}.Debug|Any CPU.Build.0 = Debug|Any CPU
		{F7E0D79E-9FBF-4BE5-9BB4-34B768FB0BC7}.Debug|Any CPU.Deploy.0 = Debug|Any CPU
		{F7E0D79E-9FBF-4BE5-9BB4-34B768FB0BC7}.Debug|ARM.ActiveCfg = Debug|ARM
		{F7E0D79E-9FBF-4BE5-9BB4-34B768FB0BC7}.Debug|ARM.Build.0 = Debug|ARM
		{F7E0D79E-9FBF-4BE5-9BB4-34B768FB0BC7}.Debug|ARM.Deploy.0 = Debug|ARM
		{F7E0D79E-9FBF-4BE5-9BB4-34B768FB0BC7}.Debug|iPhone.ActiveCfg = Debug|Any CPU
		{F7E0D79E-9FBF-4BE5-9BB4-34B768FB0BC7}.Debug|iPhone.Build.0 = Debug|Any CPU
		{F7E0D79E-9FBF-4BE5-9BB4-34B768FB0BC7}.Debug|iPhone.Deploy.0 = Debug|Any CPU
		{F7E0D79E-9FBF-4BE5-9BB4-34B768FB0BC7}.Debug|iPhoneSimulator.ActiveCfg = Debug|Any CPU
		{F7E0D79E-9FBF-4BE5-9BB4-34B768FB0BC7}.Debug|iPhoneSimulator.Build.0 = Debug|Any CPU
		{F7E0D79E-9FBF-4BE5-9BB4-34B768FB0BC7}.Debug|iPhoneSimulator.Deploy.0 = Debug|Any CPU
		{F7E0D79E-9FBF-4BE5-9BB4-34B768FB0BC7}.Debug|x64.ActiveCfg = Debug|x64
		{F7E0D79E-9FBF-4BE5-9BB4-34B768FB0BC7}.Debug|x64.Build.0 = Debug|x64
		{F7E0D79E-9FBF-4BE5-9BB4-34B768FB0BC7}.Debug|x64.Deploy.0 = Debug|x64
		{F7E0D79E-9FBF-4BE5-9BB4-34B768FB0BC7}.Debug|x86.ActiveCfg = Debug|x86
		{F7E0D79E-9FBF-4BE5-9BB4-34B768FB0BC7}.Debug|x86.Build.0 = Debug|x86
		{F7E0D79E-9FBF-4BE5-9BB4-34B768FB0BC7}.Debug|x86.Deploy.0 = Debug|x86
		{F7E0D79E-9FBF-4BE5-9BB4-34B768FB0BC7}.Release|Any CPU.ActiveCfg = Release|Any CPU
		{F7E0D79E-9FBF-4BE5-9BB4-34B768FB0BC7}.Release|Any CPU.Build.0 = Release|Any CPU
		{F7E0D79E-9FBF-4BE5-9BB4-34B768FB0BC7}.Release|Any CPU.Deploy.0 = Release|Any CPU
		{F7E0D79E-9FBF-4BE5-9BB4-34B768FB0BC7}.Release|ARM.ActiveCfg = Release|ARM
		{F7E0D79E-9FBF-4BE5-9BB4-34B768FB0BC7}.Release|ARM.Build.0 = Release|ARM
		{F7E0D79E-9FBF-4BE5-9BB4-34B768FB0BC7}.Release|ARM.Deploy.0 = Release|ARM
		{F7E0D79E-9FBF-4BE5-9BB4-34B768FB0BC7}.Release|iPhone.ActiveCfg = Release|Any CPU
		{F7E0D79E-9FBF-4BE5-9BB4-34B768FB0BC7}.Release|iPhone.Build.0 = Release|Any CPU
		{F7E0D79E-9FBF-4BE5-9BB4-34B768FB0BC7}.Release|iPhone.Deploy.0 = Release|Any CPU
		{F7E0D79E-9FBF-4BE5-9BB4-34B768FB0BC7}.Release|iPhoneSimulator.ActiveCfg = Release|Any CPU
		{F7E0D79E-9FBF-4BE5-9BB4-34B768FB0BC7}.Release|iPhoneSimulator.Build.0 = Release|Any CPU
		{F7E0D79E-9FBF-4BE5-9BB4-34B768FB0BC7}.Release|iPhoneSimulator.Deploy.0 = Release|Any CPU
		{F7E0D79E-9FBF-4BE5-9BB4-34B768FB0BC7}.Release|x64.ActiveCfg = Release|x64
		{F7E0D79E-9FBF-4BE5-9BB4-34B768FB0BC7}.Release|x64.Build.0 = Release|x64
		{F7E0D79E-9FBF-4BE5-9BB4-34B768FB0BC7}.Release|x64.Deploy.0 = Release|x64
		{F7E0D79E-9FBF-4BE5-9BB4-34B768FB0BC7}.Release|x86.ActiveCfg = Release|x86
		{F7E0D79E-9FBF-4BE5-9BB4-34B768FB0BC7}.Release|x86.Build.0 = Release|x86
		{F7E0D79E-9FBF-4BE5-9BB4-34B768FB0BC7}.Release|x86.Deploy.0 = Release|x86
	EndGlobalSection
	GlobalSection(SolutionProperties) = preSolution
		HideSolutionNode = FALSE
	EndGlobalSection
EndGlobal
