
Microsoft Visual Studio Solution File, Format Version 12.00
# Visual Studio 14
VisualStudioVersion = 14.0.25420.1
MinimumVisualStudioVersion = 10.0.40219.1
Project("{FAE04EC0-301F-11D3-BF4B-00C04F79EFBC}") = "MyDialer", "MyDialer\MyDialer\MyDialer.csproj", "{8ECB08C9-5689-43FB-819E-0E3340EE06B6}"
EndProject
Project("{FAE04EC0-301F-11D3-BF4B-00C04F79EFBC}") = "MyDialer.Droid", "MyDialer\MyDialer.Droid\MyDialer.Droid.csproj", "{07B01734-F6B2-4BE7-AFE1-7DCA18CA63E5}"
EndProject
Project("{FAE04EC0-301F-11D3-BF4B-00C04F79EFBC}") = "MyDialer.iOS", "MyDialer\MyDialer.iOS\MyDialer.iOS.csproj", "{BC40300B-CA3A-4D4B-8BE2-8D4B7367E06F}"
EndProject
Project("{FAE04EC0-301F-11D3-BF4B-00C04F79EFBC}") = "MyDialer.WinPhone", "MyDialer\MyDialer.WinPhone\MyDialer.WinPhone.csproj", "{021C4518-0011-44FC-A668-F77DA043EB3C}"
EndProject
Project("{FAE04EC0-301F-11D3-BF4B-00C04F79EFBC}") = "MyDialer.UWP", "MyDialer\MyDialer.UWP\MyDialer.UWP.csproj", "{C6AD7D78-21B2-4DCC-8C15-A08E4CB02F1B}"
EndProject
Project("{FAE04EC0-301F-11D3-BF4B-00C04F79EFBC}") = "MyDialer.Windows", "MyDialer\MyDialer.Windows\MyDialer.Windows.csproj", "{BDE77CB4-D7A7-49DE-83D1-5B453B7A3B94}"
EndProject
Global
	GlobalSection(SolutionConfigurationPlatforms) = preSolution
		Ad-Hoc|Any CPU = Ad-Hoc|Any CPU
		Ad-Hoc|ARM = Ad-Hoc|ARM
		Ad-Hoc|iPhone = Ad-Hoc|iPhone
		Ad-Hoc|iPhoneSimulator = Ad-Hoc|iPhoneSimulator
		Ad-Hoc|x64 = Ad-Hoc|x64
		Ad-Hoc|x86 = Ad-Hoc|x86
		AppStore|Any CPU = AppStore|Any CPU
		AppStore|ARM = AppStore|ARM
		AppStore|iPhone = AppStore|iPhone
		AppStore|iPhoneSimulator = AppStore|iPhoneSimulator
		AppStore|x64 = AppStore|x64
		AppStore|x86 = AppStore|x86
		Debug|Any CPU = Debug|Any CPU
		Debug|ARM = Debug|ARM
		Debug|iPhone = Debug|iPhone
		Debug|iPhoneSimulator = Debug|iPhoneSimulator
		Debug|x64 = Debug|x64
		Debug|x86 = Debug|x86
		Release|Any CPU = Release|Any CPU
		Release|ARM = Release|ARM
		Release|iPhone = Release|iPhone
		Release|iPhoneSimulator = Release|iPhoneSimulator
		Release|x64 = Release|x64
		Release|x86 = Release|x86
	EndGlobalSection
	GlobalSection(ProjectConfigurationPlatforms) = postSolution
		{8ECB08C9-5689-43FB-819E-0E3340EE06B6}.Ad-Hoc|Any CPU.ActiveCfg = Release|Any CPU
		{8ECB08C9-5689-43FB-819E-0E3340EE06B6}.Ad-Hoc|Any CPU.Build.0 = Release|Any CPU
		{8ECB08C9-5689-43FB-819E-0E3340EE06B6}.Ad-Hoc|ARM.ActiveCfg = Release|Any CPU
		{8ECB08C9-5689-43FB-819E-0E3340EE06B6}.Ad-Hoc|ARM.Build.0 = Release|Any CPU
		{8ECB08C9-5689-43FB-819E-0E3340EE06B6}.Ad-Hoc|iPhone.ActiveCfg = Release|Any CPU
		{8ECB08C9-5689-43FB-819E-0E3340EE06B6}.Ad-Hoc|iPhone.Build.0 = Release|Any CPU
		{8ECB08C9-5689-43FB-819E-0E3340EE06B6}.Ad-Hoc|iPhoneSimulator.ActiveCfg = Release|Any CPU
		{8ECB08C9-5689-43FB-819E-0E3340EE06B6}.Ad-Hoc|iPhoneSimulator.Build.0 = Release|Any CPU
		{8ECB08C9-5689-43FB-819E-0E3340EE06B6}.Ad-Hoc|x64.ActiveCfg = Release|Any CPU
		{8ECB08C9-5689-43FB-819E-0E3340EE06B6}.Ad-Hoc|x64.Build.0 = Release|Any CPU
		{8ECB08C9-5689-43FB-819E-0E3340EE06B6}.Ad-Hoc|x86.ActiveCfg = Release|Any CPU
		{8ECB08C9-5689-43FB-819E-0E3340EE06B6}.Ad-Hoc|x86.Build.0 = Release|Any CPU
		{8ECB08C9-5689-43FB-819E-0E3340EE06B6}.AppStore|Any CPU.ActiveCfg = Release|Any CPU
		{8ECB08C9-5689-43FB-819E-0E3340EE06B6}.AppStore|Any CPU.Build.0 = Release|Any CPU
		{8ECB08C9-5689-43FB-819E-0E3340EE06B6}.AppStore|ARM.ActiveCfg = Release|Any CPU
		{8ECB08C9-5689-43FB-819E-0E3340EE06B6}.AppStore|ARM.Build.0 = Release|Any CPU
		{8ECB08C9-5689-43FB-819E-0E3340EE06B6}.AppStore|iPhone.ActiveCfg = Release|Any CPU
		{8ECB08C9-5689-43FB-819E-0E3340EE06B6}.AppStore|iPhone.Build.0 = Release|Any CPU
		{8ECB08C9-5689-43FB-819E-0E3340EE06B6}.AppStore|iPhoneSimulator.ActiveCfg = Release|Any CPU
		{8ECB08C9-5689-43FB-819E-0E3340EE06B6}.AppStore|iPhoneSimulator.Build.0 = Release|Any CPU
		{8ECB08C9-5689-43FB-819E-0E3340EE06B6}.AppStore|x64.ActiveCfg = Release|Any CPU
		{8ECB08C9-5689-43FB-819E-0E3340EE06B6}.AppStore|x64.Build.0 = Release|Any CPU
		{8ECB08C9-5689-43FB-819E-0E3340EE06B6}.AppStore|x86.ActiveCfg = Release|Any CPU
		{8ECB08C9-5689-43FB-819E-0E3340EE06B6}.AppStore|x86.Build.0 = Release|Any CPU
		{8ECB08C9-5689-43FB-819E-0E3340EE06B6}.Debug|Any CPU.ActiveCfg = Debug|Any CPU
		{8ECB08C9-5689-43FB-819E-0E3340EE06B6}.Debug|Any CPU.Build.0 = Debug|Any CPU
		{8ECB08C9-5689-43FB-819E-0E3340EE06B6}.Debug|ARM.ActiveCfg = Debug|Any CPU
		{8ECB08C9-5689-43FB-819E-0E3340EE06B6}.Debug|ARM.Build.0 = Debug|Any CPU
		{8ECB08C9-5689-43FB-819E-0E3340EE06B6}.Debug|iPhone.ActiveCfg = Debug|Any CPU
		{8ECB08C9-5689-43FB-819E-0E3340EE06B6}.Debug|iPhone.Build.0 = Debug|Any CPU
		{8ECB08C9-5689-43FB-819E-0E3340EE06B6}.Debug|iPhoneSimulator.ActiveCfg = Debug|Any CPU
		{8ECB08C9-5689-43FB-819E-0E3340EE06B6}.Debug|iPhoneSimulator.Build.0 = Debug|Any CPU
		{8ECB08C9-5689-43FB-819E-0E3340EE06B6}.Debug|x64.ActiveCfg = Debug|Any CPU
		{8ECB08C9-5689-43FB-819E-0E3340EE06B6}.Debug|x64.Build.0 = Debug|Any CPU
		{8ECB08C9-5689-43FB-819E-0E3340EE06B6}.Debug|x86.ActiveCfg = Debug|Any CPU
		{8ECB08C9-5689-43FB-819E-0E3340EE06B6}.Debug|x86.Build.0 = Debug|Any CPU
		{8ECB08C9-5689-43FB-819E-0E3340EE06B6}.Release|Any CPU.ActiveCfg = Release|Any CPU
		{8ECB08C9-5689-43FB-819E-0E3340EE06B6}.Release|Any CPU.Build.0 = Release|Any CPU
		{8ECB08C9-5689-43FB-819E-0E3340EE06B6}.Release|ARM.ActiveCfg = Release|Any CPU
		{8ECB08C9-5689-43FB-819E-0E3340EE06B6}.Release|ARM.Build.0 = Release|Any CPU
		{8ECB08C9-5689-43FB-819E-0E3340EE06B6}.Release|iPhone.ActiveCfg = Release|Any CPU
		{8ECB08C9-5689-43FB-819E-0E3340EE06B6}.Release|iPhone.Build.0 = Release|Any CPU
		{8ECB08C9-5689-43FB-819E-0E3340EE06B6}.Release|iPhoneSimulator.ActiveCfg = Release|Any CPU
		{8ECB08C9-5689-43FB-819E-0E3340EE06B6}.Release|iPhoneSimulator.Build.0 = Release|Any CPU
		{8ECB08C9-5689-43FB-819E-0E3340EE06B6}.Release|x64.ActiveCfg = Release|Any CPU
		{8ECB08C9-5689-43FB-819E-0E3340EE06B6}.Release|x64.Build.0 = Release|Any CPU
		{8ECB08C9-5689-43FB-819E-0E3340EE06B6}.Release|x86.ActiveCfg = Release|Any CPU
		{8ECB08C9-5689-43FB-819E-0E3340EE06B6}.Release|x86.Build.0 = Release|Any CPU
		{07B01734-F6B2-4BE7-AFE1-7DCA18CA63E5}.Ad-Hoc|Any CPU.ActiveCfg = Release|Any CPU
		{07B01734-F6B2-4BE7-AFE1-7DCA18CA63E5}.Ad-Hoc|Any CPU.Build.0 = Release|Any CPU
		{07B01734-F6B2-4BE7-AFE1-7DCA18CA63E5}.Ad-Hoc|Any CPU.Deploy.0 = Release|Any CPU
		{07B01734-F6B2-4BE7-AFE1-7DCA18CA63E5}.Ad-Hoc|ARM.ActiveCfg = Release|Any CPU
		{07B01734-F6B2-4BE7-AFE1-7DCA18CA63E5}.Ad-Hoc|ARM.Build.0 = Release|Any CPU
		{07B01734-F6B2-4BE7-AFE1-7DCA18CA63E5}.Ad-Hoc|ARM.Deploy.0 = Release|Any CPU
		{07B01734-F6B2-4BE7-AFE1-7DCA18CA63E5}.Ad-Hoc|iPhone.ActiveCfg = Release|Any CPU
		{07B01734-F6B2-4BE7-AFE1-7DCA18CA63E5}.Ad-Hoc|iPhone.Build.0 = Release|Any CPU
		{07B01734-F6B2-4BE7-AFE1-7DCA18CA63E5}.Ad-Hoc|iPhone.Deploy.0 = Release|Any CPU
		{07B01734-F6B2-4BE7-AFE1-7DCA18CA63E5}.Ad-Hoc|iPhoneSimulator.ActiveCfg = Release|Any CPU
		{07B01734-F6B2-4BE7-AFE1-7DCA18CA63E5}.Ad-Hoc|iPhoneSimulator.Build.0 = Release|Any CPU
		{07B01734-F6B2-4BE7-AFE1-7DCA18CA63E5}.Ad-Hoc|iPhoneSimulator.Deploy.0 = Release|Any CPU
		{07B01734-F6B2-4BE7-AFE1-7DCA18CA63E5}.Ad-Hoc|x64.ActiveCfg = Release|Any CPU
		{07B01734-F6B2-4BE7-AFE1-7DCA18CA63E5}.Ad-Hoc|x64.Build.0 = Release|Any CPU
		{07B01734-F6B2-4BE7-AFE1-7DCA18CA63E5}.Ad-Hoc|x64.Deploy.0 = Release|Any CPU
		{07B01734-F6B2-4BE7-AFE1-7DCA18CA63E5}.Ad-Hoc|x86.ActiveCfg = Release|Any CPU
		{07B01734-F6B2-4BE7-AFE1-7DCA18CA63E5}.Ad-Hoc|x86.Build.0 = Release|Any CPU
		{07B01734-F6B2-4BE7-AFE1-7DCA18CA63E5}.Ad-Hoc|x86.Deploy.0 = Release|Any CPU
		{07B01734-F6B2-4BE7-AFE1-7DCA18CA63E5}.AppStore|Any CPU.ActiveCfg = Release|Any CPU
		{07B01734-F6B2-4BE7-AFE1-7DCA18CA63E5}.AppStore|Any CPU.Build.0 = Release|Any CPU
		{07B01734-F6B2-4BE7-AFE1-7DCA18CA63E5}.AppStore|Any CPU.Deploy.0 = Release|Any CPU
		{07B01734-F6B2-4BE7-AFE1-7DCA18CA63E5}.AppStore|ARM.ActiveCfg = Release|Any CPU
		{07B01734-F6B2-4BE7-AFE1-7DCA18CA63E5}.AppStore|ARM.Build.0 = Release|Any CPU
		{07B01734-F6B2-4BE7-AFE1-7DCA18CA63E5}.AppStore|ARM.Deploy.0 = Release|Any CPU
		{07B01734-F6B2-4BE7-AFE1-7DCA18CA63E5}.AppStore|iPhone.ActiveCfg = Release|Any CPU
		{07B01734-F6B2-4BE7-AFE1-7DCA18CA63E5}.AppStore|iPhone.Build.0 = Release|Any CPU
		{07B01734-F6B2-4BE7-AFE1-7DCA18CA63E5}.AppStore|iPhone.Deploy.0 = Release|Any CPU
		{07B01734-F6B2-4BE7-AFE1-7DCA18CA63E5}.AppStore|iPhoneSimulator.ActiveCfg = Release|Any CPU
		{07B01734-F6B2-4BE7-AFE1-7DCA18CA63E5}.AppStore|iPhoneSimulator.Build.0 = Release|Any CPU
		{07B01734-F6B2-4BE7-AFE1-7DCA18CA63E5}.AppStore|iPhoneSimulator.Deploy.0 = Release|Any CPU
		{07B01734-F6B2-4BE7-AFE1-7DCA18CA63E5}.AppStore|x64.ActiveCfg = Release|Any CPU
		{07B01734-F6B2-4BE7-AFE1-7DCA18CA63E5}.AppStore|x64.Build.0 = Release|Any CPU
		{07B01734-F6B2-4BE7-AFE1-7DCA18CA63E5}.AppStore|x64.Deploy.0 = Release|Any CPU
		{07B01734-F6B2-4BE7-AFE1-7DCA18CA63E5}.AppStore|x86.ActiveCfg = Release|Any CPU
		{07B01734-F6B2-4BE7-AFE1-7DCA18CA63E5}.AppStore|x86.Build.0 = Release|Any CPU
		{07B01734-F6B2-4BE7-AFE1-7DCA18CA63E5}.AppStore|x86.Deploy.0 = Release|Any CPU
		{07B01734-F6B2-4BE7-AFE1-7DCA18CA63E5}.Debug|Any CPU.ActiveCfg = Debug|Any CPU
		{07B01734-F6B2-4BE7-AFE1-7DCA18CA63E5}.Debug|Any CPU.Build.0 = Debug|Any CPU
		{07B01734-F6B2-4BE7-AFE1-7DCA18CA63E5}.Debug|Any CPU.Deploy.0 = Debug|Any CPU
		{07B01734-F6B2-4BE7-AFE1-7DCA18CA63E5}.Debug|ARM.ActiveCfg = Debug|Any CPU
		{07B01734-F6B2-4BE7-AFE1-7DCA18CA63E5}.Debug|ARM.Build.0 = Debug|Any CPU
		{07B01734-F6B2-4BE7-AFE1-7DCA18CA63E5}.Debug|ARM.Deploy.0 = Debug|Any CPU
		{07B01734-F6B2-4BE7-AFE1-7DCA18CA63E5}.Debug|iPhone.ActiveCfg = Debug|Any CPU
		{07B01734-F6B2-4BE7-AFE1-7DCA18CA63E5}.Debug|iPhone.Build.0 = Debug|Any CPU
		{07B01734-F6B2-4BE7-AFE1-7DCA18CA63E5}.Debug|iPhone.Deploy.0 = Debug|Any CPU
		{07B01734-F6B2-4BE7-AFE1-7DCA18CA63E5}.Debug|iPhoneSimulator.ActiveCfg = Debug|Any CPU
		{07B01734-F6B2-4BE7-AFE1-7DCA18CA63E5}.Debug|iPhoneSimulator.Build.0 = Debug|Any CPU
		{07B01734-F6B2-4BE7-AFE1-7DCA18CA63E5}.Debug|iPhoneSimulator.Deploy.0 = Debug|Any CPU
		{07B01734-F6B2-4BE7-AFE1-7DCA18CA63E5}.Debug|x64.ActiveCfg = Debug|Any CPU
		{07B01734-F6B2-4BE7-AFE1-7DCA18CA63E5}.Debug|x64.Build.0 = Debug|Any CPU
		{07B01734-F6B2-4BE7-AFE1-7DCA18CA63E5}.Debug|x64.Deploy.0 = Debug|Any CPU
		{07B01734-F6B2-4BE7-AFE1-7DCA18CA63E5}.Debug|x86.ActiveCfg = Debug|Any CPU
		{07B01734-F6B2-4BE7-AFE1-7DCA18CA63E5}.Debug|x86.Build.0 = Debug|Any CPU
		{07B01734-F6B2-4BE7-AFE1-7DCA18CA63E5}.Debug|x86.Deploy.0 = Debug|Any CPU
		{07B01734-F6B2-4BE7-AFE1-7DCA18CA63E5}.Release|Any CPU.ActiveCfg = Release|Any CPU
		{07B01734-F6B2-4BE7-AFE1-7DCA18CA63E5}.Release|Any CPU.Build.0 = Release|Any CPU
		{07B01734-F6B2-4BE7-AFE1-7DCA18CA63E5}.Release|Any CPU.Deploy.0 = Release|Any CPU
		{07B01734-F6B2-4BE7-AFE1-7DCA18CA63E5}.Release|ARM.ActiveCfg = Release|Any CPU
		{07B01734-F6B2-4BE7-AFE1-7DCA18CA63E5}.Release|ARM.Build.0 = Release|Any CPU
		{07B01734-F6B2-4BE7-AFE1-7DCA18CA63E5}.Release|ARM.Deploy.0 = Release|Any CPU
		{07B01734-F6B2-4BE7-AFE1-7DCA18CA63E5}.Release|iPhone.ActiveCfg = Release|Any CPU
		{07B01734-F6B2-4BE7-AFE1-7DCA18CA63E5}.Release|iPhone.Build.0 = Release|Any CPU
		{07B01734-F6B2-4BE7-AFE1-7DCA18CA63E5}.Release|iPhone.Deploy.0 = Release|Any CPU
		{07B01734-F6B2-4BE7-AFE1-7DCA18CA63E5}.Release|iPhoneSimulator.ActiveCfg = Release|Any CPU
		{07B01734-F6B2-4BE7-AFE1-7DCA18CA63E5}.Release|iPhoneSimulator.Build.0 = Release|Any CPU
		{07B01734-F6B2-4BE7-AFE1-7DCA18CA63E5}.Release|iPhoneSimulator.Deploy.0 = Release|Any CPU
		{07B01734-F6B2-4BE7-AFE1-7DCA18CA63E5}.Release|x64.ActiveCfg = Release|Any CPU
		{07B01734-F6B2-4BE7-AFE1-7DCA18CA63E5}.Release|x64.Build.0 = Release|Any CPU
		{07B01734-F6B2-4BE7-AFE1-7DCA18CA63E5}.Release|x64.Deploy.0 = Release|Any CPU
		{07B01734-F6B2-4BE7-AFE1-7DCA18CA63E5}.Release|x86.ActiveCfg = Release|Any CPU
		{07B01734-F6B2-4BE7-AFE1-7DCA18CA63E5}.Release|x86.Build.0 = Release|Any CPU
		{07B01734-F6B2-4BE7-AFE1-7DCA18CA63E5}.Release|x86.Deploy.0 = Release|Any CPU
		{BC40300B-CA3A-4D4B-8BE2-8D4B7367E06F}.Ad-Hoc|Any CPU.ActiveCfg = Ad-Hoc|iPhone
		{BC40300B-CA3A-4D4B-8BE2-8D4B7367E06F}.Ad-Hoc|ARM.ActiveCfg = Ad-Hoc|iPhone
		{BC40300B-CA3A-4D4B-8BE2-8D4B7367E06F}.Ad-Hoc|iPhone.ActiveCfg = Ad-Hoc|iPhone
		{BC40300B-CA3A-4D4B-8BE2-8D4B7367E06F}.Ad-Hoc|iPhone.Build.0 = Ad-Hoc|iPhone
		{BC40300B-CA3A-4D4B-8BE2-8D4B7367E06F}.Ad-Hoc|iPhoneSimulator.ActiveCfg = Ad-Hoc|iPhoneSimulator
		{BC40300B-CA3A-4D4B-8BE2-8D4B7367E06F}.Ad-Hoc|iPhoneSimulator.Build.0 = Ad-Hoc|iPhoneSimulator
		{BC40300B-CA3A-4D4B-8BE2-8D4B7367E06F}.Ad-Hoc|x64.ActiveCfg = Ad-Hoc|iPhone
		{BC40300B-CA3A-4D4B-8BE2-8D4B7367E06F}.Ad-Hoc|x86.ActiveCfg = Ad-Hoc|iPhone
		{BC40300B-CA3A-4D4B-8BE2-8D4B7367E06F}.AppStore|Any CPU.ActiveCfg = AppStore|iPhone
		{BC40300B-CA3A-4D4B-8BE2-8D4B7367E06F}.AppStore|ARM.ActiveCfg = AppStore|iPhone
		{BC40300B-CA3A-4D4B-8BE2-8D4B7367E06F}.AppStore|iPhone.ActiveCfg = AppStore|iPhone
		{BC40300B-CA3A-4D4B-8BE2-8D4B7367E06F}.AppStore|iPhone.Build.0 = AppStore|iPhone
		{BC40300B-CA3A-4D4B-8BE2-8D4B7367E06F}.AppStore|iPhoneSimulator.ActiveCfg = AppStore|iPhoneSimulator
		{BC40300B-CA3A-4D4B-8BE2-8D4B7367E06F}.AppStore|iPhoneSimulator.Build.0 = AppStore|iPhoneSimulator
		{BC40300B-CA3A-4D4B-8BE2-8D4B7367E06F}.AppStore|x64.ActiveCfg = AppStore|iPhone
		{BC40300B-CA3A-4D4B-8BE2-8D4B7367E06F}.AppStore|x86.ActiveCfg = AppStore|iPhone
		{BC40300B-CA3A-4D4B-8BE2-8D4B7367E06F}.Debug|Any CPU.ActiveCfg = Debug|iPhone
		{BC40300B-CA3A-4D4B-8BE2-8D4B7367E06F}.Debug|ARM.ActiveCfg = Debug|iPhone
		{BC40300B-CA3A-4D4B-8BE2-8D4B7367E06F}.Debug|iPhone.ActiveCfg = Debug|iPhone
		{BC40300B-CA3A-4D4B-8BE2-8D4B7367E06F}.Debug|iPhone.Build.0 = Debug|iPhone
		{BC40300B-CA3A-4D4B-8BE2-8D4B7367E06F}.Debug|iPhoneSimulator.ActiveCfg = Debug|iPhoneSimulator
		{BC40300B-CA3A-4D4B-8BE2-8D4B7367E06F}.Debug|iPhoneSimulator.Build.0 = Debug|iPhoneSimulator
		{BC40300B-CA3A-4D4B-8BE2-8D4B7367E06F}.Debug|x64.ActiveCfg = Debug|iPhone
		{BC40300B-CA3A-4D4B-8BE2-8D4B7367E06F}.Debug|x86.ActiveCfg = Debug|iPhone
		{BC40300B-CA3A-4D4B-8BE2-8D4B7367E06F}.Release|Any CPU.ActiveCfg = Release|iPhone
		{BC40300B-CA3A-4D4B-8BE2-8D4B7367E06F}.Release|ARM.ActiveCfg = Release|iPhone
		{BC40300B-CA3A-4D4B-8BE2-8D4B7367E06F}.Release|iPhone.ActiveCfg = Release|iPhone
		{BC40300B-CA3A-4D4B-8BE2-8D4B7367E06F}.Release|iPhone.Build.0 = Release|iPhone
		{BC40300B-CA3A-4D4B-8BE2-8D4B7367E06F}.Release|iPhoneSimulator.ActiveCfg = Release|iPhoneSimulator
		{BC40300B-CA3A-4D4B-8BE2-8D4B7367E06F}.Release|iPhoneSimulator.Build.0 = Release|iPhoneSimulator
		{BC40300B-CA3A-4D4B-8BE2-8D4B7367E06F}.Release|x64.ActiveCfg = Release|iPhone
		{BC40300B-CA3A-4D4B-8BE2-8D4B7367E06F}.Release|x86.ActiveCfg = Release|iPhone
		{021C4518-0011-44FC-A668-F77DA043EB3C}.Ad-Hoc|Any CPU.ActiveCfg = Release|Any CPU
		{021C4518-0011-44FC-A668-F77DA043EB3C}.Ad-Hoc|Any CPU.Build.0 = Release|Any CPU
		{021C4518-0011-44FC-A668-F77DA043EB3C}.Ad-Hoc|Any CPU.Deploy.0 = Release|Any CPU
		{021C4518-0011-44FC-A668-F77DA043EB3C}.Ad-Hoc|ARM.ActiveCfg = Release|ARM
		{021C4518-0011-44FC-A668-F77DA043EB3C}.Ad-Hoc|ARM.Build.0 = Release|ARM
		{021C4518-0011-44FC-A668-F77DA043EB3C}.Ad-Hoc|ARM.Deploy.0 = Release|ARM
		{021C4518-0011-44FC-A668-F77DA043EB3C}.Ad-Hoc|iPhone.ActiveCfg = Release|Any CPU
		{021C4518-0011-44FC-A668-F77DA043EB3C}.Ad-Hoc|iPhone.Build.0 = Release|Any CPU
		{021C4518-0011-44FC-A668-F77DA043EB3C}.Ad-Hoc|iPhone.Deploy.0 = Release|Any CPU
		{021C4518-0011-44FC-A668-F77DA043EB3C}.Ad-Hoc|iPhoneSimulator.ActiveCfg = Release|Any CPU
		{021C4518-0011-44FC-A668-F77DA043EB3C}.Ad-Hoc|iPhoneSimulator.Build.0 = Release|Any CPU
		{021C4518-0011-44FC-A668-F77DA043EB3C}.Ad-Hoc|iPhoneSimulator.Deploy.0 = Release|Any CPU
		{021C4518-0011-44FC-A668-F77DA043EB3C}.Ad-Hoc|x64.ActiveCfg = Release|Any CPU
		{021C4518-0011-44FC-A668-F77DA043EB3C}.Ad-Hoc|x64.Build.0 = Release|Any CPU
		{021C4518-0011-44FC-A668-F77DA043EB3C}.Ad-Hoc|x64.Deploy.0 = Release|Any CPU
		{021C4518-0011-44FC-A668-F77DA043EB3C}.Ad-Hoc|x86.ActiveCfg = Release|x86
		{021C4518-0011-44FC-A668-F77DA043EB3C}.Ad-Hoc|x86.Build.0 = Release|x86
		{021C4518-0011-44FC-A668-F77DA043EB3C}.Ad-Hoc|x86.Deploy.0 = Release|x86
		{021C4518-0011-44FC-A668-F77DA043EB3C}.AppStore|Any CPU.ActiveCfg = Release|Any CPU
		{021C4518-0011-44FC-A668-F77DA043EB3C}.AppStore|Any CPU.Build.0 = Release|Any CPU
		{021C4518-0011-44FC-A668-F77DA043EB3C}.AppStore|Any CPU.Deploy.0 = Release|Any CPU
		{021C4518-0011-44FC-A668-F77DA043EB3C}.AppStore|ARM.ActiveCfg = Release|ARM
		{021C4518-0011-44FC-A668-F77DA043EB3C}.AppStore|ARM.Build.0 = Release|ARM
		{021C4518-0011-44FC-A668-F77DA043EB3C}.AppStore|ARM.Deploy.0 = Release|ARM
		{021C4518-0011-44FC-A668-F77DA043EB3C}.AppStore|iPhone.ActiveCfg = Release|Any CPU
		{021C4518-0011-44FC-A668-F77DA043EB3C}.AppStore|iPhone.Build.0 = Release|Any CPU
		{021C4518-0011-44FC-A668-F77DA043EB3C}.AppStore|iPhone.Deploy.0 = Release|Any CPU
		{021C4518-0011-44FC-A668-F77DA043EB3C}.AppStore|iPhoneSimulator.ActiveCfg = Release|Any CPU
		{021C4518-0011-44FC-A668-F77DA043EB3C}.AppStore|iPhoneSimulator.Build.0 = Release|Any CPU
		{021C4518-0011-44FC-A668-F77DA043EB3C}.AppStore|iPhoneSimulator.Deploy.0 = Release|Any CPU
		{021C4518-0011-44FC-A668-F77DA043EB3C}.AppStore|x64.ActiveCfg = Release|Any CPU
		{021C4518-0011-44FC-A668-F77DA043EB3C}.AppStore|x64.Build.0 = Release|Any CPU
		{021C4518-0011-44FC-A668-F77DA043EB3C}.AppStore|x64.Deploy.0 = Release|Any CPU
		{021C4518-0011-44FC-A668-F77DA043EB3C}.AppStore|x86.ActiveCfg = Release|x86
		{021C4518-0011-44FC-A668-F77DA043EB3C}.AppStore|x86.Build.0 = Release|x86
		{021C4518-0011-44FC-A668-F77DA043EB3C}.AppStore|x86.Deploy.0 = Release|x86
		{021C4518-0011-44FC-A668-F77DA043EB3C}.Debug|Any CPU.ActiveCfg = Debug|Any CPU
		{021C4518-0011-44FC-A668-F77DA043EB3C}.Debug|Any CPU.Build.0 = Debug|Any CPU
		{021C4518-0011-44FC-A668-F77DA043EB3C}.Debug|Any CPU.Deploy.0 = Debug|Any CPU
		{021C4518-0011-44FC-A668-F77DA043EB3C}.Debug|ARM.ActiveCfg = Debug|ARM
		{021C4518-0011-44FC-A668-F77DA043EB3C}.Debug|ARM.Build.0 = Debug|ARM
		{021C4518-0011-44FC-A668-F77DA043EB3C}.Debug|ARM.Deploy.0 = Debug|ARM
		{021C4518-0011-44FC-A668-F77DA043EB3C}.Debug|iPhone.ActiveCfg = Debug|Any CPU
		{021C4518-0011-44FC-A668-F77DA043EB3C}.Debug|iPhone.Build.0 = Debug|Any CPU
		{021C4518-0011-44FC-A668-F77DA043EB3C}.Debug|iPhone.Deploy.0 = Debug|Any CPU
		{021C4518-0011-44FC-A668-F77DA043EB3C}.Debug|iPhoneSimulator.ActiveCfg = Debug|Any CPU
		{021C4518-0011-44FC-A668-F77DA043EB3C}.Debug|iPhoneSimulator.Build.0 = Debug|Any CPU
		{021C4518-0011-44FC-A668-F77DA043EB3C}.Debug|iPhoneSimulator.Deploy.0 = Debug|Any CPU
		{021C4518-0011-44FC-A668-F77DA043EB3C}.Debug|x64.ActiveCfg = Debug|Any CPU
		{021C4518-0011-44FC-A668-F77DA043EB3C}.Debug|x64.Build.0 = Debug|Any CPU
		{021C4518-0011-44FC-A668-F77DA043EB3C}.Debug|x64.Deploy.0 = Debug|Any CPU
		{021C4518-0011-44FC-A668-F77DA043EB3C}.Debug|x86.ActiveCfg = Debug|x86
		{021C4518-0011-44FC-A668-F77DA043EB3C}.Debug|x86.Build.0 = Debug|x86
		{021C4518-0011-44FC-A668-F77DA043EB3C}.Debug|x86.Deploy.0 = Debug|x86
		{021C4518-0011-44FC-A668-F77DA043EB3C}.Release|Any CPU.ActiveCfg = Release|Any CPU
		{021C4518-0011-44FC-A668-F77DA043EB3C}.Release|Any CPU.Build.0 = Release|Any CPU
		{021C4518-0011-44FC-A668-F77DA043EB3C}.Release|Any CPU.Deploy.0 = Release|Any CPU
		{021C4518-0011-44FC-A668-F77DA043EB3C}.Release|ARM.ActiveCfg = Release|ARM
		{021C4518-0011-44FC-A668-F77DA043EB3C}.Release|ARM.Build.0 = Release|ARM
		{021C4518-0011-44FC-A668-F77DA043EB3C}.Release|ARM.Deploy.0 = Release|ARM
		{021C4518-0011-44FC-A668-F77DA043EB3C}.Release|iPhone.ActiveCfg = Release|Any CPU
		{021C4518-0011-44FC-A668-F77DA043EB3C}.Release|iPhone.Build.0 = Release|Any CPU
		{021C4518-0011-44FC-A668-F77DA043EB3C}.Release|iPhone.Deploy.0 = Release|Any CPU
		{021C4518-0011-44FC-A668-F77DA043EB3C}.Release|iPhoneSimulator.ActiveCfg = Release|Any CPU
		{021C4518-0011-44FC-A668-F77DA043EB3C}.Release|iPhoneSimulator.Build.0 = Release|Any CPU
		{021C4518-0011-44FC-A668-F77DA043EB3C}.Release|iPhoneSimulator.Deploy.0 = Release|Any CPU
		{021C4518-0011-44FC-A668-F77DA043EB3C}.Release|x64.ActiveCfg = Release|Any CPU
		{021C4518-0011-44FC-A668-F77DA043EB3C}.Release|x64.Build.0 = Release|Any CPU
		{021C4518-0011-44FC-A668-F77DA043EB3C}.Release|x64.Deploy.0 = Release|Any CPU
		{021C4518-0011-44FC-A668-F77DA043EB3C}.Release|x86.ActiveCfg = Release|x86
		{021C4518-0011-44FC-A668-F77DA043EB3C}.Release|x86.Build.0 = Release|x86
		{021C4518-0011-44FC-A668-F77DA043EB3C}.Release|x86.Deploy.0 = Release|x86
		{C6AD7D78-21B2-4DCC-8C15-A08E4CB02F1B}.Ad-Hoc|Any CPU.ActiveCfg = Release|x86
		{C6AD7D78-21B2-4DCC-8C15-A08E4CB02F1B}.Ad-Hoc|Any CPU.Build.0 = Release|x86
		{C6AD7D78-21B2-4DCC-8C15-A08E4CB02F1B}.Ad-Hoc|Any CPU.Deploy.0 = Release|x86
		{C6AD7D78-21B2-4DCC-8C15-A08E4CB02F1B}.Ad-Hoc|ARM.ActiveCfg = Release|ARM
		{C6AD7D78-21B2-4DCC-8C15-A08E4CB02F1B}.Ad-Hoc|ARM.Build.0 = Release|ARM
		{C6AD7D78-21B2-4DCC-8C15-A08E4CB02F1B}.Ad-Hoc|ARM.Deploy.0 = Release|ARM
		{C6AD7D78-21B2-4DCC-8C15-A08E4CB02F1B}.Ad-Hoc|iPhone.ActiveCfg = Release|x86
		{C6AD7D78-21B2-4DCC-8C15-A08E4CB02F1B}.Ad-Hoc|iPhone.Build.0 = Release|x86
		{C6AD7D78-21B2-4DCC-8C15-A08E4CB02F1B}.Ad-Hoc|iPhone.Deploy.0 = Release|x86
		{C6AD7D78-21B2-4DCC-8C15-A08E4CB02F1B}.Ad-Hoc|iPhoneSimulator.ActiveCfg = Release|x86
		{C6AD7D78-21B2-4DCC-8C15-A08E4CB02F1B}.Ad-Hoc|iPhoneSimulator.Build.0 = Release|x86
		{C6AD7D78-21B2-4DCC-8C15-A08E4CB02F1B}.Ad-Hoc|iPhoneSimulator.Deploy.0 = Release|x86
		{C6AD7D78-21B2-4DCC-8C15-A08E4CB02F1B}.Ad-Hoc|x64.ActiveCfg = Release|x64
		{C6AD7D78-21B2-4DCC-8C15-A08E4CB02F1B}.Ad-Hoc|x64.Build.0 = Release|x64
		{C6AD7D78-21B2-4DCC-8C15-A08E4CB02F1B}.Ad-Hoc|x64.Deploy.0 = Release|x64
		{C6AD7D78-21B2-4DCC-8C15-A08E4CB02F1B}.Ad-Hoc|x86.ActiveCfg = Release|x86
		{C6AD7D78-21B2-4DCC-8C15-A08E4CB02F1B}.Ad-Hoc|x86.Build.0 = Release|x86
		{C6AD7D78-21B2-4DCC-8C15-A08E4CB02F1B}.Ad-Hoc|x86.Deploy.0 = Release|x86
		{C6AD7D78-21B2-4DCC-8C15-A08E4CB02F1B}.AppStore|Any CPU.ActiveCfg = Release|x86
		{C6AD7D78-21B2-4DCC-8C15-A08E4CB02F1B}.AppStore|Any CPU.Build.0 = Release|x86
		{C6AD7D78-21B2-4DCC-8C15-A08E4CB02F1B}.AppStore|Any CPU.Deploy.0 = Release|x86
		{C6AD7D78-21B2-4DCC-8C15-A08E4CB02F1B}.AppStore|ARM.ActiveCfg = Release|ARM
		{C6AD7D78-21B2-4DCC-8C15-A08E4CB02F1B}.AppStore|ARM.Build.0 = Release|ARM
		{C6AD7D78-21B2-4DCC-8C15-A08E4CB02F1B}.AppStore|ARM.Deploy.0 = Release|ARM
		{C6AD7D78-21B2-4DCC-8C15-A08E4CB02F1B}.AppStore|iPhone.ActiveCfg = Release|x86
		{C6AD7D78-21B2-4DCC-8C15-A08E4CB02F1B}.AppStore|iPhone.Build.0 = Release|x86
		{C6AD7D78-21B2-4DCC-8C15-A08E4CB02F1B}.AppStore|iPhone.Deploy.0 = Release|x86
		{C6AD7D78-21B2-4DCC-8C15-A08E4CB02F1B}.AppStore|iPhoneSimulator.ActiveCfg = Release|x86
		{C6AD7D78-21B2-4DCC-8C15-A08E4CB02F1B}.AppStore|iPhoneSimulator.Build.0 = Release|x86
		{C6AD7D78-21B2-4DCC-8C15-A08E4CB02F1B}.AppStore|iPhoneSimulator.Deploy.0 = Release|x86
		{C6AD7D78-21B2-4DCC-8C15-A08E4CB02F1B}.AppStore|x64.ActiveCfg = Release|x64
		{C6AD7D78-21B2-4DCC-8C15-A08E4CB02F1B}.AppStore|x64.Build.0 = Release|x64
		{C6AD7D78-21B2-4DCC-8C15-A08E4CB02F1B}.AppStore|x64.Deploy.0 = Release|x64
		{C6AD7D78-21B2-4DCC-8C15-A08E4CB02F1B}.AppStore|x86.ActiveCfg = Release|x86
		{C6AD7D78-21B2-4DCC-8C15-A08E4CB02F1B}.AppStore|x86.Build.0 = Release|x86
		{C6AD7D78-21B2-4DCC-8C15-A08E4CB02F1B}.AppStore|x86.Deploy.0 = Release|x86
		{C6AD7D78-21B2-4DCC-8C15-A08E4CB02F1B}.Debug|Any CPU.ActiveCfg = Debug|x86
		{C6AD7D78-21B2-4DCC-8C15-A08E4CB02F1B}.Debug|ARM.ActiveCfg = Debug|ARM
		{C6AD7D78-21B2-4DCC-8C15-A08E4CB02F1B}.Debug|ARM.Build.0 = Debug|ARM
		{C6AD7D78-21B2-4DCC-8C15-A08E4CB02F1B}.Debug|ARM.Deploy.0 = Debug|ARM
		{C6AD7D78-21B2-4DCC-8C15-A08E4CB02F1B}.Debug|iPhone.ActiveCfg = Debug|x86
		{C6AD7D78-21B2-4DCC-8C15-A08E4CB02F1B}.Debug|iPhoneSimulator.ActiveCfg = Debug|x86
		{C6AD7D78-21B2-4DCC-8C15-A08E4CB02F1B}.Debug|x64.ActiveCfg = Debug|x64
		{C6AD7D78-21B2-4DCC-8C15-A08E4CB02F1B}.Debug|x64.Build.0 = Debug|x64
		{C6AD7D78-21B2-4DCC-8C15-A08E4CB02F1B}.Debug|x64.Deploy.0 = Debug|x64
		{C6AD7D78-21B2-4DCC-8C15-A08E4CB02F1B}.Debug|x86.ActiveCfg = Debug|x86
		{C6AD7D78-21B2-4DCC-8C15-A08E4CB02F1B}.Debug|x86.Build.0 = Debug|x86
		{C6AD7D78-21B2-4DCC-8C15-A08E4CB02F1B}.Debug|x86.Deploy.0 = Debug|x86
		{C6AD7D78-21B2-4DCC-8C15-A08E4CB02F1B}.Release|Any CPU.ActiveCfg = Release|x86
		{C6AD7D78-21B2-4DCC-8C15-A08E4CB02F1B}.Release|ARM.ActiveCfg = Release|ARM
		{C6AD7D78-21B2-4DCC-8C15-A08E4CB02F1B}.Release|ARM.Build.0 = Release|ARM
		{C6AD7D78-21B2-4DCC-8C15-A08E4CB02F1B}.Release|ARM.Deploy.0 = Release|ARM
		{C6AD7D78-21B2-4DCC-8C15-A08E4CB02F1B}.Release|iPhone.ActiveCfg = Release|x86
		{C6AD7D78-21B2-4DCC-8C15-A08E4CB02F1B}.Release|iPhoneSimulator.ActiveCfg = Release|x86
		{C6AD7D78-21B2-4DCC-8C15-A08E4CB02F1B}.Release|x64.ActiveCfg = Release|x64
		{C6AD7D78-21B2-4DCC-8C15-A08E4CB02F1B}.Release|x64.Build.0 = Release|x64
		{C6AD7D78-21B2-4DCC-8C15-A08E4CB02F1B}.Release|x64.Deploy.0 = Release|x64
		{C6AD7D78-21B2-4DCC-8C15-A08E4CB02F1B}.Release|x86.ActiveCfg = Release|x86
		{C6AD7D78-21B2-4DCC-8C15-A08E4CB02F1B}.Release|x86.Build.0 = Release|x86
		{C6AD7D78-21B2-4DCC-8C15-A08E4CB02F1B}.Release|x86.Deploy.0 = Release|x86
		{BDE77CB4-D7A7-49DE-83D1-5B453B7A3B94}.Ad-Hoc|Any CPU.ActiveCfg = Release|Any CPU
		{BDE77CB4-D7A7-49DE-83D1-5B453B7A3B94}.Ad-Hoc|Any CPU.Build.0 = Release|Any CPU
		{BDE77CB4-D7A7-49DE-83D1-5B453B7A3B94}.Ad-Hoc|Any CPU.Deploy.0 = Release|Any CPU
		{BDE77CB4-D7A7-49DE-83D1-5B453B7A3B94}.Ad-Hoc|ARM.ActiveCfg = Release|ARM
		{BDE77CB4-D7A7-49DE-83D1-5B453B7A3B94}.Ad-Hoc|ARM.Build.0 = Release|ARM
		{BDE77CB4-D7A7-49DE-83D1-5B453B7A3B94}.Ad-Hoc|ARM.Deploy.0 = Release|ARM
		{BDE77CB4-D7A7-49DE-83D1-5B453B7A3B94}.Ad-Hoc|iPhone.ActiveCfg = Release|Any CPU
		{BDE77CB4-D7A7-49DE-83D1-5B453B7A3B94}.Ad-Hoc|iPhone.Build.0 = Release|Any CPU
		{BDE77CB4-D7A7-49DE-83D1-5B453B7A3B94}.Ad-Hoc|iPhone.Deploy.0 = Release|Any CPU
		{BDE77CB4-D7A7-49DE-83D1-5B453B7A3B94}.Ad-Hoc|iPhoneSimulator.ActiveCfg = Release|Any CPU
		{BDE77CB4-D7A7-49DE-83D1-5B453B7A3B94}.Ad-Hoc|iPhoneSimulator.Build.0 = Release|Any CPU
		{BDE77CB4-D7A7-49DE-83D1-5B453B7A3B94}.Ad-Hoc|iPhoneSimulator.Deploy.0 = Release|Any CPU
		{BDE77CB4-D7A7-49DE-83D1-5B453B7A3B94}.Ad-Hoc|x64.ActiveCfg = Release|x64
		{BDE77CB4-D7A7-49DE-83D1-5B453B7A3B94}.Ad-Hoc|x64.Build.0 = Release|x64
		{BDE77CB4-D7A7-49DE-83D1-5B453B7A3B94}.Ad-Hoc|x64.Deploy.0 = Release|x64
		{BDE77CB4-D7A7-49DE-83D1-5B453B7A3B94}.Ad-Hoc|x86.ActiveCfg = Release|x86
		{BDE77CB4-D7A7-49DE-83D1-5B453B7A3B94}.Ad-Hoc|x86.Build.0 = Release|x86
		{BDE77CB4-D7A7-49DE-83D1-5B453B7A3B94}.Ad-Hoc|x86.Deploy.0 = Release|x86
		{BDE77CB4-D7A7-49DE-83D1-5B453B7A3B94}.AppStore|Any CPU.ActiveCfg = Release|Any CPU
		{BDE77CB4-D7A7-49DE-83D1-5B453B7A3B94}.AppStore|Any CPU.Build.0 = Release|Any CPU
		{BDE77CB4-D7A7-49DE-83D1-5B453B7A3B94}.AppStore|Any CPU.Deploy.0 = Release|Any CPU
		{BDE77CB4-D7A7-49DE-83D1-5B453B7A3B94}.AppStore|ARM.ActiveCfg = Release|ARM
		{BDE77CB4-D7A7-49DE-83D1-5B453B7A3B94}.AppStore|ARM.Build.0 = Release|ARM
		{BDE77CB4-D7A7-49DE-83D1-5B453B7A3B94}.AppStore|ARM.Deploy.0 = Release|ARM
		{BDE77CB4-D7A7-49DE-83D1-5B453B7A3B94}.AppStore|iPhone.ActiveCfg = Release|Any CPU
		{BDE77CB4-D7A7-49DE-83D1-5B453B7A3B94}.AppStore|iPhone.Build.0 = Release|Any CPU
		{BDE77CB4-D7A7-49DE-83D1-5B453B7A3B94}.AppStore|iPhone.Deploy.0 = Release|Any CPU
		{BDE77CB4-D7A7-49DE-83D1-5B453B7A3B94}.AppStore|iPhoneSimulator.ActiveCfg = Release|Any CPU
		{BDE77CB4-D7A7-49DE-83D1-5B453B7A3B94}.AppStore|iPhoneSimulator.Build.0 = Release|Any CPU
		{BDE77CB4-D7A7-49DE-83D1-5B453B7A3B94}.AppStore|iPhoneSimulator.Deploy.0 = Release|Any CPU
		{BDE77CB4-D7A7-49DE-83D1-5B453B7A3B94}.AppStore|x64.ActiveCfg = Release|x64
		{BDE77CB4-D7A7-49DE-83D1-5B453B7A3B94}.AppStore|x64.Build.0 = Release|x64
		{BDE77CB4-D7A7-49DE-83D1-5B453B7A3B94}.AppStore|x64.Deploy.0 = Release|x64
		{BDE77CB4-D7A7-49DE-83D1-5B453B7A3B94}.AppStore|x86.ActiveCfg = Release|x86
		{BDE77CB4-D7A7-49DE-83D1-5B453B7A3B94}.AppStore|x86.Build.0 = Release|x86
		{BDE77CB4-D7A7-49DE-83D1-5B453B7A3B94}.AppStore|x86.Deploy.0 = Release|x86
		{BDE77CB4-D7A7-49DE-83D1-5B453B7A3B94}.Debug|Any CPU.ActiveCfg = Debug|Any CPU
		{BDE77CB4-D7A7-49DE-83D1-5B453B7A3B94}.Debug|Any CPU.Build.0 = Debug|Any CPU
		{BDE77CB4-D7A7-49DE-83D1-5B453B7A3B94}.Debug|Any CPU.Deploy.0 = Debug|Any CPU
		{BDE77CB4-D7A7-49DE-83D1-5B453B7A3B94}.Debug|ARM.ActiveCfg = Debug|ARM
		{BDE77CB4-D7A7-49DE-83D1-5B453B7A3B94}.Debug|ARM.Build.0 = Debug|ARM
		{BDE77CB4-D7A7-49DE-83D1-5B453B7A3B94}.Debug|ARM.Deploy.0 = Debug|ARM
		{BDE77CB4-D7A7-49DE-83D1-5B453B7A3B94}.Debug|iPhone.ActiveCfg = Debug|Any CPU
		{BDE77CB4-D7A7-49DE-83D1-5B453B7A3B94}.Debug|iPhone.Build.0 = Debug|Any CPU
		{BDE77CB4-D7A7-49DE-83D1-5B453B7A3B94}.Debug|iPhone.Deploy.0 = Debug|Any CPU
		{BDE77CB4-D7A7-49DE-83D1-5B453B7A3B94}.Debug|iPhoneSimulator.ActiveCfg = Debug|Any CPU
		{BDE77CB4-D7A7-49DE-83D1-5B453B7A3B94}.Debug|iPhoneSimulator.Build.0 = Debug|Any CPU
		{BDE77CB4-D7A7-49DE-83D1-5B453B7A3B94}.Debug|iPhoneSimulator.Deploy.0 = Debug|Any CPU
		{BDE77CB4-D7A7-49DE-83D1-5B453B7A3B94}.Debug|x64.ActiveCfg = Debug|x64
		{BDE77CB4-D7A7-49DE-83D1-5B453B7A3B94}.Debug|x64.Build.0 = Debug|x64
		{BDE77CB4-D7A7-49DE-83D1-5B453B7A3B94}.Debug|x64.Deploy.0 = Debug|x64
		{BDE77CB4-D7A7-49DE-83D1-5B453B7A3B94}.Debug|x86.ActiveCfg = Debug|x86
		{BDE77CB4-D7A7-49DE-83D1-5B453B7A3B94}.Debug|x86.Build.0 = Debug|x86
		{BDE77CB4-D7A7-49DE-83D1-5B453B7A3B94}.Debug|x86.Deploy.0 = Debug|x86
		{BDE77CB4-D7A7-49DE-83D1-5B453B7A3B94}.Release|Any CPU.ActiveCfg = Release|Any CPU
		{BDE77CB4-D7A7-49DE-83D1-5B453B7A3B94}.Release|Any CPU.Build.0 = Release|Any CPU
		{BDE77CB4-D7A7-49DE-83D1-5B453B7A3B94}.Release|Any CPU.Deploy.0 = Release|Any CPU
		{BDE77CB4-D7A7-49DE-83D1-5B453B7A3B94}.Release|ARM.ActiveCfg = Release|ARM
		{BDE77CB4-D7A7-49DE-83D1-5B453B7A3B94}.Release|ARM.Build.0 = Release|ARM
		{BDE77CB4-D7A7-49DE-83D1-5B453B7A3B94}.Release|ARM.Deploy.0 = Release|ARM
		{BDE77CB4-D7A7-49DE-83D1-5B453B7A3B94}.Release|iPhone.ActiveCfg = Release|Any CPU
		{BDE77CB4-D7A7-49DE-83D1-5B453B7A3B94}.Release|iPhone.Build.0 = Release|Any CPU
		{BDE77CB4-D7A7-49DE-83D1-5B453B7A3B94}.Release|iPhone.Deploy.0 = Release|Any CPU
		{BDE77CB4-D7A7-49DE-83D1-5B453B7A3B94}.Release|iPhoneSimulator.ActiveCfg = Release|Any CPU
		{BDE77CB4-D7A7-49DE-83D1-5B453B7A3B94}.Release|iPhoneSimulator.Build.0 = Release|Any CPU
		{BDE77CB4-D7A7-49DE-83D1-5B453B7A3B94}.Release|iPhoneSimulator.Deploy.0 = Release|Any CPU
		{BDE77CB4-D7A7-49DE-83D1-5B453B7A3B94}.Release|x64.ActiveCfg = Release|x64
		{BDE77CB4-D7A7-49DE-83D1-5B453B7A3B94}.Release|x64.Build.0 = Release|x64
		{BDE77CB4-D7A7-49DE-83D1-5B453B7A3B94}.Release|x64.Deploy.0 = Release|x64
		{BDE77CB4-D7A7-49DE-83D1-5B453B7A3B94}.Release|x86.ActiveCfg = Release|x86
		{BDE77CB4-D7A7-49DE-83D1-5B453B7A3B94}.Release|x86.Build.0 = Release|x86
		{BDE77CB4-D7A7-49DE-83D1-5B453B7A3B94}.Release|x86.Deploy.0 = Release|x86
	EndGlobalSection
	GlobalSection(SolutionProperties) = preSolution
		HideSolutionNode = FALSE
	EndGlobalSection
EndGlobal
