
Microsoft Visual Studio Solution File, Format Version 12.00
# Visual Studio 14
VisualStudioVersion = 14.0.25420.1
MinimumVisualStudioVersion = 10.0.40219.1
Project("{FAE04EC0-301F-11D3-BF4B-00C04F79EFBC}") = "MyDialer", "MyDialer\MyDialer\MyDialer.csproj", "{987107E7-0A5D-4E94-A62F-6B1AF881B878}"
EndProject
Project("{FAE04EC0-301F-11D3-BF4B-00C04F79EFBC}") = "MyDialer.Droid", "MyDialer\MyDialer.Droid\MyDialer.Droid.csproj", "{84C97B2E-5A5A-4362-BECD-D6ACF5EC6704}"
EndProject
Project("{FAE04EC0-301F-11D3-BF4B-00C04F79EFBC}") = "MyDialer.iOS", "MyDialer\MyDialer.iOS\MyDialer.iOS.csproj", "{FC432C86-42E9-447B-91BB-FB6260F06BC1}"
EndProject
Project("{FAE04EC0-301F-11D3-BF4B-00C04F79EFBC}") = "MyDialer.WinPhone", "MyDialer\MyDialer.WinPhone\MyDialer.WinPhone.csproj", "{44DAB545-BD01-457F-B7B5-BB63574AC8D7}"
EndProject
Project("{FAE04EC0-301F-11D3-BF4B-00C04F79EFBC}") = "MyDialer.UWP", "MyDialer\MyDialer.UWP\MyDialer.UWP.csproj", "{FE609780-83E1-4A65-B7DE-79A48660FD14}"
EndProject
Project("{FAE04EC0-301F-11D3-BF4B-00C04F79EFBC}") = "MyDialer.Windows", "MyDialer\MyDialer.Windows\MyDialer.Windows.csproj", "{715B3D93-F7E5-41D3-87F5-C876B2A31D44}"
EndProject
Global
	GlobalSection(SolutionConfigurationPlatforms) = preSolution
		Ad-Hoc|Any CPU = Ad-Hoc|Any CPU
		Ad-Hoc|ARM = Ad-Hoc|ARM
		Ad-Hoc|iPhone = Ad-Hoc|iPhone
		Ad-Hoc|iPhoneSimulator = Ad-Hoc|iPhoneSimulator
		Ad-Hoc|x64 = Ad-Hoc|x64
		Ad-Hoc|x86 = Ad-Hoc|x86
		AppStore|Any CPU = AppStore|Any CPU
		AppStore|ARM = AppStore|ARM
		AppStore|iPhone = AppStore|iPhone
		AppStore|iPhoneSimulator = AppStore|iPhoneSimulator
		AppStore|x64 = AppStore|x64
		AppStore|x86 = AppStore|x86
		Debug|Any CPU = Debug|Any CPU
		Debug|ARM = Debug|ARM
		Debug|iPhone = Debug|iPhone
		Debug|iPhoneSimulator = Debug|iPhoneSimulator
		Debug|x64 = Debug|x64
		Debug|x86 = Debug|x86
		Release|Any CPU = Release|Any CPU
		Release|ARM = Release|ARM
		Release|iPhone = Release|iPhone
		Release|iPhoneSimulator = Release|iPhoneSimulator
		Release|x64 = Release|x64
		Release|x86 = Release|x86
	EndGlobalSection
	GlobalSection(ProjectConfigurationPlatforms) = postSolution
		{987107E7-0A5D-4E94-A62F-6B1AF881B878}.Ad-Hoc|Any CPU.ActiveCfg = Release|Any CPU
		{987107E7-0A5D-4E94-A62F-6B1AF881B878}.Ad-Hoc|Any CPU.Build.0 = Release|Any CPU
		{987107E7-0A5D-4E94-A62F-6B1AF881B878}.Ad-Hoc|ARM.ActiveCfg = Release|Any CPU
		{987107E7-0A5D-4E94-A62F-6B1AF881B878}.Ad-Hoc|ARM.Build.0 = Release|Any CPU
		{987107E7-0A5D-4E94-A62F-6B1AF881B878}.Ad-Hoc|iPhone.ActiveCfg = Release|Any CPU
		{987107E7-0A5D-4E94-A62F-6B1AF881B878}.Ad-Hoc|iPhone.Build.0 = Release|Any CPU
		{987107E7-0A5D-4E94-A62F-6B1AF881B878}.Ad-Hoc|iPhoneSimulator.ActiveCfg = Release|Any CPU
		{987107E7-0A5D-4E94-A62F-6B1AF881B878}.Ad-Hoc|iPhoneSimulator.Build.0 = Release|Any CPU
		{987107E7-0A5D-4E94-A62F-6B1AF881B878}.Ad-Hoc|x64.ActiveCfg = Release|Any CPU
		{987107E7-0A5D-4E94-A62F-6B1AF881B878}.Ad-Hoc|x64.Build.0 = Release|Any CPU
		{987107E7-0A5D-4E94-A62F-6B1AF881B878}.Ad-Hoc|x86.ActiveCfg = Release|Any CPU
		{987107E7-0A5D-4E94-A62F-6B1AF881B878}.Ad-Hoc|x86.Build.0 = Release|Any CPU
		{987107E7-0A5D-4E94-A62F-6B1AF881B878}.AppStore|Any CPU.ActiveCfg = Release|Any CPU
		{987107E7-0A5D-4E94-A62F-6B1AF881B878}.AppStore|Any CPU.Build.0 = Release|Any CPU
		{987107E7-0A5D-4E94-A62F-6B1AF881B878}.AppStore|ARM.ActiveCfg = Release|Any CPU
		{987107E7-0A5D-4E94-A62F-6B1AF881B878}.AppStore|ARM.Build.0 = Release|Any CPU
		{987107E7-0A5D-4E94-A62F-6B1AF881B878}.AppStore|iPhone.ActiveCfg = Release|Any CPU
		{987107E7-0A5D-4E94-A62F-6B1AF881B878}.AppStore|iPhone.Build.0 = Release|Any CPU
		{987107E7-0A5D-4E94-A62F-6B1AF881B878}.AppStore|iPhoneSimulator.ActiveCfg = Release|Any CPU
		{987107E7-0A5D-4E94-A62F-6B1AF881B878}.AppStore|iPhoneSimulator.Build.0 = Release|Any CPU
		{987107E7-0A5D-4E94-A62F-6B1AF881B878}.AppStore|x64.ActiveCfg = Release|Any CPU
		{987107E7-0A5D-4E94-A62F-6B1AF881B878}.AppStore|x64.Build.0 = Release|Any CPU
		{987107E7-0A5D-4E94-A62F-6B1AF881B878}.AppStore|x86.ActiveCfg = Release|Any CPU
		{987107E7-0A5D-4E94-A62F-6B1AF881B878}.AppStore|x86.Build.0 = Release|Any CPU
		{987107E7-0A5D-4E94-A62F-6B1AF881B878}.Debug|Any CPU.ActiveCfg = Debug|Any CPU
		{987107E7-0A5D-4E94-A62F-6B1AF881B878}.Debug|Any CPU.Build.0 = Debug|Any CPU
		{987107E7-0A5D-4E94-A62F-6B1AF881B878}.Debug|ARM.ActiveCfg = Debug|Any CPU
		{987107E7-0A5D-4E94-A62F-6B1AF881B878}.Debug|ARM.Build.0 = Debug|Any CPU
		{987107E7-0A5D-4E94-A62F-6B1AF881B878}.Debug|iPhone.ActiveCfg = Debug|Any CPU
		{987107E7-0A5D-4E94-A62F-6B1AF881B878}.Debug|iPhone.Build.0 = Debug|Any CPU
		{987107E7-0A5D-4E94-A62F-6B1AF881B878}.Debug|iPhoneSimulator.ActiveCfg = Debug|Any CPU
		{987107E7-0A5D-4E94-A62F-6B1AF881B878}.Debug|iPhoneSimulator.Build.0 = Debug|Any CPU
		{987107E7-0A5D-4E94-A62F-6B1AF881B878}.Debug|x64.ActiveCfg = Debug|Any CPU
		{987107E7-0A5D-4E94-A62F-6B1AF881B878}.Debug|x64.Build.0 = Debug|Any CPU
		{987107E7-0A5D-4E94-A62F-6B1AF881B878}.Debug|x86.ActiveCfg = Debug|Any CPU
		{987107E7-0A5D-4E94-A62F-6B1AF881B878}.Debug|x86.Build.0 = Debug|Any CPU
		{987107E7-0A5D-4E94-A62F-6B1AF881B878}.Release|Any CPU.ActiveCfg = Release|Any CPU
		{987107E7-0A5D-4E94-A62F-6B1AF881B878}.Release|Any CPU.Build.0 = Release|Any CPU
		{987107E7-0A5D-4E94-A62F-6B1AF881B878}.Release|ARM.ActiveCfg = Release|Any CPU
		{987107E7-0A5D-4E94-A62F-6B1AF881B878}.Release|ARM.Build.0 = Release|Any CPU
		{987107E7-0A5D-4E94-A62F-6B1AF881B878}.Release|iPhone.ActiveCfg = Release|Any CPU
		{987107E7-0A5D-4E94-A62F-6B1AF881B878}.Release|iPhone.Build.0 = Release|Any CPU
		{987107E7-0A5D-4E94-A62F-6B1AF881B878}.Release|iPhoneSimulator.ActiveCfg = Release|Any CPU
		{987107E7-0A5D-4E94-A62F-6B1AF881B878}.Release|iPhoneSimulator.Build.0 = Release|Any CPU
		{987107E7-0A5D-4E94-A62F-6B1AF881B878}.Release|x64.ActiveCfg = Release|Any CPU
		{987107E7-0A5D-4E94-A62F-6B1AF881B878}.Release|x64.Build.0 = Release|Any CPU
		{987107E7-0A5D-4E94-A62F-6B1AF881B878}.Release|x86.ActiveCfg = Release|Any CPU
		{987107E7-0A5D-4E94-A62F-6B1AF881B878}.Release|x86.Build.0 = Release|Any CPU
		{84C97B2E-5A5A-4362-BECD-D6ACF5EC6704}.Ad-Hoc|Any CPU.ActiveCfg = Release|Any CPU
		{84C97B2E-5A5A-4362-BECD-D6ACF5EC6704}.Ad-Hoc|Any CPU.Build.0 = Release|Any CPU
		{84C97B2E-5A5A-4362-BECD-D6ACF5EC6704}.Ad-Hoc|Any CPU.Deploy.0 = Release|Any CPU
		{84C97B2E-5A5A-4362-BECD-D6ACF5EC6704}.Ad-Hoc|ARM.ActiveCfg = Release|Any CPU
		{84C97B2E-5A5A-4362-BECD-D6ACF5EC6704}.Ad-Hoc|ARM.Build.0 = Release|Any CPU
		{84C97B2E-5A5A-4362-BECD-D6ACF5EC6704}.Ad-Hoc|ARM.Deploy.0 = Release|Any CPU
		{84C97B2E-5A5A-4362-BECD-D6ACF5EC6704}.Ad-Hoc|iPhone.ActiveCfg = Release|Any CPU
		{84C97B2E-5A5A-4362-BECD-D6ACF5EC6704}.Ad-Hoc|iPhone.Build.0 = Release|Any CPU
		{84C97B2E-5A5A-4362-BECD-D6ACF5EC6704}.Ad-Hoc|iPhone.Deploy.0 = Release|Any CPU
		{84C97B2E-5A5A-4362-BECD-D6ACF5EC6704}.Ad-Hoc|iPhoneSimulator.ActiveCfg = Release|Any CPU
		{84C97B2E-5A5A-4362-BECD-D6ACF5EC6704}.Ad-Hoc|iPhoneSimulator.Build.0 = Release|Any CPU
		{84C97B2E-5A5A-4362-BECD-D6ACF5EC6704}.Ad-Hoc|iPhoneSimulator.Deploy.0 = Release|Any CPU
		{84C97B2E-5A5A-4362-BECD-D6ACF5EC6704}.Ad-Hoc|x64.ActiveCfg = Release|Any CPU
		{84C97B2E-5A5A-4362-BECD-D6ACF5EC6704}.Ad-Hoc|x64.Build.0 = Release|Any CPU
		{84C97B2E-5A5A-4362-BECD-D6ACF5EC6704}.Ad-Hoc|x64.Deploy.0 = Release|Any CPU
		{84C97B2E-5A5A-4362-BECD-D6ACF5EC6704}.Ad-Hoc|x86.ActiveCfg = Release|Any CPU
		{84C97B2E-5A5A-4362-BECD-D6ACF5EC6704}.Ad-Hoc|x86.Build.0 = Release|Any CPU
		{84C97B2E-5A5A-4362-BECD-D6ACF5EC6704}.Ad-Hoc|x86.Deploy.0 = Release|Any CPU
		{84C97B2E-5A5A-4362-BECD-D6ACF5EC6704}.AppStore|Any CPU.ActiveCfg = Release|Any CPU
		{84C97B2E-5A5A-4362-BECD-D6ACF5EC6704}.AppStore|Any CPU.Build.0 = Release|Any CPU
		{84C97B2E-5A5A-4362-BECD-D6ACF5EC6704}.AppStore|Any CPU.Deploy.0 = Release|Any CPU
		{84C97B2E-5A5A-4362-BECD-D6ACF5EC6704}.AppStore|ARM.ActiveCfg = Release|Any CPU
		{84C97B2E-5A5A-4362-BECD-D6ACF5EC6704}.AppStore|ARM.Build.0 = Release|Any CPU
		{84C97B2E-5A5A-4362-BECD-D6ACF5EC6704}.AppStore|ARM.Deploy.0 = Release|Any CPU
		{84C97B2E-5A5A-4362-BECD-D6ACF5EC6704}.AppStore|iPhone.ActiveCfg = Release|Any CPU
		{84C97B2E-5A5A-4362-BECD-D6ACF5EC6704}.AppStore|iPhone.Build.0 = Release|Any CPU
		{84C97B2E-5A5A-4362-BECD-D6ACF5EC6704}.AppStore|iPhone.Deploy.0 = Release|Any CPU
		{84C97B2E-5A5A-4362-BECD-D6ACF5EC6704}.AppStore|iPhoneSimulator.ActiveCfg = Release|Any CPU
		{84C97B2E-5A5A-4362-BECD-D6ACF5EC6704}.AppStore|iPhoneSimulator.Build.0 = Release|Any CPU
		{84C97B2E-5A5A-4362-BECD-D6ACF5EC6704}.AppStore|iPhoneSimulator.Deploy.0 = Release|Any CPU
		{84C97B2E-5A5A-4362-BECD-D6ACF5EC6704}.AppStore|x64.ActiveCfg = Release|Any CPU
		{84C97B2E-5A5A-4362-BECD-D6ACF5EC6704}.AppStore|x64.Build.0 = Release|Any CPU
		{84C97B2E-5A5A-4362-BECD-D6ACF5EC6704}.AppStore|x64.Deploy.0 = Release|Any CPU
		{84C97B2E-5A5A-4362-BECD-D6ACF5EC6704}.AppStore|x86.ActiveCfg = Release|Any CPU
		{84C97B2E-5A5A-4362-BECD-D6ACF5EC6704}.AppStore|x86.Build.0 = Release|Any CPU
		{84C97B2E-5A5A-4362-BECD-D6ACF5EC6704}.AppStore|x86.Deploy.0 = Release|Any CPU
		{84C97B2E-5A5A-4362-BECD-D6ACF5EC6704}.Debug|Any CPU.ActiveCfg = Debug|Any CPU
		{84C97B2E-5A5A-4362-BECD-D6ACF5EC6704}.Debug|Any CPU.Build.0 = Debug|Any CPU
		{84C97B2E-5A5A-4362-BECD-D6ACF5EC6704}.Debug|Any CPU.Deploy.0 = Debug|Any CPU
		{84C97B2E-5A5A-4362-BECD-D6ACF5EC6704}.Debug|ARM.ActiveCfg = Debug|Any CPU
		{84C97B2E-5A5A-4362-BECD-D6ACF5EC6704}.Debug|ARM.Build.0 = Debug|Any CPU
		{84C97B2E-5A5A-4362-BECD-D6ACF5EC6704}.Debug|ARM.Deploy.0 = Debug|Any CPU
		{84C97B2E-5A5A-4362-BECD-D6ACF5EC6704}.Debug|iPhone.ActiveCfg = Debug|Any CPU
		{84C97B2E-5A5A-4362-BECD-D6ACF5EC6704}.Debug|iPhone.Build.0 = Debug|Any CPU
		{84C97B2E-5A5A-4362-BECD-D6ACF5EC6704}.Debug|iPhone.Deploy.0 = Debug|Any CPU
		{84C97B2E-5A5A-4362-BECD-D6ACF5EC6704}.Debug|iPhoneSimulator.ActiveCfg = Debug|Any CPU
		{84C97B2E-5A5A-4362-BECD-D6ACF5EC6704}.Debug|iPhoneSimulator.Build.0 = Debug|Any CPU
		{84C97B2E-5A5A-4362-BECD-D6ACF5EC6704}.Debug|iPhoneSimulator.Deploy.0 = Debug|Any CPU
		{84C97B2E-5A5A-4362-BECD-D6ACF5EC6704}.Debug|x64.ActiveCfg = Debug|Any CPU
		{84C97B2E-5A5A-4362-BECD-D6ACF5EC6704}.Debug|x64.Build.0 = Debug|Any CPU
		{84C97B2E-5A5A-4362-BECD-D6ACF5EC6704}.Debug|x64.Deploy.0 = Debug|Any CPU
		{84C97B2E-5A5A-4362-BECD-D6ACF5EC6704}.Debug|x86.ActiveCfg = Debug|Any CPU
		{84C97B2E-5A5A-4362-BECD-D6ACF5EC6704}.Debug|x86.Build.0 = Debug|Any CPU
		{84C97B2E-5A5A-4362-BECD-D6ACF5EC6704}.Debug|x86.Deploy.0 = Debug|Any CPU
		{84C97B2E-5A5A-4362-BECD-D6ACF5EC6704}.Release|Any CPU.ActiveCfg = Release|Any CPU
		{84C97B2E-5A5A-4362-BECD-D6ACF5EC6704}.Release|Any CPU.Build.0 = Release|Any CPU
		{84C97B2E-5A5A-4362-BECD-D6ACF5EC6704}.Release|Any CPU.Deploy.0 = Release|Any CPU
		{84C97B2E-5A5A-4362-BECD-D6ACF5EC6704}.Release|ARM.ActiveCfg = Release|Any CPU
		{84C97B2E-5A5A-4362-BECD-D6ACF5EC6704}.Release|ARM.Build.0 = Release|Any CPU
		{84C97B2E-5A5A-4362-BECD-D6ACF5EC6704}.Release|ARM.Deploy.0 = Release|Any CPU
		{84C97B2E-5A5A-4362-BECD-D6ACF5EC6704}.Release|iPhone.ActiveCfg = Release|Any CPU
		{84C97B2E-5A5A-4362-BECD-D6ACF5EC6704}.Release|iPhone.Build.0 = Release|Any CPU
		{84C97B2E-5A5A-4362-BECD-D6ACF5EC6704}.Release|iPhone.Deploy.0 = Release|Any CPU
		{84C97B2E-5A5A-4362-BECD-D6ACF5EC6704}.Release|iPhoneSimulator.ActiveCfg = Release|Any CPU
		{84C97B2E-5A5A-4362-BECD-D6ACF5EC6704}.Release|iPhoneSimulator.Build.0 = Release|Any CPU
		{84C97B2E-5A5A-4362-BECD-D6ACF5EC6704}.Release|iPhoneSimulator.Deploy.0 = Release|Any CPU
		{84C97B2E-5A5A-4362-BECD-D6ACF5EC6704}.Release|x64.ActiveCfg = Release|Any CPU
		{84C97B2E-5A5A-4362-BECD-D6ACF5EC6704}.Release|x64.Build.0 = Release|Any CPU
		{84C97B2E-5A5A-4362-BECD-D6ACF5EC6704}.Release|x64.Deploy.0 = Release|Any CPU
		{84C97B2E-5A5A-4362-BECD-D6ACF5EC6704}.Release|x86.ActiveCfg = Release|Any CPU
		{84C97B2E-5A5A-4362-BECD-D6ACF5EC6704}.Release|x86.Build.0 = Release|Any CPU
		{84C97B2E-5A5A-4362-BECD-D6ACF5EC6704}.Release|x86.Deploy.0 = Release|Any CPU
		{FC432C86-42E9-447B-91BB-FB6260F06BC1}.Ad-Hoc|Any CPU.ActiveCfg = Ad-Hoc|iPhone
		{FC432C86-42E9-447B-91BB-FB6260F06BC1}.Ad-Hoc|ARM.ActiveCfg = Ad-Hoc|iPhone
		{FC432C86-42E9-447B-91BB-FB6260F06BC1}.Ad-Hoc|iPhone.ActiveCfg = Ad-Hoc|iPhone
		{FC432C86-42E9-447B-91BB-FB6260F06BC1}.Ad-Hoc|iPhone.Build.0 = Ad-Hoc|iPhone
		{FC432C86-42E9-447B-91BB-FB6260F06BC1}.Ad-Hoc|iPhoneSimulator.ActiveCfg = Ad-Hoc|iPhoneSimulator
		{FC432C86-42E9-447B-91BB-FB6260F06BC1}.Ad-Hoc|iPhoneSimulator.Build.0 = Ad-Hoc|iPhoneSimulator
		{FC432C86-42E9-447B-91BB-FB6260F06BC1}.Ad-Hoc|x64.ActiveCfg = Ad-Hoc|iPhone
		{FC432C86-42E9-447B-91BB-FB6260F06BC1}.Ad-Hoc|x86.ActiveCfg = Ad-Hoc|iPhone
		{FC432C86-42E9-447B-91BB-FB6260F06BC1}.AppStore|Any CPU.ActiveCfg = AppStore|iPhone
		{FC432C86-42E9-447B-91BB-FB6260F06BC1}.AppStore|ARM.ActiveCfg = AppStore|iPhone
		{FC432C86-42E9-447B-91BB-FB6260F06BC1}.AppStore|iPhone.ActiveCfg = AppStore|iPhone
		{FC432C86-42E9-447B-91BB-FB6260F06BC1}.AppStore|iPhone.Build.0 = AppStore|iPhone
		{FC432C86-42E9-447B-91BB-FB6260F06BC1}.AppStore|iPhoneSimulator.ActiveCfg = AppStore|iPhoneSimulator
		{FC432C86-42E9-447B-91BB-FB6260F06BC1}.AppStore|iPhoneSimulator.Build.0 = AppStore|iPhoneSimulator
		{FC432C86-42E9-447B-91BB-FB6260F06BC1}.AppStore|x64.ActiveCfg = AppStore|iPhone
		{FC432C86-42E9-447B-91BB-FB6260F06BC1}.AppStore|x86.ActiveCfg = AppStore|iPhone
		{FC432C86-42E9-447B-91BB-FB6260F06BC1}.Debug|Any CPU.ActiveCfg = Debug|iPhone
		{FC432C86-42E9-447B-91BB-FB6260F06BC1}.Debug|ARM.ActiveCfg = Debug|iPhone
		{FC432C86-42E9-447B-91BB-FB6260F06BC1}.Debug|iPhone.ActiveCfg = Debug|iPhone
		{FC432C86-42E9-447B-91BB-FB6260F06BC1}.Debug|iPhone.Build.0 = Debug|iPhone
		{FC432C86-42E9-447B-91BB-FB6260F06BC1}.Debug|iPhoneSimulator.ActiveCfg = Debug|iPhoneSimulator
		{FC432C86-42E9-447B-91BB-FB6260F06BC1}.Debug|iPhoneSimulator.Build.0 = Debug|iPhoneSimulator
		{FC432C86-42E9-447B-91BB-FB6260F06BC1}.Debug|x64.ActiveCfg = Debug|iPhone
		{FC432C86-42E9-447B-91BB-FB6260F06BC1}.Debug|x86.ActiveCfg = Debug|iPhone
		{FC432C86-42E9-447B-91BB-FB6260F06BC1}.Release|Any CPU.ActiveCfg = Release|iPhone
		{FC432C86-42E9-447B-91BB-FB6260F06BC1}.Release|ARM.ActiveCfg = Release|iPhone
		{FC432C86-42E9-447B-91BB-FB6260F06BC1}.Release|iPhone.ActiveCfg = Release|iPhone
		{FC432C86-42E9-447B-91BB-FB6260F06BC1}.Release|iPhone.Build.0 = Release|iPhone
		{FC432C86-42E9-447B-91BB-FB6260F06BC1}.Release|iPhoneSimulator.ActiveCfg = Release|iPhoneSimulator
		{FC432C86-42E9-447B-91BB-FB6260F06BC1}.Release|iPhoneSimulator.Build.0 = Release|iPhoneSimulator
		{FC432C86-42E9-447B-91BB-FB6260F06BC1}.Release|x64.ActiveCfg = Release|iPhone
		{FC432C86-42E9-447B-91BB-FB6260F06BC1}.Release|x86.ActiveCfg = Release|iPhone
		{44DAB545-BD01-457F-B7B5-BB63574AC8D7}.Ad-Hoc|Any CPU.ActiveCfg = Release|Any CPU
		{44DAB545-BD01-457F-B7B5-BB63574AC8D7}.Ad-Hoc|Any CPU.Build.0 = Release|Any CPU
		{44DAB545-BD01-457F-B7B5-BB63574AC8D7}.Ad-Hoc|Any CPU.Deploy.0 = Release|Any CPU
		{44DAB545-BD01-457F-B7B5-BB63574AC8D7}.Ad-Hoc|ARM.ActiveCfg = Release|ARM
		{44DAB545-BD01-457F-B7B5-BB63574AC8D7}.Ad-Hoc|ARM.Build.0 = Release|ARM
		{44DAB545-BD01-457F-B7B5-BB63574AC8D7}.Ad-Hoc|ARM.Deploy.0 = Release|ARM
		{44DAB545-BD01-457F-B7B5-BB63574AC8D7}.Ad-Hoc|iPhone.ActiveCfg = Release|Any CPU
		{44DAB545-BD01-457F-B7B5-BB63574AC8D7}.Ad-Hoc|iPhone.Build.0 = Release|Any CPU
		{44DAB545-BD01-457F-B7B5-BB63574AC8D7}.Ad-Hoc|iPhone.Deploy.0 = Release|Any CPU
		{44DAB545-BD01-457F-B7B5-BB63574AC8D7}.Ad-Hoc|iPhoneSimulator.ActiveCfg = Release|Any CPU
		{44DAB545-BD01-457F-B7B5-BB63574AC8D7}.Ad-Hoc|iPhoneSimulator.Build.0 = Release|Any CPU
		{44DAB545-BD01-457F-B7B5-BB63574AC8D7}.Ad-Hoc|iPhoneSimulator.Deploy.0 = Release|Any CPU
		{44DAB545-BD01-457F-B7B5-BB63574AC8D7}.Ad-Hoc|x64.ActiveCfg = Release|Any CPU
		{44DAB545-BD01-457F-B7B5-BB63574AC8D7}.Ad-Hoc|x64.Build.0 = Release|Any CPU
		{44DAB545-BD01-457F-B7B5-BB63574AC8D7}.Ad-Hoc|x64.Deploy.0 = Release|Any CPU
		{44DAB545-BD01-457F-B7B5-BB63574AC8D7}.Ad-Hoc|x86.ActiveCfg = Release|x86
		{44DAB545-BD01-457F-B7B5-BB63574AC8D7}.Ad-Hoc|x86.Build.0 = Release|x86
		{44DAB545-BD01-457F-B7B5-BB63574AC8D7}.Ad-Hoc|x86.Deploy.0 = Release|x86
		{44DAB545-BD01-457F-B7B5-BB63574AC8D7}.AppStore|Any CPU.ActiveCfg = Release|Any CPU
		{44DAB545-BD01-457F-B7B5-BB63574AC8D7}.AppStore|Any CPU.Build.0 = Release|Any CPU
		{44DAB545-BD01-457F-B7B5-BB63574AC8D7}.AppStore|Any CPU.Deploy.0 = Release|Any CPU
		{44DAB545-BD01-457F-B7B5-BB63574AC8D7}.AppStore|ARM.ActiveCfg = Release|ARM
		{44DAB545-BD01-457F-B7B5-BB63574AC8D7}.AppStore|ARM.Build.0 = Release|ARM
		{44DAB545-BD01-457F-B7B5-BB63574AC8D7}.AppStore|ARM.Deploy.0 = Release|ARM
		{44DAB545-BD01-457F-B7B5-BB63574AC8D7}.AppStore|iPhone.ActiveCfg = Release|Any CPU
		{44DAB545-BD01-457F-B7B5-BB63574AC8D7}.AppStore|iPhone.Build.0 = Release|Any CPU
		{44DAB545-BD01-457F-B7B5-BB63574AC8D7}.AppStore|iPhone.Deploy.0 = Release|Any CPU
		{44DAB545-BD01-457F-B7B5-BB63574AC8D7}.AppStore|iPhoneSimulator.ActiveCfg = Release|Any CPU
		{44DAB545-BD01-457F-B7B5-BB63574AC8D7}.AppStore|iPhoneSimulator.Build.0 = Release|Any CPU
		{44DAB545-BD01-457F-B7B5-BB63574AC8D7}.AppStore|iPhoneSimulator.Deploy.0 = Release|Any CPU
		{44DAB545-BD01-457F-B7B5-BB63574AC8D7}.AppStore|x64.ActiveCfg = Release|Any CPU
		{44DAB545-BD01-457F-B7B5-BB63574AC8D7}.AppStore|x64.Build.0 = Release|Any CPU
		{44DAB545-BD01-457F-B7B5-BB63574AC8D7}.AppStore|x64.Deploy.0 = Release|Any CPU
		{44DAB545-BD01-457F-B7B5-BB63574AC8D7}.AppStore|x86.ActiveCfg = Release|x86
		{44DAB545-BD01-457F-B7B5-BB63574AC8D7}.AppStore|x86.Build.0 = Release|x86
		{44DAB545-BD01-457F-B7B5-BB63574AC8D7}.AppStore|x86.Deploy.0 = Release|x86
		{44DAB545-BD01-457F-B7B5-BB63574AC8D7}.Debug|Any CPU.ActiveCfg = Debug|Any CPU
		{44DAB545-BD01-457F-B7B5-BB63574AC8D7}.Debug|Any CPU.Build.0 = Debug|Any CPU
		{44DAB545-BD01-457F-B7B5-BB63574AC8D7}.Debug|Any CPU.Deploy.0 = Debug|Any CPU
		{44DAB545-BD01-457F-B7B5-BB63574AC8D7}.Debug|ARM.ActiveCfg = Debug|ARM
		{44DAB545-BD01-457F-B7B5-BB63574AC8D7}.Debug|ARM.Build.0 = Debug|ARM
		{44DAB545-BD01-457F-B7B5-BB63574AC8D7}.Debug|ARM.Deploy.0 = Debug|ARM
		{44DAB545-BD01-457F-B7B5-BB63574AC8D7}.Debug|iPhone.ActiveCfg = Debug|Any CPU
		{44DAB545-BD01-457F-B7B5-BB63574AC8D7}.Debug|iPhone.Build.0 = Debug|Any CPU
		{44DAB545-BD01-457F-B7B5-BB63574AC8D7}.Debug|iPhone.Deploy.0 = Debug|Any CPU
		{44DAB545-BD01-457F-B7B5-BB63574AC8D7}.Debug|iPhoneSimulator.ActiveCfg = Debug|Any CPU
		{44DAB545-BD01-457F-B7B5-BB63574AC8D7}.Debug|iPhoneSimulator.Build.0 = Debug|Any CPU
		{44DAB545-BD01-457F-B7B5-BB63574AC8D7}.Debug|iPhoneSimulator.Deploy.0 = Debug|Any CPU
		{44DAB545-BD01-457F-B7B5-BB63574AC8D7}.Debug|x64.ActiveCfg = Debug|Any CPU
		{44DAB545-BD01-457F-B7B5-BB63574AC8D7}.Debug|x64.Build.0 = Debug|Any CPU
		{44DAB545-BD01-457F-B7B5-BB63574AC8D7}.Debug|x64.Deploy.0 = Debug|Any CPU
		{44DAB545-BD01-457F-B7B5-BB63574AC8D7}.Debug|x86.ActiveCfg = Debug|x86
		{44DAB545-BD01-457F-B7B5-BB63574AC8D7}.Debug|x86.Build.0 = Debug|x86
		{44DAB545-BD01-457F-B7B5-BB63574AC8D7}.Debug|x86.Deploy.0 = Debug|x86
		{44DAB545-BD01-457F-B7B5-BB63574AC8D7}.Release|Any CPU.ActiveCfg = Release|Any CPU
		{44DAB545-BD01-457F-B7B5-BB63574AC8D7}.Release|Any CPU.Build.0 = Release|Any CPU
		{44DAB545-BD01-457F-B7B5-BB63574AC8D7}.Release|Any CPU.Deploy.0 = Release|Any CPU
		{44DAB545-BD01-457F-B7B5-BB63574AC8D7}.Release|ARM.ActiveCfg = Release|ARM
		{44DAB545-BD01-457F-B7B5-BB63574AC8D7}.Release|ARM.Build.0 = Release|ARM
		{44DAB545-BD01-457F-B7B5-BB63574AC8D7}.Release|ARM.Deploy.0 = Release|ARM
		{44DAB545-BD01-457F-B7B5-BB63574AC8D7}.Release|iPhone.ActiveCfg = Release|Any CPU
		{44DAB545-BD01-457F-B7B5-BB63574AC8D7}.Release|iPhone.Build.0 = Release|Any CPU
		{44DAB545-BD01-457F-B7B5-BB63574AC8D7}.Release|iPhone.Deploy.0 = Release|Any CPU
		{44DAB545-BD01-457F-B7B5-BB63574AC8D7}.Release|iPhoneSimulator.ActiveCfg = Release|Any CPU
		{44DAB545-BD01-457F-B7B5-BB63574AC8D7}.Release|iPhoneSimulator.Build.0 = Release|Any CPU
		{44DAB545-BD01-457F-B7B5-BB63574AC8D7}.Release|iPhoneSimulator.Deploy.0 = Release|Any CPU
		{44DAB545-BD01-457F-B7B5-BB63574AC8D7}.Release|x64.ActiveCfg = Release|Any CPU
		{44DAB545-BD01-457F-B7B5-BB63574AC8D7}.Release|x64.Build.0 = Release|Any CPU
		{44DAB545-BD01-457F-B7B5-BB63574AC8D7}.Release|x64.Deploy.0 = Release|Any CPU
		{44DAB545-BD01-457F-B7B5-BB63574AC8D7}.Release|x86.ActiveCfg = Release|x86
		{44DAB545-BD01-457F-B7B5-BB63574AC8D7}.Release|x86.Build.0 = Release|x86
		{44DAB545-BD01-457F-B7B5-BB63574AC8D7}.Release|x86.Deploy.0 = Release|x86
		{FE609780-83E1-4A65-B7DE-79A48660FD14}.Ad-Hoc|Any CPU.ActiveCfg = Release|x86
		{FE609780-83E1-4A65-B7DE-79A48660FD14}.Ad-Hoc|Any CPU.Build.0 = Release|x86
		{FE609780-83E1-4A65-B7DE-79A48660FD14}.Ad-Hoc|Any CPU.Deploy.0 = Release|x86
		{FE609780-83E1-4A65-B7DE-79A48660FD14}.Ad-Hoc|ARM.ActiveCfg = Release|ARM
		{FE609780-83E1-4A65-B7DE-79A48660FD14}.Ad-Hoc|ARM.Build.0 = Release|ARM
		{FE609780-83E1-4A65-B7DE-79A48660FD14}.Ad-Hoc|ARM.Deploy.0 = Release|ARM
		{FE609780-83E1-4A65-B7DE-79A48660FD14}.Ad-Hoc|iPhone.ActiveCfg = Release|x86
		{FE609780-83E1-4A65-B7DE-79A48660FD14}.Ad-Hoc|iPhone.Build.0 = Release|x86
		{FE609780-83E1-4A65-B7DE-79A48660FD14}.Ad-Hoc|iPhone.Deploy.0 = Release|x86
		{FE609780-83E1-4A65-B7DE-79A48660FD14}.Ad-Hoc|iPhoneSimulator.ActiveCfg = Release|x86
		{FE609780-83E1-4A65-B7DE-79A48660FD14}.Ad-Hoc|iPhoneSimulator.Build.0 = Release|x86
		{FE609780-83E1-4A65-B7DE-79A48660FD14}.Ad-Hoc|iPhoneSimulator.Deploy.0 = Release|x86
		{FE609780-83E1-4A65-B7DE-79A48660FD14}.Ad-Hoc|x64.ActiveCfg = Release|x64
		{FE609780-83E1-4A65-B7DE-79A48660FD14}.Ad-Hoc|x64.Build.0 = Release|x64
		{FE609780-83E1-4A65-B7DE-79A48660FD14}.Ad-Hoc|x64.Deploy.0 = Release|x64
		{FE609780-83E1-4A65-B7DE-79A48660FD14}.Ad-Hoc|x86.ActiveCfg = Release|x86
		{FE609780-83E1-4A65-B7DE-79A48660FD14}.Ad-Hoc|x86.Build.0 = Release|x86
		{FE609780-83E1-4A65-B7DE-79A48660FD14}.Ad-Hoc|x86.Deploy.0 = Release|x86
		{FE609780-83E1-4A65-B7DE-79A48660FD14}.AppStore|Any CPU.ActiveCfg = Release|x86
		{FE609780-83E1-4A65-B7DE-79A48660FD14}.AppStore|Any CPU.Build.0 = Release|x86
		{FE609780-83E1-4A65-B7DE-79A48660FD14}.AppStore|Any CPU.Deploy.0 = Release|x86
		{FE609780-83E1-4A65-B7DE-79A48660FD14}.AppStore|ARM.ActiveCfg = Release|ARM
		{FE609780-83E1-4A65-B7DE-79A48660FD14}.AppStore|ARM.Build.0 = Release|ARM
		{FE609780-83E1-4A65-B7DE-79A48660FD14}.AppStore|ARM.Deploy.0 = Release|ARM
		{FE609780-83E1-4A65-B7DE-79A48660FD14}.AppStore|iPhone.ActiveCfg = Release|x86
		{FE609780-83E1-4A65-B7DE-79A48660FD14}.AppStore|iPhone.Build.0 = Release|x86
		{FE609780-83E1-4A65-B7DE-79A48660FD14}.AppStore|iPhone.Deploy.0 = Release|x86
		{FE609780-83E1-4A65-B7DE-79A48660FD14}.AppStore|iPhoneSimulator.ActiveCfg = Release|x86
		{FE609780-83E1-4A65-B7DE-79A48660FD14}.AppStore|iPhoneSimulator.Build.0 = Release|x86
		{FE609780-83E1-4A65-B7DE-79A48660FD14}.AppStore|iPhoneSimulator.Deploy.0 = Release|x86
		{FE609780-83E1-4A65-B7DE-79A48660FD14}.AppStore|x64.ActiveCfg = Release|x64
		{FE609780-83E1-4A65-B7DE-79A48660FD14}.AppStore|x64.Build.0 = Release|x64
		{FE609780-83E1-4A65-B7DE-79A48660FD14}.AppStore|x64.Deploy.0 = Release|x64
		{FE609780-83E1-4A65-B7DE-79A48660FD14}.AppStore|x86.ActiveCfg = Release|x86
		{FE609780-83E1-4A65-B7DE-79A48660FD14}.AppStore|x86.Build.0 = Release|x86
		{FE609780-83E1-4A65-B7DE-79A48660FD14}.AppStore|x86.Deploy.0 = Release|x86
		{FE609780-83E1-4A65-B7DE-79A48660FD14}.Debug|Any CPU.ActiveCfg = Debug|x86
		{FE609780-83E1-4A65-B7DE-79A48660FD14}.Debug|ARM.ActiveCfg = Debug|ARM
		{FE609780-83E1-4A65-B7DE-79A48660FD14}.Debug|ARM.Build.0 = Debug|ARM
		{FE609780-83E1-4A65-B7DE-79A48660FD14}.Debug|ARM.Deploy.0 = Debug|ARM
		{FE609780-83E1-4A65-B7DE-79A48660FD14}.Debug|iPhone.ActiveCfg = Debug|x86
		{FE609780-83E1-4A65-B7DE-79A48660FD14}.Debug|iPhoneSimulator.ActiveCfg = Debug|x86
		{FE609780-83E1-4A65-B7DE-79A48660FD14}.Debug|x64.ActiveCfg = Debug|x64
		{FE609780-83E1-4A65-B7DE-79A48660FD14}.Debug|x64.Build.0 = Debug|x64
		{FE609780-83E1-4A65-B7DE-79A48660FD14}.Debug|x64.Deploy.0 = Debug|x64
		{FE609780-83E1-4A65-B7DE-79A48660FD14}.Debug|x86.ActiveCfg = Debug|x86
		{FE609780-83E1-4A65-B7DE-79A48660FD14}.Debug|x86.Build.0 = Debug|x86
		{FE609780-83E1-4A65-B7DE-79A48660FD14}.Debug|x86.Deploy.0 = Debug|x86
		{FE609780-83E1-4A65-B7DE-79A48660FD14}.Release|Any CPU.ActiveCfg = Release|x86
		{FE609780-83E1-4A65-B7DE-79A48660FD14}.Release|ARM.ActiveCfg = Release|ARM
		{FE609780-83E1-4A65-B7DE-79A48660FD14}.Release|ARM.Build.0 = Release|ARM
		{FE609780-83E1-4A65-B7DE-79A48660FD14}.Release|ARM.Deploy.0 = Release|ARM
		{FE609780-83E1-4A65-B7DE-79A48660FD14}.Release|iPhone.ActiveCfg = Release|x86
		{FE609780-83E1-4A65-B7DE-79A48660FD14}.Release|iPhoneSimulator.ActiveCfg = Release|x86
		{FE609780-83E1-4A65-B7DE-79A48660FD14}.Release|x64.ActiveCfg = Release|x64
		{FE609780-83E1-4A65-B7DE-79A48660FD14}.Release|x64.Build.0 = Release|x64
		{FE609780-83E1-4A65-B7DE-79A48660FD14}.Release|x64.Deploy.0 = Release|x64
		{FE609780-83E1-4A65-B7DE-79A48660FD14}.Release|x86.ActiveCfg = Release|x86
		{FE609780-83E1-4A65-B7DE-79A48660FD14}.Release|x86.Build.0 = Release|x86
		{FE609780-83E1-4A65-B7DE-79A48660FD14}.Release|x86.Deploy.0 = Release|x86
		{715B3D93-F7E5-41D3-87F5-C876B2A31D44}.Ad-Hoc|Any CPU.ActiveCfg = Release|Any CPU
		{715B3D93-F7E5-41D3-87F5-C876B2A31D44}.Ad-Hoc|Any CPU.Build.0 = Release|Any CPU
		{715B3D93-F7E5-41D3-87F5-C876B2A31D44}.Ad-Hoc|Any CPU.Deploy.0 = Release|Any CPU
		{715B3D93-F7E5-41D3-87F5-C876B2A31D44}.Ad-Hoc|ARM.ActiveCfg = Release|ARM
		{715B3D93-F7E5-41D3-87F5-C876B2A31D44}.Ad-Hoc|ARM.Build.0 = Release|ARM
		{715B3D93-F7E5-41D3-87F5-C876B2A31D44}.Ad-Hoc|ARM.Deploy.0 = Release|ARM
		{715B3D93-F7E5-41D3-87F5-C876B2A31D44}.Ad-Hoc|iPhone.ActiveCfg = Release|Any CPU
		{715B3D93-F7E5-41D3-87F5-C876B2A31D44}.Ad-Hoc|iPhone.Build.0 = Release|Any CPU
		{715B3D93-F7E5-41D3-87F5-C876B2A31D44}.Ad-Hoc|iPhone.Deploy.0 = Release|Any CPU
		{715B3D93-F7E5-41D3-87F5-C876B2A31D44}.Ad-Hoc|iPhoneSimulator.ActiveCfg = Release|Any CPU
		{715B3D93-F7E5-41D3-87F5-C876B2A31D44}.Ad-Hoc|iPhoneSimulator.Build.0 = Release|Any CPU
		{715B3D93-F7E5-41D3-87F5-C876B2A31D44}.Ad-Hoc|iPhoneSimulator.Deploy.0 = Release|Any CPU
		{715B3D93-F7E5-41D3-87F5-C876B2A31D44}.Ad-Hoc|x64.ActiveCfg = Release|x64
		{715B3D93-F7E5-41D3-87F5-C876B2A31D44}.Ad-Hoc|x64.Build.0 = Release|x64
		{715B3D93-F7E5-41D3-87F5-C876B2A31D44}.Ad-Hoc|x64.Deploy.0 = Release|x64
		{715B3D93-F7E5-41D3-87F5-C876B2A31D44}.Ad-Hoc|x86.ActiveCfg = Release|x86
		{715B3D93-F7E5-41D3-87F5-C876B2A31D44}.Ad-Hoc|x86.Build.0 = Release|x86
		{715B3D93-F7E5-41D3-87F5-C876B2A31D44}.Ad-Hoc|x86.Deploy.0 = Release|x86
		{715B3D93-F7E5-41D3-87F5-C876B2A31D44}.AppStore|Any CPU.ActiveCfg = Release|Any CPU
		{715B3D93-F7E5-41D3-87F5-C876B2A31D44}.AppStore|Any CPU.Build.0 = Release|Any CPU
		{715B3D93-F7E5-41D3-87F5-C876B2A31D44}.AppStore|Any CPU.Deploy.0 = Release|Any CPU
		{715B3D93-F7E5-41D3-87F5-C876B2A31D44}.AppStore|ARM.ActiveCfg = Release|ARM
		{715B3D93-F7E5-41D3-87F5-C876B2A31D44}.AppStore|ARM.Build.0 = Release|ARM
		{715B3D93-F7E5-41D3-87F5-C876B2A31D44}.AppStore|ARM.Deploy.0 = Release|ARM
		{715B3D93-F7E5-41D3-87F5-C876B2A31D44}.AppStore|iPhone.ActiveCfg = Release|Any CPU
		{715B3D93-F7E5-41D3-87F5-C876B2A31D44}.AppStore|iPhone.Build.0 = Release|Any CPU
		{715B3D93-F7E5-41D3-87F5-C876B2A31D44}.AppStore|iPhone.Deploy.0 = Release|Any CPU
		{715B3D93-F7E5-41D3-87F5-C876B2A31D44}.AppStore|iPhoneSimulator.ActiveCfg = Release|Any CPU
		{715B3D93-F7E5-41D3-87F5-C876B2A31D44}.AppStore|iPhoneSimulator.Build.0 = Release|Any CPU
		{715B3D93-F7E5-41D3-87F5-C876B2A31D44}.AppStore|iPhoneSimulator.Deploy.0 = Release|Any CPU
		{715B3D93-F7E5-41D3-87F5-C876B2A31D44}.AppStore|x64.ActiveCfg = Release|x64
		{715B3D93-F7E5-41D3-87F5-C876B2A31D44}.AppStore|x64.Build.0 = Release|x64
		{715B3D93-F7E5-41D3-87F5-C876B2A31D44}.AppStore|x64.Deploy.0 = Release|x64
		{715B3D93-F7E5-41D3-87F5-C876B2A31D44}.AppStore|x86.ActiveCfg = Release|x86
		{715B3D93-F7E5-41D3-87F5-C876B2A31D44}.AppStore|x86.Build.0 = Release|x86
		{715B3D93-F7E5-41D3-87F5-C876B2A31D44}.AppStore|x86.Deploy.0 = Release|x86
		{715B3D93-F7E5-41D3-87F5-C876B2A31D44}.Debug|Any CPU.ActiveCfg = Debug|Any CPU
		{715B3D93-F7E5-41D3-87F5-C876B2A31D44}.Debug|Any CPU.Build.0 = Debug|Any CPU
		{715B3D93-F7E5-41D3-87F5-C876B2A31D44}.Debug|Any CPU.Deploy.0 = Debug|Any CPU
		{715B3D93-F7E5-41D3-87F5-C876B2A31D44}.Debug|ARM.ActiveCfg = Debug|ARM
		{715B3D93-F7E5-41D3-87F5-C876B2A31D44}.Debug|ARM.Build.0 = Debug|ARM
		{715B3D93-F7E5-41D3-87F5-C876B2A31D44}.Debug|ARM.Deploy.0 = Debug|ARM
		{715B3D93-F7E5-41D3-87F5-C876B2A31D44}.Debug|iPhone.ActiveCfg = Debug|Any CPU
		{715B3D93-F7E5-41D3-87F5-C876B2A31D44}.Debug|iPhone.Build.0 = Debug|Any CPU
		{715B3D93-F7E5-41D3-87F5-C876B2A31D44}.Debug|iPhone.Deploy.0 = Debug|Any CPU
		{715B3D93-F7E5-41D3-87F5-C876B2A31D44}.Debug|iPhoneSimulator.ActiveCfg = Debug|Any CPU
		{715B3D93-F7E5-41D3-87F5-C876B2A31D44}.Debug|iPhoneSimulator.Build.0 = Debug|Any CPU
		{715B3D93-F7E5-41D3-87F5-C876B2A31D44}.Debug|iPhoneSimulator.Deploy.0 = Debug|Any CPU
		{715B3D93-F7E5-41D3-87F5-C876B2A31D44}.Debug|x64.ActiveCfg = Debug|x64
		{715B3D93-F7E5-41D3-87F5-C876B2A31D44}.Debug|x64.Build.0 = Debug|x64
		{715B3D93-F7E5-41D3-87F5-C876B2A31D44}.Debug|x64.Deploy.0 = Debug|x64
		{715B3D93-F7E5-41D3-87F5-C876B2A31D44}.Debug|x86.ActiveCfg = Debug|x86
		{715B3D93-F7E5-41D3-87F5-C876B2A31D44}.Debug|x86.Build.0 = Debug|x86
		{715B3D93-F7E5-41D3-87F5-C876B2A31D44}.Debug|x86.Deploy.0 = Debug|x86
		{715B3D93-F7E5-41D3-87F5-C876B2A31D44}.Release|Any CPU.ActiveCfg = Release|Any CPU
		{715B3D93-F7E5-41D3-87F5-C876B2A31D44}.Release|Any CPU.Build.0 = Release|Any CPU
		{715B3D93-F7E5-41D3-87F5-C876B2A31D44}.Release|Any CPU.Deploy.0 = Release|Any CPU
		{715B3D93-F7E5-41D3-87F5-C876B2A31D44}.Release|ARM.ActiveCfg = Release|ARM
		{715B3D93-F7E5-41D3-87F5-C876B2A31D44}.Release|ARM.Build.0 = Release|ARM
		{715B3D93-F7E5-41D3-87F5-C876B2A31D44}.Release|ARM.Deploy.0 = Release|ARM
		{715B3D93-F7E5-41D3-87F5-C876B2A31D44}.Release|iPhone.ActiveCfg = Release|Any CPU
		{715B3D93-F7E5-41D3-87F5-C876B2A31D44}.Release|iPhone.Build.0 = Release|Any CPU
		{715B3D93-F7E5-41D3-87F5-C876B2A31D44}.Release|iPhone.Deploy.0 = Release|Any CPU
		{715B3D93-F7E5-41D3-87F5-C876B2A31D44}.Release|iPhoneSimulator.ActiveCfg = Release|Any CPU
		{715B3D93-F7E5-41D3-87F5-C876B2A31D44}.Release|iPhoneSimulator.Build.0 = Release|Any CPU
		{715B3D93-F7E5-41D3-87F5-C876B2A31D44}.Release|iPhoneSimulator.Deploy.0 = Release|Any CPU
		{715B3D93-F7E5-41D3-87F5-C876B2A31D44}.Release|x64.ActiveCfg = Release|x64
		{715B3D93-F7E5-41D3-87F5-C876B2A31D44}.Release|x64.Build.0 = Release|x64
		{715B3D93-F7E5-41D3-87F5-C876B2A31D44}.Release|x64.Deploy.0 = Release|x64
		{715B3D93-F7E5-41D3-87F5-C876B2A31D44}.Release|x86.ActiveCfg = Release|x86
		{715B3D93-F7E5-41D3-87F5-C876B2A31D44}.Release|x86.Build.0 = Release|x86
		{715B3D93-F7E5-41D3-87F5-C876B2A31D44}.Release|x86.Deploy.0 = Release|x86
	EndGlobalSection
	GlobalSection(SolutionProperties) = preSolution
		HideSolutionNode = FALSE
	EndGlobalSection
EndGlobal
