
Microsoft Visual Studio Solution File, Format Version 12.00
# Visual Studio 14
VisualStudioVersion = 14.0.25420.1
MinimumVisualStudioVersion = 10.0.40219.1
Project("{FAE04EC0-301F-11D3-BF4B-00C04F79EFBC}") = "DataBinding1", "DataBinding1\DataBinding1\DataBinding1.csproj", "{0139739B-3623-4428-8388-5480D3741581}"
EndProject
Project("{FAE04EC0-301F-11D3-BF4B-00C04F79EFBC}") = "DataBinding1.Droid", "DataBinding1\DataBinding1.Droid\DataBinding1.Droid.csproj", "{4E6FB3AD-606B-4B30-93A3-2BBAA4A3C255}"
EndProject
Project("{FAE04EC0-301F-11D3-BF4B-00C04F79EFBC}") = "DataBinding1.iOS", "DataBinding1\DataBinding1.iOS\DataBinding1.iOS.csproj", "{35FCA694-C24D-4D8E-8967-9D2AB4CF9D09}"
EndProject
Project("{FAE04EC0-301F-11D3-BF4B-00C04F79EFBC}") = "DataBinding1.WinPhone", "DataBinding1\DataBinding1.WinPhone\DataBinding1.WinPhone.csproj", "{455F36B5-8BEB-4622-B208-B59F40B6AA21}"
EndProject
Project("{FAE04EC0-301F-11D3-BF4B-00C04F79EFBC}") = "DataBinding1.UWP", "DataBinding1\DataBinding1.UWP\DataBinding1.UWP.csproj", "{57E22ABC-7418-4ACB-9733-058523CB3C26}"
EndProject
Project("{FAE04EC0-301F-11D3-BF4B-00C04F79EFBC}") = "DataBinding1.Windows", "DataBinding1\DataBinding1.Windows\DataBinding1.Windows.csproj", "{3AA31774-EA39-4D43-8DBC-75927EE1982B}"
EndProject
Global
	GlobalSection(SolutionConfigurationPlatforms) = preSolution
		Ad-Hoc|Any CPU = Ad-Hoc|Any CPU
		Ad-Hoc|ARM = Ad-Hoc|ARM
		Ad-Hoc|iPhone = Ad-Hoc|iPhone
		Ad-Hoc|iPhoneSimulator = Ad-Hoc|iPhoneSimulator
		Ad-Hoc|x64 = Ad-Hoc|x64
		Ad-Hoc|x86 = Ad-Hoc|x86
		AppStore|Any CPU = AppStore|Any CPU
		AppStore|ARM = AppStore|ARM
		AppStore|iPhone = AppStore|iPhone
		AppStore|iPhoneSimulator = AppStore|iPhoneSimulator
		AppStore|x64 = AppStore|x64
		AppStore|x86 = AppStore|x86
		Debug|Any CPU = Debug|Any CPU
		Debug|ARM = Debug|ARM
		Debug|iPhone = Debug|iPhone
		Debug|iPhoneSimulator = Debug|iPhoneSimulator
		Debug|x64 = Debug|x64
		Debug|x86 = Debug|x86
		Release|Any CPU = Release|Any CPU
		Release|ARM = Release|ARM
		Release|iPhone = Release|iPhone
		Release|iPhoneSimulator = Release|iPhoneSimulator
		Release|x64 = Release|x64
		Release|x86 = Release|x86
	EndGlobalSection
	GlobalSection(ProjectConfigurationPlatforms) = postSolution
		{0139739B-3623-4428-8388-5480D3741581}.Ad-Hoc|Any CPU.ActiveCfg = Release|Any CPU
		{0139739B-3623-4428-8388-5480D3741581}.Ad-Hoc|Any CPU.Build.0 = Release|Any CPU
		{0139739B-3623-4428-8388-5480D3741581}.Ad-Hoc|ARM.ActiveCfg = Release|Any CPU
		{0139739B-3623-4428-8388-5480D3741581}.Ad-Hoc|ARM.Build.0 = Release|Any CPU
		{0139739B-3623-4428-8388-5480D3741581}.Ad-Hoc|iPhone.ActiveCfg = Release|Any CPU
		{0139739B-3623-4428-8388-5480D3741581}.Ad-Hoc|iPhone.Build.0 = Release|Any CPU
		{0139739B-3623-4428-8388-5480D3741581}.Ad-Hoc|iPhoneSimulator.ActiveCfg = Release|Any CPU
		{0139739B-3623-4428-8388-5480D3741581}.Ad-Hoc|iPhoneSimulator.Build.0 = Release|Any CPU
		{0139739B-3623-4428-8388-5480D3741581}.Ad-Hoc|x64.ActiveCfg = Release|Any CPU
		{0139739B-3623-4428-8388-5480D3741581}.Ad-Hoc|x64.Build.0 = Release|Any CPU
		{0139739B-3623-4428-8388-5480D3741581}.Ad-Hoc|x86.ActiveCfg = Release|Any CPU
		{0139739B-3623-4428-8388-5480D3741581}.Ad-Hoc|x86.Build.0 = Release|Any CPU
		{0139739B-3623-4428-8388-5480D3741581}.AppStore|Any CPU.ActiveCfg = Release|Any CPU
		{0139739B-3623-4428-8388-5480D3741581}.AppStore|Any CPU.Build.0 = Release|Any CPU
		{0139739B-3623-4428-8388-5480D3741581}.AppStore|ARM.ActiveCfg = Release|Any CPU
		{0139739B-3623-4428-8388-5480D3741581}.AppStore|ARM.Build.0 = Release|Any CPU
		{0139739B-3623-4428-8388-5480D3741581}.AppStore|iPhone.ActiveCfg = Release|Any CPU
		{0139739B-3623-4428-8388-5480D3741581}.AppStore|iPhone.Build.0 = Release|Any CPU
		{0139739B-3623-4428-8388-5480D3741581}.AppStore|iPhoneSimulator.ActiveCfg = Release|Any CPU
		{0139739B-3623-4428-8388-5480D3741581}.AppStore|iPhoneSimulator.Build.0 = Release|Any CPU
		{0139739B-3623-4428-8388-5480D3741581}.AppStore|x64.ActiveCfg = Release|Any CPU
		{0139739B-3623-4428-8388-5480D3741581}.AppStore|x64.Build.0 = Release|Any CPU
		{0139739B-3623-4428-8388-5480D3741581}.AppStore|x86.ActiveCfg = Release|Any CPU
		{0139739B-3623-4428-8388-5480D3741581}.AppStore|x86.Build.0 = Release|Any CPU
		{0139739B-3623-4428-8388-5480D3741581}.Debug|Any CPU.ActiveCfg = Debug|Any CPU
		{0139739B-3623-4428-8388-5480D3741581}.Debug|Any CPU.Build.0 = Debug|Any CPU
		{0139739B-3623-4428-8388-5480D3741581}.Debug|ARM.ActiveCfg = Debug|Any CPU
		{0139739B-3623-4428-8388-5480D3741581}.Debug|ARM.Build.0 = Debug|Any CPU
		{0139739B-3623-4428-8388-5480D3741581}.Debug|iPhone.ActiveCfg = Debug|Any CPU
		{0139739B-3623-4428-8388-5480D3741581}.Debug|iPhone.Build.0 = Debug|Any CPU
		{0139739B-3623-4428-8388-5480D3741581}.Debug|iPhoneSimulator.ActiveCfg = Debug|Any CPU
		{0139739B-3623-4428-8388-5480D3741581}.Debug|iPhoneSimulator.Build.0 = Debug|Any CPU
		{0139739B-3623-4428-8388-5480D3741581}.Debug|x64.ActiveCfg = Debug|Any CPU
		{0139739B-3623-4428-8388-5480D3741581}.Debug|x64.Build.0 = Debug|Any CPU
		{0139739B-3623-4428-8388-5480D3741581}.Debug|x86.ActiveCfg = Debug|Any CPU
		{0139739B-3623-4428-8388-5480D3741581}.Debug|x86.Build.0 = Debug|Any CPU
		{0139739B-3623-4428-8388-5480D3741581}.Release|Any CPU.ActiveCfg = Release|Any CPU
		{0139739B-3623-4428-8388-5480D3741581}.Release|Any CPU.Build.0 = Release|Any CPU
		{0139739B-3623-4428-8388-5480D3741581}.Release|ARM.ActiveCfg = Release|Any CPU
		{0139739B-3623-4428-8388-5480D3741581}.Release|ARM.Build.0 = Release|Any CPU
		{0139739B-3623-4428-8388-5480D3741581}.Release|iPhone.ActiveCfg = Release|Any CPU
		{0139739B-3623-4428-8388-5480D3741581}.Release|iPhone.Build.0 = Release|Any CPU
		{0139739B-3623-4428-8388-5480D3741581}.Release|iPhoneSimulator.ActiveCfg = Release|Any CPU
		{0139739B-3623-4428-8388-5480D3741581}.Release|iPhoneSimulator.Build.0 = Release|Any CPU
		{0139739B-3623-4428-8388-5480D3741581}.Release|x64.ActiveCfg = Release|Any CPU
		{0139739B-3623-4428-8388-5480D3741581}.Release|x64.Build.0 = Release|Any CPU
		{0139739B-3623-4428-8388-5480D3741581}.Release|x86.ActiveCfg = Release|Any CPU
		{0139739B-3623-4428-8388-5480D3741581}.Release|x86.Build.0 = Release|Any CPU
		{4E6FB3AD-606B-4B30-93A3-2BBAA4A3C255}.Ad-Hoc|Any CPU.ActiveCfg = Release|Any CPU
		{4E6FB3AD-606B-4B30-93A3-2BBAA4A3C255}.Ad-Hoc|Any CPU.Build.0 = Release|Any CPU
		{4E6FB3AD-606B-4B30-93A3-2BBAA4A3C255}.Ad-Hoc|Any CPU.Deploy.0 = Release|Any CPU
		{4E6FB3AD-606B-4B30-93A3-2BBAA4A3C255}.Ad-Hoc|ARM.ActiveCfg = Release|Any CPU
		{4E6FB3AD-606B-4B30-93A3-2BBAA4A3C255}.Ad-Hoc|ARM.Build.0 = Release|Any CPU
		{4E6FB3AD-606B-4B30-93A3-2BBAA4A3C255}.Ad-Hoc|ARM.Deploy.0 = Release|Any CPU
		{4E6FB3AD-606B-4B30-93A3-2BBAA4A3C255}.Ad-Hoc|iPhone.ActiveCfg = Release|Any CPU
		{4E6FB3AD-606B-4B30-93A3-2BBAA4A3C255}.Ad-Hoc|iPhone.Build.0 = Release|Any CPU
		{4E6FB3AD-606B-4B30-93A3-2BBAA4A3C255}.Ad-Hoc|iPhone.Deploy.0 = Release|Any CPU
		{4E6FB3AD-606B-4B30-93A3-2BBAA4A3C255}.Ad-Hoc|iPhoneSimulator.ActiveCfg = Release|Any CPU
		{4E6FB3AD-606B-4B30-93A3-2BBAA4A3C255}.Ad-Hoc|iPhoneSimulator.Build.0 = Release|Any CPU
		{4E6FB3AD-606B-4B30-93A3-2BBAA4A3C255}.Ad-Hoc|iPhoneSimulator.Deploy.0 = Release|Any CPU
		{4E6FB3AD-606B-4B30-93A3-2BBAA4A3C255}.Ad-Hoc|x64.ActiveCfg = Release|Any CPU
		{4E6FB3AD-606B-4B30-93A3-2BBAA4A3C255}.Ad-Hoc|x64.Build.0 = Release|Any CPU
		{4E6FB3AD-606B-4B30-93A3-2BBAA4A3C255}.Ad-Hoc|x64.Deploy.0 = Release|Any CPU
		{4E6FB3AD-606B-4B30-93A3-2BBAA4A3C255}.Ad-Hoc|x86.ActiveCfg = Release|Any CPU
		{4E6FB3AD-606B-4B30-93A3-2BBAA4A3C255}.Ad-Hoc|x86.Build.0 = Release|Any CPU
		{4E6FB3AD-606B-4B30-93A3-2BBAA4A3C255}.Ad-Hoc|x86.Deploy.0 = Release|Any CPU
		{4E6FB3AD-606B-4B30-93A3-2BBAA4A3C255}.AppStore|Any CPU.ActiveCfg = Release|Any CPU
		{4E6FB3AD-606B-4B30-93A3-2BBAA4A3C255}.AppStore|Any CPU.Build.0 = Release|Any CPU
		{4E6FB3AD-606B-4B30-93A3-2BBAA4A3C255}.AppStore|Any CPU.Deploy.0 = Release|Any CPU
		{4E6FB3AD-606B-4B30-93A3-2BBAA4A3C255}.AppStore|ARM.ActiveCfg = Release|Any CPU
		{4E6FB3AD-606B-4B30-93A3-2BBAA4A3C255}.AppStore|ARM.Build.0 = Release|Any CPU
		{4E6FB3AD-606B-4B30-93A3-2BBAA4A3C255}.AppStore|ARM.Deploy.0 = Release|Any CPU
		{4E6FB3AD-606B-4B30-93A3-2BBAA4A3C255}.AppStore|iPhone.ActiveCfg = Release|Any CPU
		{4E6FB3AD-606B-4B30-93A3-2BBAA4A3C255}.AppStore|iPhone.Build.0 = Release|Any CPU
		{4E6FB3AD-606B-4B30-93A3-2BBAA4A3C255}.AppStore|iPhone.Deploy.0 = Release|Any CPU
		{4E6FB3AD-606B-4B30-93A3-2BBAA4A3C255}.AppStore|iPhoneSimulator.ActiveCfg = Release|Any CPU
		{4E6FB3AD-606B-4B30-93A3-2BBAA4A3C255}.AppStore|iPhoneSimulator.Build.0 = Release|Any CPU
		{4E6FB3AD-606B-4B30-93A3-2BBAA4A3C255}.AppStore|iPhoneSimulator.Deploy.0 = Release|Any CPU
		{4E6FB3AD-606B-4B30-93A3-2BBAA4A3C255}.AppStore|x64.ActiveCfg = Release|Any CPU
		{4E6FB3AD-606B-4B30-93A3-2BBAA4A3C255}.AppStore|x64.Build.0 = Release|Any CPU
		{4E6FB3AD-606B-4B30-93A3-2BBAA4A3C255}.AppStore|x64.Deploy.0 = Release|Any CPU
		{4E6FB3AD-606B-4B30-93A3-2BBAA4A3C255}.AppStore|x86.ActiveCfg = Release|Any CPU
		{4E6FB3AD-606B-4B30-93A3-2BBAA4A3C255}.AppStore|x86.Build.0 = Release|Any CPU
		{4E6FB3AD-606B-4B30-93A3-2BBAA4A3C255}.AppStore|x86.Deploy.0 = Release|Any CPU
		{4E6FB3AD-606B-4B30-93A3-2BBAA4A3C255}.Debug|Any CPU.ActiveCfg = Debug|Any CPU
		{4E6FB3AD-606B-4B30-93A3-2BBAA4A3C255}.Debug|Any CPU.Build.0 = Debug|Any CPU
		{4E6FB3AD-606B-4B30-93A3-2BBAA4A3C255}.Debug|Any CPU.Deploy.0 = Debug|Any CPU
		{4E6FB3AD-606B-4B30-93A3-2BBAA4A3C255}.Debug|ARM.ActiveCfg = Debug|Any CPU
		{4E6FB3AD-606B-4B30-93A3-2BBAA4A3C255}.Debug|ARM.Build.0 = Debug|Any CPU
		{4E6FB3AD-606B-4B30-93A3-2BBAA4A3C255}.Debug|ARM.Deploy.0 = Debug|Any CPU
		{4E6FB3AD-606B-4B30-93A3-2BBAA4A3C255}.Debug|iPhone.ActiveCfg = Debug|Any CPU
		{4E6FB3AD-606B-4B30-93A3-2BBAA4A3C255}.Debug|iPhone.Build.0 = Debug|Any CPU
		{4E6FB3AD-606B-4B30-93A3-2BBAA4A3C255}.Debug|iPhone.Deploy.0 = Debug|Any CPU
		{4E6FB3AD-606B-4B30-93A3-2BBAA4A3C255}.Debug|iPhoneSimulator.ActiveCfg = Debug|Any CPU
		{4E6FB3AD-606B-4B30-93A3-2BBAA4A3C255}.Debug|iPhoneSimulator.Build.0 = Debug|Any CPU
		{4E6FB3AD-606B-4B30-93A3-2BBAA4A3C255}.Debug|iPhoneSimulator.Deploy.0 = Debug|Any CPU
		{4E6FB3AD-606B-4B30-93A3-2BBAA4A3C255}.Debug|x64.ActiveCfg = Debug|Any CPU
		{4E6FB3AD-606B-4B30-93A3-2BBAA4A3C255}.Debug|x64.Build.0 = Debug|Any CPU
		{4E6FB3AD-606B-4B30-93A3-2BBAA4A3C255}.Debug|x64.Deploy.0 = Debug|Any CPU
		{4E6FB3AD-606B-4B30-93A3-2BBAA4A3C255}.Debug|x86.ActiveCfg = Debug|Any CPU
		{4E6FB3AD-606B-4B30-93A3-2BBAA4A3C255}.Debug|x86.Build.0 = Debug|Any CPU
		{4E6FB3AD-606B-4B30-93A3-2BBAA4A3C255}.Debug|x86.Deploy.0 = Debug|Any CPU
		{4E6FB3AD-606B-4B30-93A3-2BBAA4A3C255}.Release|Any CPU.ActiveCfg = Release|Any CPU
		{4E6FB3AD-606B-4B30-93A3-2BBAA4A3C255}.Release|Any CPU.Build.0 = Release|Any CPU
		{4E6FB3AD-606B-4B30-93A3-2BBAA4A3C255}.Release|Any CPU.Deploy.0 = Release|Any CPU
		{4E6FB3AD-606B-4B30-93A3-2BBAA4A3C255}.Release|ARM.ActiveCfg = Release|Any CPU
		{4E6FB3AD-606B-4B30-93A3-2BBAA4A3C255}.Release|ARM.Build.0 = Release|Any CPU
		{4E6FB3AD-606B-4B30-93A3-2BBAA4A3C255}.Release|ARM.Deploy.0 = Release|Any CPU
		{4E6FB3AD-606B-4B30-93A3-2BBAA4A3C255}.Release|iPhone.ActiveCfg = Release|Any CPU
		{4E6FB3AD-606B-4B30-93A3-2BBAA4A3C255}.Release|iPhone.Build.0 = Release|Any CPU
		{4E6FB3AD-606B-4B30-93A3-2BBAA4A3C255}.Release|iPhone.Deploy.0 = Release|Any CPU
		{4E6FB3AD-606B-4B30-93A3-2BBAA4A3C255}.Release|iPhoneSimulator.ActiveCfg = Release|Any CPU
		{4E6FB3AD-606B-4B30-93A3-2BBAA4A3C255}.Release|iPhoneSimulator.Build.0 = Release|Any CPU
		{4E6FB3AD-606B-4B30-93A3-2BBAA4A3C255}.Release|iPhoneSimulator.Deploy.0 = Release|Any CPU
		{4E6FB3AD-606B-4B30-93A3-2BBAA4A3C255}.Release|x64.ActiveCfg = Release|Any CPU
		{4E6FB3AD-606B-4B30-93A3-2BBAA4A3C255}.Release|x64.Build.0 = Release|Any CPU
		{4E6FB3AD-606B-4B30-93A3-2BBAA4A3C255}.Release|x64.Deploy.0 = Release|Any CPU
		{4E6FB3AD-606B-4B30-93A3-2BBAA4A3C255}.Release|x86.ActiveCfg = Release|Any CPU
		{4E6FB3AD-606B-4B30-93A3-2BBAA4A3C255}.Release|x86.Build.0 = Release|Any CPU
		{4E6FB3AD-606B-4B30-93A3-2BBAA4A3C255}.Release|x86.Deploy.0 = Release|Any CPU
		{35FCA694-C24D-4D8E-8967-9D2AB4CF9D09}.Ad-Hoc|Any CPU.ActiveCfg = Ad-Hoc|iPhone
		{35FCA694-C24D-4D8E-8967-9D2AB4CF9D09}.Ad-Hoc|ARM.ActiveCfg = Ad-Hoc|iPhone
		{35FCA694-C24D-4D8E-8967-9D2AB4CF9D09}.Ad-Hoc|iPhone.ActiveCfg = Ad-Hoc|iPhone
		{35FCA694-C24D-4D8E-8967-9D2AB4CF9D09}.Ad-Hoc|iPhone.Build.0 = Ad-Hoc|iPhone
		{35FCA694-C24D-4D8E-8967-9D2AB4CF9D09}.Ad-Hoc|iPhoneSimulator.ActiveCfg = Ad-Hoc|iPhoneSimulator
		{35FCA694-C24D-4D8E-8967-9D2AB4CF9D09}.Ad-Hoc|iPhoneSimulator.Build.0 = Ad-Hoc|iPhoneSimulator
		{35FCA694-C24D-4D8E-8967-9D2AB4CF9D09}.Ad-Hoc|x64.ActiveCfg = Ad-Hoc|iPhone
		{35FCA694-C24D-4D8E-8967-9D2AB4CF9D09}.Ad-Hoc|x86.ActiveCfg = Ad-Hoc|iPhone
		{35FCA694-C24D-4D8E-8967-9D2AB4CF9D09}.AppStore|Any CPU.ActiveCfg = AppStore|iPhone
		{35FCA694-C24D-4D8E-8967-9D2AB4CF9D09}.AppStore|ARM.ActiveCfg = AppStore|iPhone
		{35FCA694-C24D-4D8E-8967-9D2AB4CF9D09}.AppStore|iPhone.ActiveCfg = AppStore|iPhone
		{35FCA694-C24D-4D8E-8967-9D2AB4CF9D09}.AppStore|iPhone.Build.0 = AppStore|iPhone
		{35FCA694-C24D-4D8E-8967-9D2AB4CF9D09}.AppStore|iPhoneSimulator.ActiveCfg = AppStore|iPhoneSimulator
		{35FCA694-C24D-4D8E-8967-9D2AB4CF9D09}.AppStore|iPhoneSimulator.Build.0 = AppStore|iPhoneSimulator
		{35FCA694-C24D-4D8E-8967-9D2AB4CF9D09}.AppStore|x64.ActiveCfg = AppStore|iPhone
		{35FCA694-C24D-4D8E-8967-9D2AB4CF9D09}.AppStore|x86.ActiveCfg = AppStore|iPhone
		{35FCA694-C24D-4D8E-8967-9D2AB4CF9D09}.Debug|Any CPU.ActiveCfg = Debug|iPhone
		{35FCA694-C24D-4D8E-8967-9D2AB4CF9D09}.Debug|ARM.ActiveCfg = Debug|iPhone
		{35FCA694-C24D-4D8E-8967-9D2AB4CF9D09}.Debug|iPhone.ActiveCfg = Debug|iPhone
		{35FCA694-C24D-4D8E-8967-9D2AB4CF9D09}.Debug|iPhone.Build.0 = Debug|iPhone
		{35FCA694-C24D-4D8E-8967-9D2AB4CF9D09}.Debug|iPhoneSimulator.ActiveCfg = Debug|iPhoneSimulator
		{35FCA694-C24D-4D8E-8967-9D2AB4CF9D09}.Debug|iPhoneSimulator.Build.0 = Debug|iPhoneSimulator
		{35FCA694-C24D-4D8E-8967-9D2AB4CF9D09}.Debug|x64.ActiveCfg = Debug|iPhone
		{35FCA694-C24D-4D8E-8967-9D2AB4CF9D09}.Debug|x86.ActiveCfg = Debug|iPhone
		{35FCA694-C24D-4D8E-8967-9D2AB4CF9D09}.Release|Any CPU.ActiveCfg = Release|iPhone
		{35FCA694-C24D-4D8E-8967-9D2AB4CF9D09}.Release|ARM.ActiveCfg = Release|iPhone
		{35FCA694-C24D-4D8E-8967-9D2AB4CF9D09}.Release|iPhone.ActiveCfg = Release|iPhone
		{35FCA694-C24D-4D8E-8967-9D2AB4CF9D09}.Release|iPhone.Build.0 = Release|iPhone
		{35FCA694-C24D-4D8E-8967-9D2AB4CF9D09}.Release|iPhoneSimulator.ActiveCfg = Release|iPhoneSimulator
		{35FCA694-C24D-4D8E-8967-9D2AB4CF9D09}.Release|iPhoneSimulator.Build.0 = Release|iPhoneSimulator
		{35FCA694-C24D-4D8E-8967-9D2AB4CF9D09}.Release|x64.ActiveCfg = Release|iPhone
		{35FCA694-C24D-4D8E-8967-9D2AB4CF9D09}.Release|x86.ActiveCfg = Release|iPhone
		{455F36B5-8BEB-4622-B208-B59F40B6AA21}.Ad-Hoc|Any CPU.ActiveCfg = Release|Any CPU
		{455F36B5-8BEB-4622-B208-B59F40B6AA21}.Ad-Hoc|Any CPU.Build.0 = Release|Any CPU
		{455F36B5-8BEB-4622-B208-B59F40B6AA21}.Ad-Hoc|Any CPU.Deploy.0 = Release|Any CPU
		{455F36B5-8BEB-4622-B208-B59F40B6AA21}.Ad-Hoc|ARM.ActiveCfg = Release|ARM
		{455F36B5-8BEB-4622-B208-B59F40B6AA21}.Ad-Hoc|ARM.Build.0 = Release|ARM
		{455F36B5-8BEB-4622-B208-B59F40B6AA21}.Ad-Hoc|ARM.Deploy.0 = Release|ARM
		{455F36B5-8BEB-4622-B208-B59F40B6AA21}.Ad-Hoc|iPhone.ActiveCfg = Release|Any CPU
		{455F36B5-8BEB-4622-B208-B59F40B6AA21}.Ad-Hoc|iPhone.Build.0 = Release|Any CPU
		{455F36B5-8BEB-4622-B208-B59F40B6AA21}.Ad-Hoc|iPhone.Deploy.0 = Release|Any CPU
		{455F36B5-8BEB-4622-B208-B59F40B6AA21}.Ad-Hoc|iPhoneSimulator.ActiveCfg = Release|Any CPU
		{455F36B5-8BEB-4622-B208-B59F40B6AA21}.Ad-Hoc|iPhoneSimulator.Build.0 = Release|Any CPU
		{455F36B5-8BEB-4622-B208-B59F40B6AA21}.Ad-Hoc|iPhoneSimulator.Deploy.0 = Release|Any CPU
		{455F36B5-8BEB-4622-B208-B59F40B6AA21}.Ad-Hoc|x64.ActiveCfg = Release|Any CPU
		{455F36B5-8BEB-4622-B208-B59F40B6AA21}.Ad-Hoc|x64.Build.0 = Release|Any CPU
		{455F36B5-8BEB-4622-B208-B59F40B6AA21}.Ad-Hoc|x64.Deploy.0 = Release|Any CPU
		{455F36B5-8BEB-4622-B208-B59F40B6AA21}.Ad-Hoc|x86.ActiveCfg = Release|x86
		{455F36B5-8BEB-4622-B208-B59F40B6AA21}.Ad-Hoc|x86.Build.0 = Release|x86
		{455F36B5-8BEB-4622-B208-B59F40B6AA21}.Ad-Hoc|x86.Deploy.0 = Release|x86
		{455F36B5-8BEB-4622-B208-B59F40B6AA21}.AppStore|Any CPU.ActiveCfg = Release|Any CPU
		{455F36B5-8BEB-4622-B208-B59F40B6AA21}.AppStore|Any CPU.Build.0 = Release|Any CPU
		{455F36B5-8BEB-4622-B208-B59F40B6AA21}.AppStore|Any CPU.Deploy.0 = Release|Any CPU
		{455F36B5-8BEB-4622-B208-B59F40B6AA21}.AppStore|ARM.ActiveCfg = Release|ARM
		{455F36B5-8BEB-4622-B208-B59F40B6AA21}.AppStore|ARM.Build.0 = Release|ARM
		{455F36B5-8BEB-4622-B208-B59F40B6AA21}.AppStore|ARM.Deploy.0 = Release|ARM
		{455F36B5-8BEB-4622-B208-B59F40B6AA21}.AppStore|iPhone.ActiveCfg = Release|Any CPU
		{455F36B5-8BEB-4622-B208-B59F40B6AA21}.AppStore|iPhone.Build.0 = Release|Any CPU
		{455F36B5-8BEB-4622-B208-B59F40B6AA21}.AppStore|iPhone.Deploy.0 = Release|Any CPU
		{455F36B5-8BEB-4622-B208-B59F40B6AA21}.AppStore|iPhoneSimulator.ActiveCfg = Release|Any CPU
		{455F36B5-8BEB-4622-B208-B59F40B6AA21}.AppStore|iPhoneSimulator.Build.0 = Release|Any CPU
		{455F36B5-8BEB-4622-B208-B59F40B6AA21}.AppStore|iPhoneSimulator.Deploy.0 = Release|Any CPU
		{455F36B5-8BEB-4622-B208-B59F40B6AA21}.AppStore|x64.ActiveCfg = Release|Any CPU
		{455F36B5-8BEB-4622-B208-B59F40B6AA21}.AppStore|x64.Build.0 = Release|Any CPU
		{455F36B5-8BEB-4622-B208-B59F40B6AA21}.AppStore|x64.Deploy.0 = Release|Any CPU
		{455F36B5-8BEB-4622-B208-B59F40B6AA21}.AppStore|x86.ActiveCfg = Release|x86
		{455F36B5-8BEB-4622-B208-B59F40B6AA21}.AppStore|x86.Build.0 = Release|x86
		{455F36B5-8BEB-4622-B208-B59F40B6AA21}.AppStore|x86.Deploy.0 = Release|x86
		{455F36B5-8BEB-4622-B208-B59F40B6AA21}.Debug|Any CPU.ActiveCfg = Debug|Any CPU
		{455F36B5-8BEB-4622-B208-B59F40B6AA21}.Debug|Any CPU.Build.0 = Debug|Any CPU
		{455F36B5-8BEB-4622-B208-B59F40B6AA21}.Debug|Any CPU.Deploy.0 = Debug|Any CPU
		{455F36B5-8BEB-4622-B208-B59F40B6AA21}.Debug|ARM.ActiveCfg = Debug|ARM
		{455F36B5-8BEB-4622-B208-B59F40B6AA21}.Debug|ARM.Build.0 = Debug|ARM
		{455F36B5-8BEB-4622-B208-B59F40B6AA21}.Debug|ARM.Deploy.0 = Debug|ARM
		{455F36B5-8BEB-4622-B208-B59F40B6AA21}.Debug|iPhone.ActiveCfg = Debug|Any CPU
		{455F36B5-8BEB-4622-B208-B59F40B6AA21}.Debug|iPhone.Build.0 = Debug|Any CPU
		{455F36B5-8BEB-4622-B208-B59F40B6AA21}.Debug|iPhone.Deploy.0 = Debug|Any CPU
		{455F36B5-8BEB-4622-B208-B59F40B6AA21}.Debug|iPhoneSimulator.ActiveCfg = Debug|Any CPU
		{455F36B5-8BEB-4622-B208-B59F40B6AA21}.Debug|iPhoneSimulator.Build.0 = Debug|Any CPU
		{455F36B5-8BEB-4622-B208-B59F40B6AA21}.Debug|iPhoneSimulator.Deploy.0 = Debug|Any CPU
		{455F36B5-8BEB-4622-B208-B59F40B6AA21}.Debug|x64.ActiveCfg = Debug|Any CPU
		{455F36B5-8BEB-4622-B208-B59F40B6AA21}.Debug|x64.Build.0 = Debug|Any CPU
		{455F36B5-8BEB-4622-B208-B59F40B6AA21}.Debug|x64.Deploy.0 = Debug|Any CPU
		{455F36B5-8BEB-4622-B208-B59F40B6AA21}.Debug|x86.ActiveCfg = Debug|x86
		{455F36B5-8BEB-4622-B208-B59F40B6AA21}.Debug|x86.Build.0 = Debug|x86
		{455F36B5-8BEB-4622-B208-B59F40B6AA21}.Debug|x86.Deploy.0 = Debug|x86
		{455F36B5-8BEB-4622-B208-B59F40B6AA21}.Release|Any CPU.ActiveCfg = Release|Any CPU
		{455F36B5-8BEB-4622-B208-B59F40B6AA21}.Release|Any CPU.Build.0 = Release|Any CPU
		{455F36B5-8BEB-4622-B208-B59F40B6AA21}.Release|Any CPU.Deploy.0 = Release|Any CPU
		{455F36B5-8BEB-4622-B208-B59F40B6AA21}.Release|ARM.ActiveCfg = Release|ARM
		{455F36B5-8BEB-4622-B208-B59F40B6AA21}.Release|ARM.Build.0 = Release|ARM
		{455F36B5-8BEB-4622-B208-B59F40B6AA21}.Release|ARM.Deploy.0 = Release|ARM
		{455F36B5-8BEB-4622-B208-B59F40B6AA21}.Release|iPhone.ActiveCfg = Release|Any CPU
		{455F36B5-8BEB-4622-B208-B59F40B6AA21}.Release|iPhone.Build.0 = Release|Any CPU
		{455F36B5-8BEB-4622-B208-B59F40B6AA21}.Release|iPhone.Deploy.0 = Release|Any CPU
		{455F36B5-8BEB-4622-B208-B59F40B6AA21}.Release|iPhoneSimulator.ActiveCfg = Release|Any CPU
		{455F36B5-8BEB-4622-B208-B59F40B6AA21}.Release|iPhoneSimulator.Build.0 = Release|Any CPU
		{455F36B5-8BEB-4622-B208-B59F40B6AA21}.Release|iPhoneSimulator.Deploy.0 = Release|Any CPU
		{455F36B5-8BEB-4622-B208-B59F40B6AA21}.Release|x64.ActiveCfg = Release|Any CPU
		{455F36B5-8BEB-4622-B208-B59F40B6AA21}.Release|x64.Build.0 = Release|Any CPU
		{455F36B5-8BEB-4622-B208-B59F40B6AA21}.Release|x64.Deploy.0 = Release|Any CPU
		{455F36B5-8BEB-4622-B208-B59F40B6AA21}.Release|x86.ActiveCfg = Release|x86
		{455F36B5-8BEB-4622-B208-B59F40B6AA21}.Release|x86.Build.0 = Release|x86
		{455F36B5-8BEB-4622-B208-B59F40B6AA21}.Release|x86.Deploy.0 = Release|x86
		{57E22ABC-7418-4ACB-9733-058523CB3C26}.Ad-Hoc|Any CPU.ActiveCfg = Release|x86
		{57E22ABC-7418-4ACB-9733-058523CB3C26}.Ad-Hoc|Any CPU.Build.0 = Release|x86
		{57E22ABC-7418-4ACB-9733-058523CB3C26}.Ad-Hoc|Any CPU.Deploy.0 = Release|x86
		{57E22ABC-7418-4ACB-9733-058523CB3C26}.Ad-Hoc|ARM.ActiveCfg = Release|ARM
		{57E22ABC-7418-4ACB-9733-058523CB3C26}.Ad-Hoc|ARM.Build.0 = Release|ARM
		{57E22ABC-7418-4ACB-9733-058523CB3C26}.Ad-Hoc|ARM.Deploy.0 = Release|ARM
		{57E22ABC-7418-4ACB-9733-058523CB3C26}.Ad-Hoc|iPhone.ActiveCfg = Release|x86
		{57E22ABC-7418-4ACB-9733-058523CB3C26}.Ad-Hoc|iPhone.Build.0 = Release|x86
		{57E22ABC-7418-4ACB-9733-058523CB3C26}.Ad-Hoc|iPhone.Deploy.0 = Release|x86
		{57E22ABC-7418-4ACB-9733-058523CB3C26}.Ad-Hoc|iPhoneSimulator.ActiveCfg = Release|x86
		{57E22ABC-7418-4ACB-9733-058523CB3C26}.Ad-Hoc|iPhoneSimulator.Build.0 = Release|x86
		{57E22ABC-7418-4ACB-9733-058523CB3C26}.Ad-Hoc|iPhoneSimulator.Deploy.0 = Release|x86
		{57E22ABC-7418-4ACB-9733-058523CB3C26}.Ad-Hoc|x64.ActiveCfg = Release|x64
		{57E22ABC-7418-4ACB-9733-058523CB3C26}.Ad-Hoc|x64.Build.0 = Release|x64
		{57E22ABC-7418-4ACB-9733-058523CB3C26}.Ad-Hoc|x64.Deploy.0 = Release|x64
		{57E22ABC-7418-4ACB-9733-058523CB3C26}.Ad-Hoc|x86.ActiveCfg = Release|x86
		{57E22ABC-7418-4ACB-9733-058523CB3C26}.Ad-Hoc|x86.Build.0 = Release|x86
		{57E22ABC-7418-4ACB-9733-058523CB3C26}.Ad-Hoc|x86.Deploy.0 = Release|x86
		{57E22ABC-7418-4ACB-9733-058523CB3C26}.AppStore|Any CPU.ActiveCfg = Release|x86
		{57E22ABC-7418-4ACB-9733-058523CB3C26}.AppStore|Any CPU.Build.0 = Release|x86
		{57E22ABC-7418-4ACB-9733-058523CB3C26}.AppStore|Any CPU.Deploy.0 = Release|x86
		{57E22ABC-7418-4ACB-9733-058523CB3C26}.AppStore|ARM.ActiveCfg = Release|ARM
		{57E22ABC-7418-4ACB-9733-058523CB3C26}.AppStore|ARM.Build.0 = Release|ARM
		{57E22ABC-7418-4ACB-9733-058523CB3C26}.AppStore|ARM.Deploy.0 = Release|ARM
		{57E22ABC-7418-4ACB-9733-058523CB3C26}.AppStore|iPhone.ActiveCfg = Release|x86
		{57E22ABC-7418-4ACB-9733-058523CB3C26}.AppStore|iPhone.Build.0 = Release|x86
		{57E22ABC-7418-4ACB-9733-058523CB3C26}.AppStore|iPhone.Deploy.0 = Release|x86
		{57E22ABC-7418-4ACB-9733-058523CB3C26}.AppStore|iPhoneSimulator.ActiveCfg = Release|x86
		{57E22ABC-7418-4ACB-9733-058523CB3C26}.AppStore|iPhoneSimulator.Build.0 = Release|x86
		{57E22ABC-7418-4ACB-9733-058523CB3C26}.AppStore|iPhoneSimulator.Deploy.0 = Release|x86
		{57E22ABC-7418-4ACB-9733-058523CB3C26}.AppStore|x64.ActiveCfg = Release|x64
		{57E22ABC-7418-4ACB-9733-058523CB3C26}.AppStore|x64.Build.0 = Release|x64
		{57E22ABC-7418-4ACB-9733-058523CB3C26}.AppStore|x64.Deploy.0 = Release|x64
		{57E22ABC-7418-4ACB-9733-058523CB3C26}.AppStore|x86.ActiveCfg = Release|x86
		{57E22ABC-7418-4ACB-9733-058523CB3C26}.AppStore|x86.Build.0 = Release|x86
		{57E22ABC-7418-4ACB-9733-058523CB3C26}.AppStore|x86.Deploy.0 = Release|x86
		{57E22ABC-7418-4ACB-9733-058523CB3C26}.Debug|Any CPU.ActiveCfg = Debug|x86
		{57E22ABC-7418-4ACB-9733-058523CB3C26}.Debug|ARM.ActiveCfg = Debug|ARM
		{57E22ABC-7418-4ACB-9733-058523CB3C26}.Debug|ARM.Build.0 = Debug|ARM
		{57E22ABC-7418-4ACB-9733-058523CB3C26}.Debug|ARM.Deploy.0 = Debug|ARM
		{57E22ABC-7418-4ACB-9733-058523CB3C26}.Debug|iPhone.ActiveCfg = Debug|x86
		{57E22ABC-7418-4ACB-9733-058523CB3C26}.Debug|iPhoneSimulator.ActiveCfg = Debug|x86
		{57E22ABC-7418-4ACB-9733-058523CB3C26}.Debug|x64.ActiveCfg = Debug|x64
		{57E22ABC-7418-4ACB-9733-058523CB3C26}.Debug|x64.Build.0 = Debug|x64
		{57E22ABC-7418-4ACB-9733-058523CB3C26}.Debug|x64.Deploy.0 = Debug|x64
		{57E22ABC-7418-4ACB-9733-058523CB3C26}.Debug|x86.ActiveCfg = Debug|x86
		{57E22ABC-7418-4ACB-9733-058523CB3C26}.Debug|x86.Build.0 = Debug|x86
		{57E22ABC-7418-4ACB-9733-058523CB3C26}.Debug|x86.Deploy.0 = Debug|x86
		{57E22ABC-7418-4ACB-9733-058523CB3C26}.Release|Any CPU.ActiveCfg = Release|x86
		{57E22ABC-7418-4ACB-9733-058523CB3C26}.Release|ARM.ActiveCfg = Release|ARM
		{57E22ABC-7418-4ACB-9733-058523CB3C26}.Release|ARM.Build.0 = Release|ARM
		{57E22ABC-7418-4ACB-9733-058523CB3C26}.Release|ARM.Deploy.0 = Release|ARM
		{57E22ABC-7418-4ACB-9733-058523CB3C26}.Release|iPhone.ActiveCfg = Release|x86
		{57E22ABC-7418-4ACB-9733-058523CB3C26}.Release|iPhoneSimulator.ActiveCfg = Release|x86
		{57E22ABC-7418-4ACB-9733-058523CB3C26}.Release|x64.ActiveCfg = Release|x64
		{57E22ABC-7418-4ACB-9733-058523CB3C26}.Release|x64.Build.0 = Release|x64
		{57E22ABC-7418-4ACB-9733-058523CB3C26}.Release|x64.Deploy.0 = Release|x64
		{57E22ABC-7418-4ACB-9733-058523CB3C26}.Release|x86.ActiveCfg = Release|x86
		{57E22ABC-7418-4ACB-9733-058523CB3C26}.Release|x86.Build.0 = Release|x86
		{57E22ABC-7418-4ACB-9733-058523CB3C26}.Release|x86.Deploy.0 = Release|x86
		{3AA31774-EA39-4D43-8DBC-75927EE1982B}.Ad-Hoc|Any CPU.ActiveCfg = Release|Any CPU
		{3AA31774-EA39-4D43-8DBC-75927EE1982B}.Ad-Hoc|Any CPU.Build.0 = Release|Any CPU
		{3AA31774-EA39-4D43-8DBC-75927EE1982B}.Ad-Hoc|Any CPU.Deploy.0 = Release|Any CPU
		{3AA31774-EA39-4D43-8DBC-75927EE1982B}.Ad-Hoc|ARM.ActiveCfg = Release|ARM
		{3AA31774-EA39-4D43-8DBC-75927EE1982B}.Ad-Hoc|ARM.Build.0 = Release|ARM
		{3AA31774-EA39-4D43-8DBC-75927EE1982B}.Ad-Hoc|ARM.Deploy.0 = Release|ARM
		{3AA31774-EA39-4D43-8DBC-75927EE1982B}.Ad-Hoc|iPhone.ActiveCfg = Release|Any CPU
		{3AA31774-EA39-4D43-8DBC-75927EE1982B}.Ad-Hoc|iPhone.Build.0 = Release|Any CPU
		{3AA31774-EA39-4D43-8DBC-75927EE1982B}.Ad-Hoc|iPhone.Deploy.0 = Release|Any CPU
		{3AA31774-EA39-4D43-8DBC-75927EE1982B}.Ad-Hoc|iPhoneSimulator.ActiveCfg = Release|Any CPU
		{3AA31774-EA39-4D43-8DBC-75927EE1982B}.Ad-Hoc|iPhoneSimulator.Build.0 = Release|Any CPU
		{3AA31774-EA39-4D43-8DBC-75927EE1982B}.Ad-Hoc|iPhoneSimulator.Deploy.0 = Release|Any CPU
		{3AA31774-EA39-4D43-8DBC-75927EE1982B}.Ad-Hoc|x64.ActiveCfg = Release|x64
		{3AA31774-EA39-4D43-8DBC-75927EE1982B}.Ad-Hoc|x64.Build.0 = Release|x64
		{3AA31774-EA39-4D43-8DBC-75927EE1982B}.Ad-Hoc|x64.Deploy.0 = Release|x64
		{3AA31774-EA39-4D43-8DBC-75927EE1982B}.Ad-Hoc|x86.ActiveCfg = Release|x86
		{3AA31774-EA39-4D43-8DBC-75927EE1982B}.Ad-Hoc|x86.Build.0 = Release|x86
		{3AA31774-EA39-4D43-8DBC-75927EE1982B}.Ad-Hoc|x86.Deploy.0 = Release|x86
		{3AA31774-EA39-4D43-8DBC-75927EE1982B}.AppStore|Any CPU.ActiveCfg = Release|Any CPU
		{3AA31774-EA39-4D43-8DBC-75927EE1982B}.AppStore|Any CPU.Build.0 = Release|Any CPU
		{3AA31774-EA39-4D43-8DBC-75927EE1982B}.AppStore|Any CPU.Deploy.0 = Release|Any CPU
		{3AA31774-EA39-4D43-8DBC-75927EE1982B}.AppStore|ARM.ActiveCfg = Release|ARM
		{3AA31774-EA39-4D43-8DBC-75927EE1982B}.AppStore|ARM.Build.0 = Release|ARM
		{3AA31774-EA39-4D43-8DBC-75927EE1982B}.AppStore|ARM.Deploy.0 = Release|ARM
		{3AA31774-EA39-4D43-8DBC-75927EE1982B}.AppStore|iPhone.ActiveCfg = Release|Any CPU
		{3AA31774-EA39-4D43-8DBC-75927EE1982B}.AppStore|iPhone.Build.0 = Release|Any CPU
		{3AA31774-EA39-4D43-8DBC-75927EE1982B}.AppStore|iPhone.Deploy.0 = Release|Any CPU
		{3AA31774-EA39-4D43-8DBC-75927EE1982B}.AppStore|iPhoneSimulator.ActiveCfg = Release|Any CPU
		{3AA31774-EA39-4D43-8DBC-75927EE1982B}.AppStore|iPhoneSimulator.Build.0 = Release|Any CPU
		{3AA31774-EA39-4D43-8DBC-75927EE1982B}.AppStore|iPhoneSimulator.Deploy.0 = Release|Any CPU
		{3AA31774-EA39-4D43-8DBC-75927EE1982B}.AppStore|x64.ActiveCfg = Release|x64
		{3AA31774-EA39-4D43-8DBC-75927EE1982B}.AppStore|x64.Build.0 = Release|x64
		{3AA31774-EA39-4D43-8DBC-75927EE1982B}.AppStore|x64.Deploy.0 = Release|x64
		{3AA31774-EA39-4D43-8DBC-75927EE1982B}.AppStore|x86.ActiveCfg = Release|x86
		{3AA31774-EA39-4D43-8DBC-75927EE1982B}.AppStore|x86.Build.0 = Release|x86
		{3AA31774-EA39-4D43-8DBC-75927EE1982B}.AppStore|x86.Deploy.0 = Release|x86
		{3AA31774-EA39-4D43-8DBC-75927EE1982B}.Debug|Any CPU.ActiveCfg = Debug|Any CPU
		{3AA31774-EA39-4D43-8DBC-75927EE1982B}.Debug|Any CPU.Build.0 = Debug|Any CPU
		{3AA31774-EA39-4D43-8DBC-75927EE1982B}.Debug|Any CPU.Deploy.0 = Debug|Any CPU
		{3AA31774-EA39-4D43-8DBC-75927EE1982B}.Debug|ARM.ActiveCfg = Debug|ARM
		{3AA31774-EA39-4D43-8DBC-75927EE1982B}.Debug|ARM.Build.0 = Debug|ARM
		{3AA31774-EA39-4D43-8DBC-75927EE1982B}.Debug|ARM.Deploy.0 = Debug|ARM
		{3AA31774-EA39-4D43-8DBC-75927EE1982B}.Debug|iPhone.ActiveCfg = Debug|Any CPU
		{3AA31774-EA39-4D43-8DBC-75927EE1982B}.Debug|iPhone.Build.0 = Debug|Any CPU
		{3AA31774-EA39-4D43-8DBC-75927EE1982B}.Debug|iPhone.Deploy.0 = Debug|Any CPU
		{3AA31774-EA39-4D43-8DBC-75927EE1982B}.Debug|iPhoneSimulator.ActiveCfg = Debug|Any CPU
		{3AA31774-EA39-4D43-8DBC-75927EE1982B}.Debug|iPhoneSimulator.Build.0 = Debug|Any CPU
		{3AA31774-EA39-4D43-8DBC-75927EE1982B}.Debug|iPhoneSimulator.Deploy.0 = Debug|Any CPU
		{3AA31774-EA39-4D43-8DBC-75927EE1982B}.Debug|x64.ActiveCfg = Debug|x64
		{3AA31774-EA39-4D43-8DBC-75927EE1982B}.Debug|x64.Build.0 = Debug|x64
		{3AA31774-EA39-4D43-8DBC-75927EE1982B}.Debug|x64.Deploy.0 = Debug|x64
		{3AA31774-EA39-4D43-8DBC-75927EE1982B}.Debug|x86.ActiveCfg = Debug|x86
		{3AA31774-EA39-4D43-8DBC-75927EE1982B}.Debug|x86.Build.0 = Debug|x86
		{3AA31774-EA39-4D43-8DBC-75927EE1982B}.Debug|x86.Deploy.0 = Debug|x86
		{3AA31774-EA39-4D43-8DBC-75927EE1982B}.Release|Any CPU.ActiveCfg = Release|Any CPU
		{3AA31774-EA39-4D43-8DBC-75927EE1982B}.Release|Any CPU.Build.0 = Release|Any CPU
		{3AA31774-EA39-4D43-8DBC-75927EE1982B}.Release|Any CPU.Deploy.0 = Release|Any CPU
		{3AA31774-EA39-4D43-8DBC-75927EE1982B}.Release|ARM.ActiveCfg = Release|ARM
		{3AA31774-EA39-4D43-8DBC-75927EE1982B}.Release|ARM.Build.0 = Release|ARM
		{3AA31774-EA39-4D43-8DBC-75927EE1982B}.Release|ARM.Deploy.0 = Release|ARM
		{3AA31774-EA39-4D43-8DBC-75927EE1982B}.Release|iPhone.ActiveCfg = Release|Any CPU
		{3AA31774-EA39-4D43-8DBC-75927EE1982B}.Release|iPhone.Build.0 = Release|Any CPU
		{3AA31774-EA39-4D43-8DBC-75927EE1982B}.Release|iPhone.Deploy.0 = Release|Any CPU
		{3AA31774-EA39-4D43-8DBC-75927EE1982B}.Release|iPhoneSimulator.ActiveCfg = Release|Any CPU
		{3AA31774-EA39-4D43-8DBC-75927EE1982B}.Release|iPhoneSimulator.Build.0 = Release|Any CPU
		{3AA31774-EA39-4D43-8DBC-75927EE1982B}.Release|iPhoneSimulator.Deploy.0 = Release|Any CPU
		{3AA31774-EA39-4D43-8DBC-75927EE1982B}.Release|x64.ActiveCfg = Release|x64
		{3AA31774-EA39-4D43-8DBC-75927EE1982B}.Release|x64.Build.0 = Release|x64
		{3AA31774-EA39-4D43-8DBC-75927EE1982B}.Release|x64.Deploy.0 = Release|x64
		{3AA31774-EA39-4D43-8DBC-75927EE1982B}.Release|x86.ActiveCfg = Release|x86
		{3AA31774-EA39-4D43-8DBC-75927EE1982B}.Release|x86.Build.0 = Release|x86
		{3AA31774-EA39-4D43-8DBC-75927EE1982B}.Release|x86.Deploy.0 = Release|x86
	EndGlobalSection
	GlobalSection(SolutionProperties) = preSolution
		HideSolutionNode = FALSE
	EndGlobalSection
EndGlobal
