
Microsoft Visual Studio Solution File, Format Version 12.00
# Visual Studio 14
VisualStudioVersion = 14.0.25420.1
MinimumVisualStudioVersion = 10.0.40219.1
Project("{FAE04EC0-301F-11D3-BF4B-00C04F79EFBC}") = "Phoneword", "Phoneword\Phoneword\Phoneword.csproj", "{D73B8188-F3A9-49F4-9681-CDEF7860F1A7}"
EndProject
Project("{FAE04EC0-301F-11D3-BF4B-00C04F79EFBC}") = "Phoneword.Droid", "Phoneword\Phoneword.Droid\Phoneword.Droid.csproj", "{66C29B5B-58F1-4A8E-8926-31D9C375EC69}"
EndProject
Project("{FAE04EC0-301F-11D3-BF4B-00C04F79EFBC}") = "Phoneword.iOS", "Phoneword\Phoneword.iOS\Phoneword.iOS.csproj", "{05EFAFF3-15D6-42CA-9E83-5AEBF82A0A4F}"
EndProject
Project("{FAE04EC0-301F-11D3-BF4B-00C04F79EFBC}") = "Phoneword.WinPhone", "Phoneword\Phoneword.WinPhone\Phoneword.WinPhone.csproj", "{602D4A8C-E6DB-450C-928E-ADA3066C0447}"
EndProject
Project("{FAE04EC0-301F-11D3-BF4B-00C04F79EFBC}") = "Phoneword.UWP", "Phoneword\Phoneword.UWP\Phoneword.UWP.csproj", "{01A5BF55-594D-41C9-A3C6-4BC99F40AD53}"
EndProject
Project("{FAE04EC0-301F-11D3-BF4B-00C04F79EFBC}") = "Phoneword.Windows", "Phoneword\Phoneword.Windows\Phoneword.Windows.csproj", "{58623088-E6AD-4FEF-8335-A400A4D11282}"
EndProject
Global
	GlobalSection(SolutionConfigurationPlatforms) = preSolution
		Ad-Hoc|Any CPU = Ad-Hoc|Any CPU
		Ad-Hoc|ARM = Ad-Hoc|ARM
		Ad-Hoc|iPhone = Ad-Hoc|iPhone
		Ad-Hoc|iPhoneSimulator = Ad-Hoc|iPhoneSimulator
		Ad-Hoc|x64 = Ad-Hoc|x64
		Ad-Hoc|x86 = Ad-Hoc|x86
		AppStore|Any CPU = AppStore|Any CPU
		AppStore|ARM = AppStore|ARM
		AppStore|iPhone = AppStore|iPhone
		AppStore|iPhoneSimulator = AppStore|iPhoneSimulator
		AppStore|x64 = AppStore|x64
		AppStore|x86 = AppStore|x86
		Debug|Any CPU = Debug|Any CPU
		Debug|ARM = Debug|ARM
		Debug|iPhone = Debug|iPhone
		Debug|iPhoneSimulator = Debug|iPhoneSimulator
		Debug|x64 = Debug|x64
		Debug|x86 = Debug|x86
		Release|Any CPU = Release|Any CPU
		Release|ARM = Release|ARM
		Release|iPhone = Release|iPhone
		Release|iPhoneSimulator = Release|iPhoneSimulator
		Release|x64 = Release|x64
		Release|x86 = Release|x86
	EndGlobalSection
	GlobalSection(ProjectConfigurationPlatforms) = postSolution
		{D73B8188-F3A9-49F4-9681-CDEF7860F1A7}.Ad-Hoc|Any CPU.ActiveCfg = Release|Any CPU
		{D73B8188-F3A9-49F4-9681-CDEF7860F1A7}.Ad-Hoc|Any CPU.Build.0 = Release|Any CPU
		{D73B8188-F3A9-49F4-9681-CDEF7860F1A7}.Ad-Hoc|ARM.ActiveCfg = Release|Any CPU
		{D73B8188-F3A9-49F4-9681-CDEF7860F1A7}.Ad-Hoc|ARM.Build.0 = Release|Any CPU
		{D73B8188-F3A9-49F4-9681-CDEF7860F1A7}.Ad-Hoc|iPhone.ActiveCfg = Release|Any CPU
		{D73B8188-F3A9-49F4-9681-CDEF7860F1A7}.Ad-Hoc|iPhone.Build.0 = Release|Any CPU
		{D73B8188-F3A9-49F4-9681-CDEF7860F1A7}.Ad-Hoc|iPhoneSimulator.ActiveCfg = Release|Any CPU
		{D73B8188-F3A9-49F4-9681-CDEF7860F1A7}.Ad-Hoc|iPhoneSimulator.Build.0 = Release|Any CPU
		{D73B8188-F3A9-49F4-9681-CDEF7860F1A7}.Ad-Hoc|x64.ActiveCfg = Release|Any CPU
		{D73B8188-F3A9-49F4-9681-CDEF7860F1A7}.Ad-Hoc|x64.Build.0 = Release|Any CPU
		{D73B8188-F3A9-49F4-9681-CDEF7860F1A7}.Ad-Hoc|x86.ActiveCfg = Release|Any CPU
		{D73B8188-F3A9-49F4-9681-CDEF7860F1A7}.Ad-Hoc|x86.Build.0 = Release|Any CPU
		{D73B8188-F3A9-49F4-9681-CDEF7860F1A7}.AppStore|Any CPU.ActiveCfg = Release|Any CPU
		{D73B8188-F3A9-49F4-9681-CDEF7860F1A7}.AppStore|Any CPU.Build.0 = Release|Any CPU
		{D73B8188-F3A9-49F4-9681-CDEF7860F1A7}.AppStore|ARM.ActiveCfg = Release|Any CPU
		{D73B8188-F3A9-49F4-9681-CDEF7860F1A7}.AppStore|ARM.Build.0 = Release|Any CPU
		{D73B8188-F3A9-49F4-9681-CDEF7860F1A7}.AppStore|iPhone.ActiveCfg = Release|Any CPU
		{D73B8188-F3A9-49F4-9681-CDEF7860F1A7}.AppStore|iPhone.Build.0 = Release|Any CPU
		{D73B8188-F3A9-49F4-9681-CDEF7860F1A7}.AppStore|iPhoneSimulator.ActiveCfg = Release|Any CPU
		{D73B8188-F3A9-49F4-9681-CDEF7860F1A7}.AppStore|iPhoneSimulator.Build.0 = Release|Any CPU
		{D73B8188-F3A9-49F4-9681-CDEF7860F1A7}.AppStore|x64.ActiveCfg = Release|Any CPU
		{D73B8188-F3A9-49F4-9681-CDEF7860F1A7}.AppStore|x64.Build.0 = Release|Any CPU
		{D73B8188-F3A9-49F4-9681-CDEF7860F1A7}.AppStore|x86.ActiveCfg = Release|Any CPU
		{D73B8188-F3A9-49F4-9681-CDEF7860F1A7}.AppStore|x86.Build.0 = Release|Any CPU
		{D73B8188-F3A9-49F4-9681-CDEF7860F1A7}.Debug|Any CPU.ActiveCfg = Debug|Any CPU
		{D73B8188-F3A9-49F4-9681-CDEF7860F1A7}.Debug|Any CPU.Build.0 = Debug|Any CPU
		{D73B8188-F3A9-49F4-9681-CDEF7860F1A7}.Debug|ARM.ActiveCfg = Debug|Any CPU
		{D73B8188-F3A9-49F4-9681-CDEF7860F1A7}.Debug|ARM.Build.0 = Debug|Any CPU
		{D73B8188-F3A9-49F4-9681-CDEF7860F1A7}.Debug|iPhone.ActiveCfg = Debug|Any CPU
		{D73B8188-F3A9-49F4-9681-CDEF7860F1A7}.Debug|iPhone.Build.0 = Debug|Any CPU
		{D73B8188-F3A9-49F4-9681-CDEF7860F1A7}.Debug|iPhoneSimulator.ActiveCfg = Debug|Any CPU
		{D73B8188-F3A9-49F4-9681-CDEF7860F1A7}.Debug|iPhoneSimulator.Build.0 = Debug|Any CPU
		{D73B8188-F3A9-49F4-9681-CDEF7860F1A7}.Debug|x64.ActiveCfg = Debug|Any CPU
		{D73B8188-F3A9-49F4-9681-CDEF7860F1A7}.Debug|x64.Build.0 = Debug|Any CPU
		{D73B8188-F3A9-49F4-9681-CDEF7860F1A7}.Debug|x86.ActiveCfg = Debug|Any CPU
		{D73B8188-F3A9-49F4-9681-CDEF7860F1A7}.Debug|x86.Build.0 = Debug|Any CPU
		{D73B8188-F3A9-49F4-9681-CDEF7860F1A7}.Release|Any CPU.ActiveCfg = Release|Any CPU
		{D73B8188-F3A9-49F4-9681-CDEF7860F1A7}.Release|Any CPU.Build.0 = Release|Any CPU
		{D73B8188-F3A9-49F4-9681-CDEF7860F1A7}.Release|ARM.ActiveCfg = Release|Any CPU
		{D73B8188-F3A9-49F4-9681-CDEF7860F1A7}.Release|ARM.Build.0 = Release|Any CPU
		{D73B8188-F3A9-49F4-9681-CDEF7860F1A7}.Release|iPhone.ActiveCfg = Release|Any CPU
		{D73B8188-F3A9-49F4-9681-CDEF7860F1A7}.Release|iPhone.Build.0 = Release|Any CPU
		{D73B8188-F3A9-49F4-9681-CDEF7860F1A7}.Release|iPhoneSimulator.ActiveCfg = Release|Any CPU
		{D73B8188-F3A9-49F4-9681-CDEF7860F1A7}.Release|iPhoneSimulator.Build.0 = Release|Any CPU
		{D73B8188-F3A9-49F4-9681-CDEF7860F1A7}.Release|x64.ActiveCfg = Release|Any CPU
		{D73B8188-F3A9-49F4-9681-CDEF7860F1A7}.Release|x64.Build.0 = Release|Any CPU
		{D73B8188-F3A9-49F4-9681-CDEF7860F1A7}.Release|x86.ActiveCfg = Release|Any CPU
		{D73B8188-F3A9-49F4-9681-CDEF7860F1A7}.Release|x86.Build.0 = Release|Any CPU
		{66C29B5B-58F1-4A8E-8926-31D9C375EC69}.Ad-Hoc|Any CPU.ActiveCfg = Release|Any CPU
		{66C29B5B-58F1-4A8E-8926-31D9C375EC69}.Ad-Hoc|Any CPU.Build.0 = Release|Any CPU
		{66C29B5B-58F1-4A8E-8926-31D9C375EC69}.Ad-Hoc|Any CPU.Deploy.0 = Release|Any CPU
		{66C29B5B-58F1-4A8E-8926-31D9C375EC69}.Ad-Hoc|ARM.ActiveCfg = Release|Any CPU
		{66C29B5B-58F1-4A8E-8926-31D9C375EC69}.Ad-Hoc|ARM.Build.0 = Release|Any CPU
		{66C29B5B-58F1-4A8E-8926-31D9C375EC69}.Ad-Hoc|ARM.Deploy.0 = Release|Any CPU
		{66C29B5B-58F1-4A8E-8926-31D9C375EC69}.Ad-Hoc|iPhone.ActiveCfg = Release|Any CPU
		{66C29B5B-58F1-4A8E-8926-31D9C375EC69}.Ad-Hoc|iPhone.Build.0 = Release|Any CPU
		{66C29B5B-58F1-4A8E-8926-31D9C375EC69}.Ad-Hoc|iPhone.Deploy.0 = Release|Any CPU
		{66C29B5B-58F1-4A8E-8926-31D9C375EC69}.Ad-Hoc|iPhoneSimulator.ActiveCfg = Release|Any CPU
		{66C29B5B-58F1-4A8E-8926-31D9C375EC69}.Ad-Hoc|iPhoneSimulator.Build.0 = Release|Any CPU
		{66C29B5B-58F1-4A8E-8926-31D9C375EC69}.Ad-Hoc|iPhoneSimulator.Deploy.0 = Release|Any CPU
		{66C29B5B-58F1-4A8E-8926-31D9C375EC69}.Ad-Hoc|x64.ActiveCfg = Release|Any CPU
		{66C29B5B-58F1-4A8E-8926-31D9C375EC69}.Ad-Hoc|x64.Build.0 = Release|Any CPU
		{66C29B5B-58F1-4A8E-8926-31D9C375EC69}.Ad-Hoc|x64.Deploy.0 = Release|Any CPU
		{66C29B5B-58F1-4A8E-8926-31D9C375EC69}.Ad-Hoc|x86.ActiveCfg = Release|Any CPU
		{66C29B5B-58F1-4A8E-8926-31D9C375EC69}.Ad-Hoc|x86.Build.0 = Release|Any CPU
		{66C29B5B-58F1-4A8E-8926-31D9C375EC69}.Ad-Hoc|x86.Deploy.0 = Release|Any CPU
		{66C29B5B-58F1-4A8E-8926-31D9C375EC69}.AppStore|Any CPU.ActiveCfg = Release|Any CPU
		{66C29B5B-58F1-4A8E-8926-31D9C375EC69}.AppStore|Any CPU.Build.0 = Release|Any CPU
		{66C29B5B-58F1-4A8E-8926-31D9C375EC69}.AppStore|Any CPU.Deploy.0 = Release|Any CPU
		{66C29B5B-58F1-4A8E-8926-31D9C375EC69}.AppStore|ARM.ActiveCfg = Release|Any CPU
		{66C29B5B-58F1-4A8E-8926-31D9C375EC69}.AppStore|ARM.Build.0 = Release|Any CPU
		{66C29B5B-58F1-4A8E-8926-31D9C375EC69}.AppStore|ARM.Deploy.0 = Release|Any CPU
		{66C29B5B-58F1-4A8E-8926-31D9C375EC69}.AppStore|iPhone.ActiveCfg = Release|Any CPU
		{66C29B5B-58F1-4A8E-8926-31D9C375EC69}.AppStore|iPhone.Build.0 = Release|Any CPU
		{66C29B5B-58F1-4A8E-8926-31D9C375EC69}.AppStore|iPhone.Deploy.0 = Release|Any CPU
		{66C29B5B-58F1-4A8E-8926-31D9C375EC69}.AppStore|iPhoneSimulator.ActiveCfg = Release|Any CPU
		{66C29B5B-58F1-4A8E-8926-31D9C375EC69}.AppStore|iPhoneSimulator.Build.0 = Release|Any CPU
		{66C29B5B-58F1-4A8E-8926-31D9C375EC69}.AppStore|iPhoneSimulator.Deploy.0 = Release|Any CPU
		{66C29B5B-58F1-4A8E-8926-31D9C375EC69}.AppStore|x64.ActiveCfg = Release|Any CPU
		{66C29B5B-58F1-4A8E-8926-31D9C375EC69}.AppStore|x64.Build.0 = Release|Any CPU
		{66C29B5B-58F1-4A8E-8926-31D9C375EC69}.AppStore|x64.Deploy.0 = Release|Any CPU
		{66C29B5B-58F1-4A8E-8926-31D9C375EC69}.AppStore|x86.ActiveCfg = Release|Any CPU
		{66C29B5B-58F1-4A8E-8926-31D9C375EC69}.AppStore|x86.Build.0 = Release|Any CPU
		{66C29B5B-58F1-4A8E-8926-31D9C375EC69}.AppStore|x86.Deploy.0 = Release|Any CPU
		{66C29B5B-58F1-4A8E-8926-31D9C375EC69}.Debug|Any CPU.ActiveCfg = Debug|Any CPU
		{66C29B5B-58F1-4A8E-8926-31D9C375EC69}.Debug|Any CPU.Build.0 = Debug|Any CPU
		{66C29B5B-58F1-4A8E-8926-31D9C375EC69}.Debug|Any CPU.Deploy.0 = Debug|Any CPU
		{66C29B5B-58F1-4A8E-8926-31D9C375EC69}.Debug|ARM.ActiveCfg = Debug|Any CPU
		{66C29B5B-58F1-4A8E-8926-31D9C375EC69}.Debug|ARM.Build.0 = Debug|Any CPU
		{66C29B5B-58F1-4A8E-8926-31D9C375EC69}.Debug|ARM.Deploy.0 = Debug|Any CPU
		{66C29B5B-58F1-4A8E-8926-31D9C375EC69}.Debug|iPhone.ActiveCfg = Debug|Any CPU
		{66C29B5B-58F1-4A8E-8926-31D9C375EC69}.Debug|iPhone.Build.0 = Debug|Any CPU
		{66C29B5B-58F1-4A8E-8926-31D9C375EC69}.Debug|iPhone.Deploy.0 = Debug|Any CPU
		{66C29B5B-58F1-4A8E-8926-31D9C375EC69}.Debug|iPhoneSimulator.ActiveCfg = Debug|Any CPU
		{66C29B5B-58F1-4A8E-8926-31D9C375EC69}.Debug|iPhoneSimulator.Build.0 = Debug|Any CPU
		{66C29B5B-58F1-4A8E-8926-31D9C375EC69}.Debug|iPhoneSimulator.Deploy.0 = Debug|Any CPU
		{66C29B5B-58F1-4A8E-8926-31D9C375EC69}.Debug|x64.ActiveCfg = Debug|Any CPU
		{66C29B5B-58F1-4A8E-8926-31D9C375EC69}.Debug|x64.Build.0 = Debug|Any CPU
		{66C29B5B-58F1-4A8E-8926-31D9C375EC69}.Debug|x64.Deploy.0 = Debug|Any CPU
		{66C29B5B-58F1-4A8E-8926-31D9C375EC69}.Debug|x86.ActiveCfg = Debug|Any CPU
		{66C29B5B-58F1-4A8E-8926-31D9C375EC69}.Debug|x86.Build.0 = Debug|Any CPU
		{66C29B5B-58F1-4A8E-8926-31D9C375EC69}.Debug|x86.Deploy.0 = Debug|Any CPU
		{66C29B5B-58F1-4A8E-8926-31D9C375EC69}.Release|Any CPU.ActiveCfg = Release|Any CPU
		{66C29B5B-58F1-4A8E-8926-31D9C375EC69}.Release|Any CPU.Build.0 = Release|Any CPU
		{66C29B5B-58F1-4A8E-8926-31D9C375EC69}.Release|Any CPU.Deploy.0 = Release|Any CPU
		{66C29B5B-58F1-4A8E-8926-31D9C375EC69}.Release|ARM.ActiveCfg = Release|Any CPU
		{66C29B5B-58F1-4A8E-8926-31D9C375EC69}.Release|ARM.Build.0 = Release|Any CPU
		{66C29B5B-58F1-4A8E-8926-31D9C375EC69}.Release|ARM.Deploy.0 = Release|Any CPU
		{66C29B5B-58F1-4A8E-8926-31D9C375EC69}.Release|iPhone.ActiveCfg = Release|Any CPU
		{66C29B5B-58F1-4A8E-8926-31D9C375EC69}.Release|iPhone.Build.0 = Release|Any CPU
		{66C29B5B-58F1-4A8E-8926-31D9C375EC69}.Release|iPhone.Deploy.0 = Release|Any CPU
		{66C29B5B-58F1-4A8E-8926-31D9C375EC69}.Release|iPhoneSimulator.ActiveCfg = Release|Any CPU
		{66C29B5B-58F1-4A8E-8926-31D9C375EC69}.Release|iPhoneSimulator.Build.0 = Release|Any CPU
		{66C29B5B-58F1-4A8E-8926-31D9C375EC69}.Release|iPhoneSimulator.Deploy.0 = Release|Any CPU
		{66C29B5B-58F1-4A8E-8926-31D9C375EC69}.Release|x64.ActiveCfg = Release|Any CPU
		{66C29B5B-58F1-4A8E-8926-31D9C375EC69}.Release|x64.Build.0 = Release|Any CPU
		{66C29B5B-58F1-4A8E-8926-31D9C375EC69}.Release|x64.Deploy.0 = Release|Any CPU
		{66C29B5B-58F1-4A8E-8926-31D9C375EC69}.Release|x86.ActiveCfg = Release|Any CPU
		{66C29B5B-58F1-4A8E-8926-31D9C375EC69}.Release|x86.Build.0 = Release|Any CPU
		{66C29B5B-58F1-4A8E-8926-31D9C375EC69}.Release|x86.Deploy.0 = Release|Any CPU
		{05EFAFF3-15D6-42CA-9E83-5AEBF82A0A4F}.Ad-Hoc|Any CPU.ActiveCfg = Ad-Hoc|iPhone
		{05EFAFF3-15D6-42CA-9E83-5AEBF82A0A4F}.Ad-Hoc|ARM.ActiveCfg = Ad-Hoc|iPhone
		{05EFAFF3-15D6-42CA-9E83-5AEBF82A0A4F}.Ad-Hoc|iPhone.ActiveCfg = Ad-Hoc|iPhone
		{05EFAFF3-15D6-42CA-9E83-5AEBF82A0A4F}.Ad-Hoc|iPhone.Build.0 = Ad-Hoc|iPhone
		{05EFAFF3-15D6-42CA-9E83-5AEBF82A0A4F}.Ad-Hoc|iPhoneSimulator.ActiveCfg = Ad-Hoc|iPhoneSimulator
		{05EFAFF3-15D6-42CA-9E83-5AEBF82A0A4F}.Ad-Hoc|iPhoneSimulator.Build.0 = Ad-Hoc|iPhoneSimulator
		{05EFAFF3-15D6-42CA-9E83-5AEBF82A0A4F}.Ad-Hoc|x64.ActiveCfg = Ad-Hoc|iPhone
		{05EFAFF3-15D6-42CA-9E83-5AEBF82A0A4F}.Ad-Hoc|x86.ActiveCfg = Ad-Hoc|iPhone
		{05EFAFF3-15D6-42CA-9E83-5AEBF82A0A4F}.AppStore|Any CPU.ActiveCfg = AppStore|iPhone
		{05EFAFF3-15D6-42CA-9E83-5AEBF82A0A4F}.AppStore|ARM.ActiveCfg = AppStore|iPhone
		{05EFAFF3-15D6-42CA-9E83-5AEBF82A0A4F}.AppStore|iPhone.ActiveCfg = AppStore|iPhone
		{05EFAFF3-15D6-42CA-9E83-5AEBF82A0A4F}.AppStore|iPhone.Build.0 = AppStore|iPhone
		{05EFAFF3-15D6-42CA-9E83-5AEBF82A0A4F}.AppStore|iPhoneSimulator.ActiveCfg = AppStore|iPhoneSimulator
		{05EFAFF3-15D6-42CA-9E83-5AEBF82A0A4F}.AppStore|iPhoneSimulator.Build.0 = AppStore|iPhoneSimulator
		{05EFAFF3-15D6-42CA-9E83-5AEBF82A0A4F}.AppStore|x64.ActiveCfg = AppStore|iPhone
		{05EFAFF3-15D6-42CA-9E83-5AEBF82A0A4F}.AppStore|x86.ActiveCfg = AppStore|iPhone
		{05EFAFF3-15D6-42CA-9E83-5AEBF82A0A4F}.Debug|Any CPU.ActiveCfg = Debug|iPhone
		{05EFAFF3-15D6-42CA-9E83-5AEBF82A0A4F}.Debug|ARM.ActiveCfg = Debug|iPhone
		{05EFAFF3-15D6-42CA-9E83-5AEBF82A0A4F}.Debug|iPhone.ActiveCfg = Debug|iPhone
		{05EFAFF3-15D6-42CA-9E83-5AEBF82A0A4F}.Debug|iPhone.Build.0 = Debug|iPhone
		{05EFAFF3-15D6-42CA-9E83-5AEBF82A0A4F}.Debug|iPhoneSimulator.ActiveCfg = Debug|iPhoneSimulator
		{05EFAFF3-15D6-42CA-9E83-5AEBF82A0A4F}.Debug|iPhoneSimulator.Build.0 = Debug|iPhoneSimulator
		{05EFAFF3-15D6-42CA-9E83-5AEBF82A0A4F}.Debug|x64.ActiveCfg = Debug|iPhone
		{05EFAFF3-15D6-42CA-9E83-5AEBF82A0A4F}.Debug|x86.ActiveCfg = Debug|iPhone
		{05EFAFF3-15D6-42CA-9E83-5AEBF82A0A4F}.Release|Any CPU.ActiveCfg = Release|iPhone
		{05EFAFF3-15D6-42CA-9E83-5AEBF82A0A4F}.Release|ARM.ActiveCfg = Release|iPhone
		{05EFAFF3-15D6-42CA-9E83-5AEBF82A0A4F}.Release|iPhone.ActiveCfg = Release|iPhone
		{05EFAFF3-15D6-42CA-9E83-5AEBF82A0A4F}.Release|iPhone.Build.0 = Release|iPhone
		{05EFAFF3-15D6-42CA-9E83-5AEBF82A0A4F}.Release|iPhoneSimulator.ActiveCfg = Release|iPhoneSimulator
		{05EFAFF3-15D6-42CA-9E83-5AEBF82A0A4F}.Release|iPhoneSimulator.Build.0 = Release|iPhoneSimulator
		{05EFAFF3-15D6-42CA-9E83-5AEBF82A0A4F}.Release|x64.ActiveCfg = Release|iPhone
		{05EFAFF3-15D6-42CA-9E83-5AEBF82A0A4F}.Release|x86.ActiveCfg = Release|iPhone
		{602D4A8C-E6DB-450C-928E-ADA3066C0447}.Ad-Hoc|Any CPU.ActiveCfg = Release|Any CPU
		{602D4A8C-E6DB-450C-928E-ADA3066C0447}.Ad-Hoc|Any CPU.Build.0 = Release|Any CPU
		{602D4A8C-E6DB-450C-928E-ADA3066C0447}.Ad-Hoc|Any CPU.Deploy.0 = Release|Any CPU
		{602D4A8C-E6DB-450C-928E-ADA3066C0447}.Ad-Hoc|ARM.ActiveCfg = Release|ARM
		{602D4A8C-E6DB-450C-928E-ADA3066C0447}.Ad-Hoc|ARM.Build.0 = Release|ARM
		{602D4A8C-E6DB-450C-928E-ADA3066C0447}.Ad-Hoc|ARM.Deploy.0 = Release|ARM
		{602D4A8C-E6DB-450C-928E-ADA3066C0447}.Ad-Hoc|iPhone.ActiveCfg = Release|Any CPU
		{602D4A8C-E6DB-450C-928E-ADA3066C0447}.Ad-Hoc|iPhone.Build.0 = Release|Any CPU
		{602D4A8C-E6DB-450C-928E-ADA3066C0447}.Ad-Hoc|iPhone.Deploy.0 = Release|Any CPU
		{602D4A8C-E6DB-450C-928E-ADA3066C0447}.Ad-Hoc|iPhoneSimulator.ActiveCfg = Release|Any CPU
		{602D4A8C-E6DB-450C-928E-ADA3066C0447}.Ad-Hoc|iPhoneSimulator.Build.0 = Release|Any CPU
		{602D4A8C-E6DB-450C-928E-ADA3066C0447}.Ad-Hoc|iPhoneSimulator.Deploy.0 = Release|Any CPU
		{602D4A8C-E6DB-450C-928E-ADA3066C0447}.Ad-Hoc|x64.ActiveCfg = Release|Any CPU
		{602D4A8C-E6DB-450C-928E-ADA3066C0447}.Ad-Hoc|x64.Build.0 = Release|Any CPU
		{602D4A8C-E6DB-450C-928E-ADA3066C0447}.Ad-Hoc|x64.Deploy.0 = Release|Any CPU
		{602D4A8C-E6DB-450C-928E-ADA3066C0447}.Ad-Hoc|x86.ActiveCfg = Release|x86
		{602D4A8C-E6DB-450C-928E-ADA3066C0447}.Ad-Hoc|x86.Build.0 = Release|x86
		{602D4A8C-E6DB-450C-928E-ADA3066C0447}.Ad-Hoc|x86.Deploy.0 = Release|x86
		{602D4A8C-E6DB-450C-928E-ADA3066C0447}.AppStore|Any CPU.ActiveCfg = Release|Any CPU
		{602D4A8C-E6DB-450C-928E-ADA3066C0447}.AppStore|Any CPU.Build.0 = Release|Any CPU
		{602D4A8C-E6DB-450C-928E-ADA3066C0447}.AppStore|Any CPU.Deploy.0 = Release|Any CPU
		{602D4A8C-E6DB-450C-928E-ADA3066C0447}.AppStore|ARM.ActiveCfg = Release|ARM
		{602D4A8C-E6DB-450C-928E-ADA3066C0447}.AppStore|ARM.Build.0 = Release|ARM
		{602D4A8C-E6DB-450C-928E-ADA3066C0447}.AppStore|ARM.Deploy.0 = Release|ARM
		{602D4A8C-E6DB-450C-928E-ADA3066C0447}.AppStore|iPhone.ActiveCfg = Release|Any CPU
		{602D4A8C-E6DB-450C-928E-ADA3066C0447}.AppStore|iPhone.Build.0 = Release|Any CPU
		{602D4A8C-E6DB-450C-928E-ADA3066C0447}.AppStore|iPhone.Deploy.0 = Release|Any CPU
		{602D4A8C-E6DB-450C-928E-ADA3066C0447}.AppStore|iPhoneSimulator.ActiveCfg = Release|Any CPU
		{602D4A8C-E6DB-450C-928E-ADA3066C0447}.AppStore|iPhoneSimulator.Build.0 = Release|Any CPU
		{602D4A8C-E6DB-450C-928E-ADA3066C0447}.AppStore|iPhoneSimulator.Deploy.0 = Release|Any CPU
		{602D4A8C-E6DB-450C-928E-ADA3066C0447}.AppStore|x64.ActiveCfg = Release|Any CPU
		{602D4A8C-E6DB-450C-928E-ADA3066C0447}.AppStore|x64.Build.0 = Release|Any CPU
		{602D4A8C-E6DB-450C-928E-ADA3066C0447}.AppStore|x64.Deploy.0 = Release|Any CPU
		{602D4A8C-E6DB-450C-928E-ADA3066C0447}.AppStore|x86.ActiveCfg = Release|x86
		{602D4A8C-E6DB-450C-928E-ADA3066C0447}.AppStore|x86.Build.0 = Release|x86
		{602D4A8C-E6DB-450C-928E-ADA3066C0447}.AppStore|x86.Deploy.0 = Release|x86
		{602D4A8C-E6DB-450C-928E-ADA3066C0447}.Debug|Any CPU.ActiveCfg = Debug|Any CPU
		{602D4A8C-E6DB-450C-928E-ADA3066C0447}.Debug|Any CPU.Build.0 = Debug|Any CPU
		{602D4A8C-E6DB-450C-928E-ADA3066C0447}.Debug|Any CPU.Deploy.0 = Debug|Any CPU
		{602D4A8C-E6DB-450C-928E-ADA3066C0447}.Debug|ARM.ActiveCfg = Debug|ARM
		{602D4A8C-E6DB-450C-928E-ADA3066C0447}.Debug|ARM.Build.0 = Debug|ARM
		{602D4A8C-E6DB-450C-928E-ADA3066C0447}.Debug|ARM.Deploy.0 = Debug|ARM
		{602D4A8C-E6DB-450C-928E-ADA3066C0447}.Debug|iPhone.ActiveCfg = Debug|Any CPU
		{602D4A8C-E6DB-450C-928E-ADA3066C0447}.Debug|iPhone.Build.0 = Debug|Any CPU
		{602D4A8C-E6DB-450C-928E-ADA3066C0447}.Debug|iPhone.Deploy.0 = Debug|Any CPU
		{602D4A8C-E6DB-450C-928E-ADA3066C0447}.Debug|iPhoneSimulator.ActiveCfg = Debug|Any CPU
		{602D4A8C-E6DB-450C-928E-ADA3066C0447}.Debug|iPhoneSimulator.Build.0 = Debug|Any CPU
		{602D4A8C-E6DB-450C-928E-ADA3066C0447}.Debug|iPhoneSimulator.Deploy.0 = Debug|Any CPU
		{602D4A8C-E6DB-450C-928E-ADA3066C0447}.Debug|x64.ActiveCfg = Debug|Any CPU
		{602D4A8C-E6DB-450C-928E-ADA3066C0447}.Debug|x64.Build.0 = Debug|Any CPU
		{602D4A8C-E6DB-450C-928E-ADA3066C0447}.Debug|x64.Deploy.0 = Debug|Any CPU
		{602D4A8C-E6DB-450C-928E-ADA3066C0447}.Debug|x86.ActiveCfg = Debug|x86
		{602D4A8C-E6DB-450C-928E-ADA3066C0447}.Debug|x86.Build.0 = Debug|x86
		{602D4A8C-E6DB-450C-928E-ADA3066C0447}.Debug|x86.Deploy.0 = Debug|x86
		{602D4A8C-E6DB-450C-928E-ADA3066C0447}.Release|Any CPU.ActiveCfg = Release|Any CPU
		{602D4A8C-E6DB-450C-928E-ADA3066C0447}.Release|Any CPU.Build.0 = Release|Any CPU
		{602D4A8C-E6DB-450C-928E-ADA3066C0447}.Release|Any CPU.Deploy.0 = Release|Any CPU
		{602D4A8C-E6DB-450C-928E-ADA3066C0447}.Release|ARM.ActiveCfg = Release|ARM
		{602D4A8C-E6DB-450C-928E-ADA3066C0447}.Release|ARM.Build.0 = Release|ARM
		{602D4A8C-E6DB-450C-928E-ADA3066C0447}.Release|ARM.Deploy.0 = Release|ARM
		{602D4A8C-E6DB-450C-928E-ADA3066C0447}.Release|iPhone.ActiveCfg = Release|Any CPU
		{602D4A8C-E6DB-450C-928E-ADA3066C0447}.Release|iPhone.Build.0 = Release|Any CPU
		{602D4A8C-E6DB-450C-928E-ADA3066C0447}.Release|iPhone.Deploy.0 = Release|Any CPU
		{602D4A8C-E6DB-450C-928E-ADA3066C0447}.Release|iPhoneSimulator.ActiveCfg = Release|Any CPU
		{602D4A8C-E6DB-450C-928E-ADA3066C0447}.Release|iPhoneSimulator.Build.0 = Release|Any CPU
		{602D4A8C-E6DB-450C-928E-ADA3066C0447}.Release|iPhoneSimulator.Deploy.0 = Release|Any CPU
		{602D4A8C-E6DB-450C-928E-ADA3066C0447}.Release|x64.ActiveCfg = Release|Any CPU
		{602D4A8C-E6DB-450C-928E-ADA3066C0447}.Release|x64.Build.0 = Release|Any CPU
		{602D4A8C-E6DB-450C-928E-ADA3066C0447}.Release|x64.Deploy.0 = Release|Any CPU
		{602D4A8C-E6DB-450C-928E-ADA3066C0447}.Release|x86.ActiveCfg = Release|x86
		{602D4A8C-E6DB-450C-928E-ADA3066C0447}.Release|x86.Build.0 = Release|x86
		{602D4A8C-E6DB-450C-928E-ADA3066C0447}.Release|x86.Deploy.0 = Release|x86
		{01A5BF55-594D-41C9-A3C6-4BC99F40AD53}.Ad-Hoc|Any CPU.ActiveCfg = Release|x86
		{01A5BF55-594D-41C9-A3C6-4BC99F40AD53}.Ad-Hoc|Any CPU.Build.0 = Release|x86
		{01A5BF55-594D-41C9-A3C6-4BC99F40AD53}.Ad-Hoc|Any CPU.Deploy.0 = Release|x86
		{01A5BF55-594D-41C9-A3C6-4BC99F40AD53}.Ad-Hoc|ARM.ActiveCfg = Release|ARM
		{01A5BF55-594D-41C9-A3C6-4BC99F40AD53}.Ad-Hoc|ARM.Build.0 = Release|ARM
		{01A5BF55-594D-41C9-A3C6-4BC99F40AD53}.Ad-Hoc|ARM.Deploy.0 = Release|ARM
		{01A5BF55-594D-41C9-A3C6-4BC99F40AD53}.Ad-Hoc|iPhone.ActiveCfg = Release|x86
		{01A5BF55-594D-41C9-A3C6-4BC99F40AD53}.Ad-Hoc|iPhone.Build.0 = Release|x86
		{01A5BF55-594D-41C9-A3C6-4BC99F40AD53}.Ad-Hoc|iPhone.Deploy.0 = Release|x86
		{01A5BF55-594D-41C9-A3C6-4BC99F40AD53}.Ad-Hoc|iPhoneSimulator.ActiveCfg = Release|x86
		{01A5BF55-594D-41C9-A3C6-4BC99F40AD53}.Ad-Hoc|iPhoneSimulator.Build.0 = Release|x86
		{01A5BF55-594D-41C9-A3C6-4BC99F40AD53}.Ad-Hoc|iPhoneSimulator.Deploy.0 = Release|x86
		{01A5BF55-594D-41C9-A3C6-4BC99F40AD53}.Ad-Hoc|x64.ActiveCfg = Release|x64
		{01A5BF55-594D-41C9-A3C6-4BC99F40AD53}.Ad-Hoc|x64.Build.0 = Release|x64
		{01A5BF55-594D-41C9-A3C6-4BC99F40AD53}.Ad-Hoc|x64.Deploy.0 = Release|x64
		{01A5BF55-594D-41C9-A3C6-4BC99F40AD53}.Ad-Hoc|x86.ActiveCfg = Release|x86
		{01A5BF55-594D-41C9-A3C6-4BC99F40AD53}.Ad-Hoc|x86.Build.0 = Release|x86
		{01A5BF55-594D-41C9-A3C6-4BC99F40AD53}.Ad-Hoc|x86.Deploy.0 = Release|x86
		{01A5BF55-594D-41C9-A3C6-4BC99F40AD53}.AppStore|Any CPU.ActiveCfg = Release|x86
		{01A5BF55-594D-41C9-A3C6-4BC99F40AD53}.AppStore|Any CPU.Build.0 = Release|x86
		{01A5BF55-594D-41C9-A3C6-4BC99F40AD53}.AppStore|Any CPU.Deploy.0 = Release|x86
		{01A5BF55-594D-41C9-A3C6-4BC99F40AD53}.AppStore|ARM.ActiveCfg = Release|ARM
		{01A5BF55-594D-41C9-A3C6-4BC99F40AD53}.AppStore|ARM.Build.0 = Release|ARM
		{01A5BF55-594D-41C9-A3C6-4BC99F40AD53}.AppStore|ARM.Deploy.0 = Release|ARM
		{01A5BF55-594D-41C9-A3C6-4BC99F40AD53}.AppStore|iPhone.ActiveCfg = Release|x86
		{01A5BF55-594D-41C9-A3C6-4BC99F40AD53}.AppStore|iPhone.Build.0 = Release|x86
		{01A5BF55-594D-41C9-A3C6-4BC99F40AD53}.AppStore|iPhone.Deploy.0 = Release|x86
		{01A5BF55-594D-41C9-A3C6-4BC99F40AD53}.AppStore|iPhoneSimulator.ActiveCfg = Release|x86
		{01A5BF55-594D-41C9-A3C6-4BC99F40AD53}.AppStore|iPhoneSimulator.Build.0 = Release|x86
		{01A5BF55-594D-41C9-A3C6-4BC99F40AD53}.AppStore|iPhoneSimulator.Deploy.0 = Release|x86
		{01A5BF55-594D-41C9-A3C6-4BC99F40AD53}.AppStore|x64.ActiveCfg = Release|x64
		{01A5BF55-594D-41C9-A3C6-4BC99F40AD53}.AppStore|x64.Build.0 = Release|x64
		{01A5BF55-594D-41C9-A3C6-4BC99F40AD53}.AppStore|x64.Deploy.0 = Release|x64
		{01A5BF55-594D-41C9-A3C6-4BC99F40AD53}.AppStore|x86.ActiveCfg = Release|x86
		{01A5BF55-594D-41C9-A3C6-4BC99F40AD53}.AppStore|x86.Build.0 = Release|x86
		{01A5BF55-594D-41C9-A3C6-4BC99F40AD53}.AppStore|x86.Deploy.0 = Release|x86
		{01A5BF55-594D-41C9-A3C6-4BC99F40AD53}.Debug|Any CPU.ActiveCfg = Debug|x86
		{01A5BF55-594D-41C9-A3C6-4BC99F40AD53}.Debug|ARM.ActiveCfg = Debug|ARM
		{01A5BF55-594D-41C9-A3C6-4BC99F40AD53}.Debug|ARM.Build.0 = Debug|ARM
		{01A5BF55-594D-41C9-A3C6-4BC99F40AD53}.Debug|ARM.Deploy.0 = Debug|ARM
		{01A5BF55-594D-41C9-A3C6-4BC99F40AD53}.Debug|iPhone.ActiveCfg = Debug|x86
		{01A5BF55-594D-41C9-A3C6-4BC99F40AD53}.Debug|iPhoneSimulator.ActiveCfg = Debug|x86
		{01A5BF55-594D-41C9-A3C6-4BC99F40AD53}.Debug|x64.ActiveCfg = Debug|x64
		{01A5BF55-594D-41C9-A3C6-4BC99F40AD53}.Debug|x64.Build.0 = Debug|x64
		{01A5BF55-594D-41C9-A3C6-4BC99F40AD53}.Debug|x64.Deploy.0 = Debug|x64
		{01A5BF55-594D-41C9-A3C6-4BC99F40AD53}.Debug|x86.ActiveCfg = Debug|x86
		{01A5BF55-594D-41C9-A3C6-4BC99F40AD53}.Debug|x86.Build.0 = Debug|x86
		{01A5BF55-594D-41C9-A3C6-4BC99F40AD53}.Debug|x86.Deploy.0 = Debug|x86
		{01A5BF55-594D-41C9-A3C6-4BC99F40AD53}.Release|Any CPU.ActiveCfg = Release|x86
		{01A5BF55-594D-41C9-A3C6-4BC99F40AD53}.Release|ARM.ActiveCfg = Release|ARM
		{01A5BF55-594D-41C9-A3C6-4BC99F40AD53}.Release|ARM.Build.0 = Release|ARM
		{01A5BF55-594D-41C9-A3C6-4BC99F40AD53}.Release|ARM.Deploy.0 = Release|ARM
		{01A5BF55-594D-41C9-A3C6-4BC99F40AD53}.Release|iPhone.ActiveCfg = Release|x86
		{01A5BF55-594D-41C9-A3C6-4BC99F40AD53}.Release|iPhoneSimulator.ActiveCfg = Release|x86
		{01A5BF55-594D-41C9-A3C6-4BC99F40AD53}.Release|x64.ActiveCfg = Release|x64
		{01A5BF55-594D-41C9-A3C6-4BC99F40AD53}.Release|x64.Build.0 = Release|x64
		{01A5BF55-594D-41C9-A3C6-4BC99F40AD53}.Release|x64.Deploy.0 = Release|x64
		{01A5BF55-594D-41C9-A3C6-4BC99F40AD53}.Release|x86.ActiveCfg = Release|x86
		{01A5BF55-594D-41C9-A3C6-4BC99F40AD53}.Release|x86.Build.0 = Release|x86
		{01A5BF55-594D-41C9-A3C6-4BC99F40AD53}.Release|x86.Deploy.0 = Release|x86
		{58623088-E6AD-4FEF-8335-A400A4D11282}.Ad-Hoc|Any CPU.ActiveCfg = Release|Any CPU
		{58623088-E6AD-4FEF-8335-A400A4D11282}.Ad-Hoc|Any CPU.Build.0 = Release|Any CPU
		{58623088-E6AD-4FEF-8335-A400A4D11282}.Ad-Hoc|Any CPU.Deploy.0 = Release|Any CPU
		{58623088-E6AD-4FEF-8335-A400A4D11282}.Ad-Hoc|ARM.ActiveCfg = Release|ARM
		{58623088-E6AD-4FEF-8335-A400A4D11282}.Ad-Hoc|ARM.Build.0 = Release|ARM
		{58623088-E6AD-4FEF-8335-A400A4D11282}.Ad-Hoc|ARM.Deploy.0 = Release|ARM
		{58623088-E6AD-4FEF-8335-A400A4D11282}.Ad-Hoc|iPhone.ActiveCfg = Release|Any CPU
		{58623088-E6AD-4FEF-8335-A400A4D11282}.Ad-Hoc|iPhone.Build.0 = Release|Any CPU
		{58623088-E6AD-4FEF-8335-A400A4D11282}.Ad-Hoc|iPhone.Deploy.0 = Release|Any CPU
		{58623088-E6AD-4FEF-8335-A400A4D11282}.Ad-Hoc|iPhoneSimulator.ActiveCfg = Release|Any CPU
		{58623088-E6AD-4FEF-8335-A400A4D11282}.Ad-Hoc|iPhoneSimulator.Build.0 = Release|Any CPU
		{58623088-E6AD-4FEF-8335-A400A4D11282}.Ad-Hoc|iPhoneSimulator.Deploy.0 = Release|Any CPU
		{58623088-E6AD-4FEF-8335-A400A4D11282}.Ad-Hoc|x64.ActiveCfg = Release|x64
		{58623088-E6AD-4FEF-8335-A400A4D11282}.Ad-Hoc|x64.Build.0 = Release|x64
		{58623088-E6AD-4FEF-8335-A400A4D11282}.Ad-Hoc|x64.Deploy.0 = Release|x64
		{58623088-E6AD-4FEF-8335-A400A4D11282}.Ad-Hoc|x86.ActiveCfg = Release|x86
		{58623088-E6AD-4FEF-8335-A400A4D11282}.Ad-Hoc|x86.Build.0 = Release|x86
		{58623088-E6AD-4FEF-8335-A400A4D11282}.Ad-Hoc|x86.Deploy.0 = Release|x86
		{58623088-E6AD-4FEF-8335-A400A4D11282}.AppStore|Any CPU.ActiveCfg = Release|Any CPU
		{58623088-E6AD-4FEF-8335-A400A4D11282}.AppStore|Any CPU.Build.0 = Release|Any CPU
		{58623088-E6AD-4FEF-8335-A400A4D11282}.AppStore|Any CPU.Deploy.0 = Release|Any CPU
		{58623088-E6AD-4FEF-8335-A400A4D11282}.AppStore|ARM.ActiveCfg = Release|ARM
		{58623088-E6AD-4FEF-8335-A400A4D11282}.AppStore|ARM.Build.0 = Release|ARM
		{58623088-E6AD-4FEF-8335-A400A4D11282}.AppStore|ARM.Deploy.0 = Release|ARM
		{58623088-E6AD-4FEF-8335-A400A4D11282}.AppStore|iPhone.ActiveCfg = Release|Any CPU
		{58623088-E6AD-4FEF-8335-A400A4D11282}.AppStore|iPhone.Build.0 = Release|Any CPU
		{58623088-E6AD-4FEF-8335-A400A4D11282}.AppStore|iPhone.Deploy.0 = Release|Any CPU
		{58623088-E6AD-4FEF-8335-A400A4D11282}.AppStore|iPhoneSimulator.ActiveCfg = Release|Any CPU
		{58623088-E6AD-4FEF-8335-A400A4D11282}.AppStore|iPhoneSimulator.Build.0 = Release|Any CPU
		{58623088-E6AD-4FEF-8335-A400A4D11282}.AppStore|iPhoneSimulator.Deploy.0 = Release|Any CPU
		{58623088-E6AD-4FEF-8335-A400A4D11282}.AppStore|x64.ActiveCfg = Release|x64
		{58623088-E6AD-4FEF-8335-A400A4D11282}.AppStore|x64.Build.0 = Release|x64
		{58623088-E6AD-4FEF-8335-A400A4D11282}.AppStore|x64.Deploy.0 = Release|x64
		{58623088-E6AD-4FEF-8335-A400A4D11282}.AppStore|x86.ActiveCfg = Release|x86
		{58623088-E6AD-4FEF-8335-A400A4D11282}.AppStore|x86.Build.0 = Release|x86
		{58623088-E6AD-4FEF-8335-A400A4D11282}.AppStore|x86.Deploy.0 = Release|x86
		{58623088-E6AD-4FEF-8335-A400A4D11282}.Debug|Any CPU.ActiveCfg = Debug|Any CPU
		{58623088-E6AD-4FEF-8335-A400A4D11282}.Debug|Any CPU.Build.0 = Debug|Any CPU
		{58623088-E6AD-4FEF-8335-A400A4D11282}.Debug|Any CPU.Deploy.0 = Debug|Any CPU
		{58623088-E6AD-4FEF-8335-A400A4D11282}.Debug|ARM.ActiveCfg = Debug|ARM
		{58623088-E6AD-4FEF-8335-A400A4D11282}.Debug|ARM.Build.0 = Debug|ARM
		{58623088-E6AD-4FEF-8335-A400A4D11282}.Debug|ARM.Deploy.0 = Debug|ARM
		{58623088-E6AD-4FEF-8335-A400A4D11282}.Debug|iPhone.ActiveCfg = Debug|Any CPU
		{58623088-E6AD-4FEF-8335-A400A4D11282}.Debug|iPhone.Build.0 = Debug|Any CPU
		{58623088-E6AD-4FEF-8335-A400A4D11282}.Debug|iPhone.Deploy.0 = Debug|Any CPU
		{58623088-E6AD-4FEF-8335-A400A4D11282}.Debug|iPhoneSimulator.ActiveCfg = Debug|Any CPU
		{58623088-E6AD-4FEF-8335-A400A4D11282}.Debug|iPhoneSimulator.Build.0 = Debug|Any CPU
		{58623088-E6AD-4FEF-8335-A400A4D11282}.Debug|iPhoneSimulator.Deploy.0 = Debug|Any CPU
		{58623088-E6AD-4FEF-8335-A400A4D11282}.Debug|x64.ActiveCfg = Debug|x64
		{58623088-E6AD-4FEF-8335-A400A4D11282}.Debug|x64.Build.0 = Debug|x64
		{58623088-E6AD-4FEF-8335-A400A4D11282}.Debug|x64.Deploy.0 = Debug|x64
		{58623088-E6AD-4FEF-8335-A400A4D11282}.Debug|x86.ActiveCfg = Debug|x86
		{58623088-E6AD-4FEF-8335-A400A4D11282}.Debug|x86.Build.0 = Debug|x86
		{58623088-E6AD-4FEF-8335-A400A4D11282}.Debug|x86.Deploy.0 = Debug|x86
		{58623088-E6AD-4FEF-8335-A400A4D11282}.Release|Any CPU.ActiveCfg = Release|Any CPU
		{58623088-E6AD-4FEF-8335-A400A4D11282}.Release|Any CPU.Build.0 = Release|Any CPU
		{58623088-E6AD-4FEF-8335-A400A4D11282}.Release|Any CPU.Deploy.0 = Release|Any CPU
		{58623088-E6AD-4FEF-8335-A400A4D11282}.Release|ARM.ActiveCfg = Release|ARM
		{58623088-E6AD-4FEF-8335-A400A4D11282}.Release|ARM.Build.0 = Release|ARM
		{58623088-E6AD-4FEF-8335-A400A4D11282}.Release|ARM.Deploy.0 = Release|ARM
		{58623088-E6AD-4FEF-8335-A400A4D11282}.Release|iPhone.ActiveCfg = Release|Any CPU
		{58623088-E6AD-4FEF-8335-A400A4D11282}.Release|iPhone.Build.0 = Release|Any CPU
		{58623088-E6AD-4FEF-8335-A400A4D11282}.Release|iPhone.Deploy.0 = Release|Any CPU
		{58623088-E6AD-4FEF-8335-A400A4D11282}.Release|iPhoneSimulator.ActiveCfg = Release|Any CPU
		{58623088-E6AD-4FEF-8335-A400A4D11282}.Release|iPhoneSimulator.Build.0 = Release|Any CPU
		{58623088-E6AD-4FEF-8335-A400A4D11282}.Release|iPhoneSimulator.Deploy.0 = Release|Any CPU
		{58623088-E6AD-4FEF-8335-A400A4D11282}.Release|x64.ActiveCfg = Release|x64
		{58623088-E6AD-4FEF-8335-A400A4D11282}.Release|x64.Build.0 = Release|x64
		{58623088-E6AD-4FEF-8335-A400A4D11282}.Release|x64.Deploy.0 = Release|x64
		{58623088-E6AD-4FEF-8335-A400A4D11282}.Release|x86.ActiveCfg = Release|x86
		{58623088-E6AD-4FEF-8335-A400A4D11282}.Release|x86.Build.0 = Release|x86
		{58623088-E6AD-4FEF-8335-A400A4D11282}.Release|x86.Deploy.0 = Release|x86
	EndGlobalSection
	GlobalSection(SolutionProperties) = preSolution
		HideSolutionNode = FALSE
	EndGlobalSection
EndGlobal
