
Microsoft Visual Studio Solution File, Format Version 12.00
# Visual Studio 14
VisualStudioVersion = 14.0.25420.1
MinimumVisualStudioVersion = 10.0.40219.1
Project("{FAE04EC0-301F-11D3-BF4B-00C04F79EFBC}") = "NavegacionDemo", "NavegacionDemo\NavegacionDemo\NavegacionDemo.csproj", "{8C94E711-04F7-4DDB-9CF2-C0C43CB23EF1}"
EndProject
Project("{FAE04EC0-301F-11D3-BF4B-00C04F79EFBC}") = "NavegacionDemo.Droid", "NavegacionDemo\NavegacionDemo.Droid\NavegacionDemo.Droid.csproj", "{A97A2E26-1E58-49EE-ADA8-A00160D18FAD}"
EndProject
Project("{FAE04EC0-301F-11D3-BF4B-00C04F79EFBC}") = "NavegacionDemo.iOS", "NavegacionDemo\NavegacionDemo.iOS\NavegacionDemo.iOS.csproj", "{8526E213-A8D8-408A-92EE-20ADD1E71A01}"
EndProject
Project("{FAE04EC0-301F-11D3-BF4B-00C04F79EFBC}") = "NavegacionDemo.WinPhone", "NavegacionDemo\NavegacionDemo.WinPhone\NavegacionDemo.WinPhone.csproj", "{77DC20C9-9FA0-42F1-B13E-C7033C6CD864}"
EndProject
Project("{FAE04EC0-301F-11D3-BF4B-00C04F79EFBC}") = "NavegacionDemo.UWP", "NavegacionDemo\NavegacionDemo.UWP\NavegacionDemo.UWP.csproj", "{13878D0D-400D-4CDB-B989-BA81748864C1}"
EndProject
Project("{FAE04EC0-301F-11D3-BF4B-00C04F79EFBC}") = "NavegacionDemo.Windows", "NavegacionDemo\NavegacionDemo.Windows\NavegacionDemo.Windows.csproj", "{85496316-2D4E-43A2-9F70-AF6D09EC5F5B}"
EndProject
Global
	GlobalSection(SolutionConfigurationPlatforms) = preSolution
		Ad-Hoc|Any CPU = Ad-Hoc|Any CPU
		Ad-Hoc|ARM = Ad-Hoc|ARM
		Ad-Hoc|iPhone = Ad-Hoc|iPhone
		Ad-Hoc|iPhoneSimulator = Ad-Hoc|iPhoneSimulator
		Ad-Hoc|x64 = Ad-Hoc|x64
		Ad-Hoc|x86 = Ad-Hoc|x86
		AppStore|Any CPU = AppStore|Any CPU
		AppStore|ARM = AppStore|ARM
		AppStore|iPhone = AppStore|iPhone
		AppStore|iPhoneSimulator = AppStore|iPhoneSimulator
		AppStore|x64 = AppStore|x64
		AppStore|x86 = AppStore|x86
		Debug|Any CPU = Debug|Any CPU
		Debug|ARM = Debug|ARM
		Debug|iPhone = Debug|iPhone
		Debug|iPhoneSimulator = Debug|iPhoneSimulator
		Debug|x64 = Debug|x64
		Debug|x86 = Debug|x86
		Release|Any CPU = Release|Any CPU
		Release|ARM = Release|ARM
		Release|iPhone = Release|iPhone
		Release|iPhoneSimulator = Release|iPhoneSimulator
		Release|x64 = Release|x64
		Release|x86 = Release|x86
	EndGlobalSection
	GlobalSection(ProjectConfigurationPlatforms) = postSolution
		{8C94E711-04F7-4DDB-9CF2-C0C43CB23EF1}.Ad-Hoc|Any CPU.ActiveCfg = Release|Any CPU
		{8C94E711-04F7-4DDB-9CF2-C0C43CB23EF1}.Ad-Hoc|Any CPU.Build.0 = Release|Any CPU
		{8C94E711-04F7-4DDB-9CF2-C0C43CB23EF1}.Ad-Hoc|ARM.ActiveCfg = Release|Any CPU
		{8C94E711-04F7-4DDB-9CF2-C0C43CB23EF1}.Ad-Hoc|ARM.Build.0 = Release|Any CPU
		{8C94E711-04F7-4DDB-9CF2-C0C43CB23EF1}.Ad-Hoc|iPhone.ActiveCfg = Release|Any CPU
		{8C94E711-04F7-4DDB-9CF2-C0C43CB23EF1}.Ad-Hoc|iPhone.Build.0 = Release|Any CPU
		{8C94E711-04F7-4DDB-9CF2-C0C43CB23EF1}.Ad-Hoc|iPhoneSimulator.ActiveCfg = Release|Any CPU
		{8C94E711-04F7-4DDB-9CF2-C0C43CB23EF1}.Ad-Hoc|iPhoneSimulator.Build.0 = Release|Any CPU
		{8C94E711-04F7-4DDB-9CF2-C0C43CB23EF1}.Ad-Hoc|x64.ActiveCfg = Release|Any CPU
		{8C94E711-04F7-4DDB-9CF2-C0C43CB23EF1}.Ad-Hoc|x64.Build.0 = Release|Any CPU
		{8C94E711-04F7-4DDB-9CF2-C0C43CB23EF1}.Ad-Hoc|x86.ActiveCfg = Release|Any CPU
		{8C94E711-04F7-4DDB-9CF2-C0C43CB23EF1}.Ad-Hoc|x86.Build.0 = Release|Any CPU
		{8C94E711-04F7-4DDB-9CF2-C0C43CB23EF1}.AppStore|Any CPU.ActiveCfg = Release|Any CPU
		{8C94E711-04F7-4DDB-9CF2-C0C43CB23EF1}.AppStore|Any CPU.Build.0 = Release|Any CPU
		{8C94E711-04F7-4DDB-9CF2-C0C43CB23EF1}.AppStore|ARM.ActiveCfg = Release|Any CPU
		{8C94E711-04F7-4DDB-9CF2-C0C43CB23EF1}.AppStore|ARM.Build.0 = Release|Any CPU
		{8C94E711-04F7-4DDB-9CF2-C0C43CB23EF1}.AppStore|iPhone.ActiveCfg = Release|Any CPU
		{8C94E711-04F7-4DDB-9CF2-C0C43CB23EF1}.AppStore|iPhone.Build.0 = Release|Any CPU
		{8C94E711-04F7-4DDB-9CF2-C0C43CB23EF1}.AppStore|iPhoneSimulator.ActiveCfg = Release|Any CPU
		{8C94E711-04F7-4DDB-9CF2-C0C43CB23EF1}.AppStore|iPhoneSimulator.Build.0 = Release|Any CPU
		{8C94E711-04F7-4DDB-9CF2-C0C43CB23EF1}.AppStore|x64.ActiveCfg = Release|Any CPU
		{8C94E711-04F7-4DDB-9CF2-C0C43CB23EF1}.AppStore|x64.Build.0 = Release|Any CPU
		{8C94E711-04F7-4DDB-9CF2-C0C43CB23EF1}.AppStore|x86.ActiveCfg = Release|Any CPU
		{8C94E711-04F7-4DDB-9CF2-C0C43CB23EF1}.AppStore|x86.Build.0 = Release|Any CPU
		{8C94E711-04F7-4DDB-9CF2-C0C43CB23EF1}.Debug|Any CPU.ActiveCfg = Debug|Any CPU
		{8C94E711-04F7-4DDB-9CF2-C0C43CB23EF1}.Debug|Any CPU.Build.0 = Debug|Any CPU
		{8C94E711-04F7-4DDB-9CF2-C0C43CB23EF1}.Debug|ARM.ActiveCfg = Debug|Any CPU
		{8C94E711-04F7-4DDB-9CF2-C0C43CB23EF1}.Debug|ARM.Build.0 = Debug|Any CPU
		{8C94E711-04F7-4DDB-9CF2-C0C43CB23EF1}.Debug|iPhone.ActiveCfg = Debug|Any CPU
		{8C94E711-04F7-4DDB-9CF2-C0C43CB23EF1}.Debug|iPhone.Build.0 = Debug|Any CPU
		{8C94E711-04F7-4DDB-9CF2-C0C43CB23EF1}.Debug|iPhoneSimulator.ActiveCfg = Debug|Any CPU
		{8C94E711-04F7-4DDB-9CF2-C0C43CB23EF1}.Debug|iPhoneSimulator.Build.0 = Debug|Any CPU
		{8C94E711-04F7-4DDB-9CF2-C0C43CB23EF1}.Debug|x64.ActiveCfg = Debug|Any CPU
		{8C94E711-04F7-4DDB-9CF2-C0C43CB23EF1}.Debug|x64.Build.0 = Debug|Any CPU
		{8C94E711-04F7-4DDB-9CF2-C0C43CB23EF1}.Debug|x86.ActiveCfg = Debug|Any CPU
		{8C94E711-04F7-4DDB-9CF2-C0C43CB23EF1}.Debug|x86.Build.0 = Debug|Any CPU
		{8C94E711-04F7-4DDB-9CF2-C0C43CB23EF1}.Release|Any CPU.ActiveCfg = Release|Any CPU
		{8C94E711-04F7-4DDB-9CF2-C0C43CB23EF1}.Release|Any CPU.Build.0 = Release|Any CPU
		{8C94E711-04F7-4DDB-9CF2-C0C43CB23EF1}.Release|ARM.ActiveCfg = Release|Any CPU
		{8C94E711-04F7-4DDB-9CF2-C0C43CB23EF1}.Release|ARM.Build.0 = Release|Any CPU
		{8C94E711-04F7-4DDB-9CF2-C0C43CB23EF1}.Release|iPhone.ActiveCfg = Release|Any CPU
		{8C94E711-04F7-4DDB-9CF2-C0C43CB23EF1}.Release|iPhone.Build.0 = Release|Any CPU
		{8C94E711-04F7-4DDB-9CF2-C0C43CB23EF1}.Release|iPhoneSimulator.ActiveCfg = Release|Any CPU
		{8C94E711-04F7-4DDB-9CF2-C0C43CB23EF1}.Release|iPhoneSimulator.Build.0 = Release|Any CPU
		{8C94E711-04F7-4DDB-9CF2-C0C43CB23EF1}.Release|x64.ActiveCfg = Release|Any CPU
		{8C94E711-04F7-4DDB-9CF2-C0C43CB23EF1}.Release|x64.Build.0 = Release|Any CPU
		{8C94E711-04F7-4DDB-9CF2-C0C43CB23EF1}.Release|x86.ActiveCfg = Release|Any CPU
		{8C94E711-04F7-4DDB-9CF2-C0C43CB23EF1}.Release|x86.Build.0 = Release|Any CPU
		{A97A2E26-1E58-49EE-ADA8-A00160D18FAD}.Ad-Hoc|Any CPU.ActiveCfg = Release|Any CPU
		{A97A2E26-1E58-49EE-ADA8-A00160D18FAD}.Ad-Hoc|Any CPU.Build.0 = Release|Any CPU
		{A97A2E26-1E58-49EE-ADA8-A00160D18FAD}.Ad-Hoc|Any CPU.Deploy.0 = Release|Any CPU
		{A97A2E26-1E58-49EE-ADA8-A00160D18FAD}.Ad-Hoc|ARM.ActiveCfg = Release|Any CPU
		{A97A2E26-1E58-49EE-ADA8-A00160D18FAD}.Ad-Hoc|ARM.Build.0 = Release|Any CPU
		{A97A2E26-1E58-49EE-ADA8-A00160D18FAD}.Ad-Hoc|ARM.Deploy.0 = Release|Any CPU
		{A97A2E26-1E58-49EE-ADA8-A00160D18FAD}.Ad-Hoc|iPhone.ActiveCfg = Release|Any CPU
		{A97A2E26-1E58-49EE-ADA8-A00160D18FAD}.Ad-Hoc|iPhone.Build.0 = Release|Any CPU
		{A97A2E26-1E58-49EE-ADA8-A00160D18FAD}.Ad-Hoc|iPhone.Deploy.0 = Release|Any CPU
		{A97A2E26-1E58-49EE-ADA8-A00160D18FAD}.Ad-Hoc|iPhoneSimulator.ActiveCfg = Release|Any CPU
		{A97A2E26-1E58-49EE-ADA8-A00160D18FAD}.Ad-Hoc|iPhoneSimulator.Build.0 = Release|Any CPU
		{A97A2E26-1E58-49EE-ADA8-A00160D18FAD}.Ad-Hoc|iPhoneSimulator.Deploy.0 = Release|Any CPU
		{A97A2E26-1E58-49EE-ADA8-A00160D18FAD}.Ad-Hoc|x64.ActiveCfg = Release|Any CPU
		{A97A2E26-1E58-49EE-ADA8-A00160D18FAD}.Ad-Hoc|x64.Build.0 = Release|Any CPU
		{A97A2E26-1E58-49EE-ADA8-A00160D18FAD}.Ad-Hoc|x64.Deploy.0 = Release|Any CPU
		{A97A2E26-1E58-49EE-ADA8-A00160D18FAD}.Ad-Hoc|x86.ActiveCfg = Release|Any CPU
		{A97A2E26-1E58-49EE-ADA8-A00160D18FAD}.Ad-Hoc|x86.Build.0 = Release|Any CPU
		{A97A2E26-1E58-49EE-ADA8-A00160D18FAD}.Ad-Hoc|x86.Deploy.0 = Release|Any CPU
		{A97A2E26-1E58-49EE-ADA8-A00160D18FAD}.AppStore|Any CPU.ActiveCfg = Release|Any CPU
		{A97A2E26-1E58-49EE-ADA8-A00160D18FAD}.AppStore|Any CPU.Build.0 = Release|Any CPU
		{A97A2E26-1E58-49EE-ADA8-A00160D18FAD}.AppStore|Any CPU.Deploy.0 = Release|Any CPU
		{A97A2E26-1E58-49EE-ADA8-A00160D18FAD}.AppStore|ARM.ActiveCfg = Release|Any CPU
		{A97A2E26-1E58-49EE-ADA8-A00160D18FAD}.AppStore|ARM.Build.0 = Release|Any CPU
		{A97A2E26-1E58-49EE-ADA8-A00160D18FAD}.AppStore|ARM.Deploy.0 = Release|Any CPU
		{A97A2E26-1E58-49EE-ADA8-A00160D18FAD}.AppStore|iPhone.ActiveCfg = Release|Any CPU
		{A97A2E26-1E58-49EE-ADA8-A00160D18FAD}.AppStore|iPhone.Build.0 = Release|Any CPU
		{A97A2E26-1E58-49EE-ADA8-A00160D18FAD}.AppStore|iPhone.Deploy.0 = Release|Any CPU
		{A97A2E26-1E58-49EE-ADA8-A00160D18FAD}.AppStore|iPhoneSimulator.ActiveCfg = Release|Any CPU
		{A97A2E26-1E58-49EE-ADA8-A00160D18FAD}.AppStore|iPhoneSimulator.Build.0 = Release|Any CPU
		{A97A2E26-1E58-49EE-ADA8-A00160D18FAD}.AppStore|iPhoneSimulator.Deploy.0 = Release|Any CPU
		{A97A2E26-1E58-49EE-ADA8-A00160D18FAD}.AppStore|x64.ActiveCfg = Release|Any CPU
		{A97A2E26-1E58-49EE-ADA8-A00160D18FAD}.AppStore|x64.Build.0 = Release|Any CPU
		{A97A2E26-1E58-49EE-ADA8-A00160D18FAD}.AppStore|x64.Deploy.0 = Release|Any CPU
		{A97A2E26-1E58-49EE-ADA8-A00160D18FAD}.AppStore|x86.ActiveCfg = Release|Any CPU
		{A97A2E26-1E58-49EE-ADA8-A00160D18FAD}.AppStore|x86.Build.0 = Release|Any CPU
		{A97A2E26-1E58-49EE-ADA8-A00160D18FAD}.AppStore|x86.Deploy.0 = Release|Any CPU
		{A97A2E26-1E58-49EE-ADA8-A00160D18FAD}.Debug|Any CPU.ActiveCfg = Debug|Any CPU
		{A97A2E26-1E58-49EE-ADA8-A00160D18FAD}.Debug|Any CPU.Build.0 = Debug|Any CPU
		{A97A2E26-1E58-49EE-ADA8-A00160D18FAD}.Debug|Any CPU.Deploy.0 = Debug|Any CPU
		{A97A2E26-1E58-49EE-ADA8-A00160D18FAD}.Debug|ARM.ActiveCfg = Debug|Any CPU
		{A97A2E26-1E58-49EE-ADA8-A00160D18FAD}.Debug|ARM.Build.0 = Debug|Any CPU
		{A97A2E26-1E58-49EE-ADA8-A00160D18FAD}.Debug|ARM.Deploy.0 = Debug|Any CPU
		{A97A2E26-1E58-49EE-ADA8-A00160D18FAD}.Debug|iPhone.ActiveCfg = Debug|Any CPU
		{A97A2E26-1E58-49EE-ADA8-A00160D18FAD}.Debug|iPhone.Build.0 = Debug|Any CPU
		{A97A2E26-1E58-49EE-ADA8-A00160D18FAD}.Debug|iPhone.Deploy.0 = Debug|Any CPU
		{A97A2E26-1E58-49EE-ADA8-A00160D18FAD}.Debug|iPhoneSimulator.ActiveCfg = Debug|Any CPU
		{A97A2E26-1E58-49EE-ADA8-A00160D18FAD}.Debug|iPhoneSimulator.Build.0 = Debug|Any CPU
		{A97A2E26-1E58-49EE-ADA8-A00160D18FAD}.Debug|iPhoneSimulator.Deploy.0 = Debug|Any CPU
		{A97A2E26-1E58-49EE-ADA8-A00160D18FAD}.Debug|x64.ActiveCfg = Debug|Any CPU
		{A97A2E26-1E58-49EE-ADA8-A00160D18FAD}.Debug|x64.Build.0 = Debug|Any CPU
		{A97A2E26-1E58-49EE-ADA8-A00160D18FAD}.Debug|x64.Deploy.0 = Debug|Any CPU
		{A97A2E26-1E58-49EE-ADA8-A00160D18FAD}.Debug|x86.ActiveCfg = Debug|Any CPU
		{A97A2E26-1E58-49EE-ADA8-A00160D18FAD}.Debug|x86.Build.0 = Debug|Any CPU
		{A97A2E26-1E58-49EE-ADA8-A00160D18FAD}.Debug|x86.Deploy.0 = Debug|Any CPU
		{A97A2E26-1E58-49EE-ADA8-A00160D18FAD}.Release|Any CPU.ActiveCfg = Release|Any CPU
		{A97A2E26-1E58-49EE-ADA8-A00160D18FAD}.Release|Any CPU.Build.0 = Release|Any CPU
		{A97A2E26-1E58-49EE-ADA8-A00160D18FAD}.Release|Any CPU.Deploy.0 = Release|Any CPU
		{A97A2E26-1E58-49EE-ADA8-A00160D18FAD}.Release|ARM.ActiveCfg = Release|Any CPU
		{A97A2E26-1E58-49EE-ADA8-A00160D18FAD}.Release|ARM.Build.0 = Release|Any CPU
		{A97A2E26-1E58-49EE-ADA8-A00160D18FAD}.Release|ARM.Deploy.0 = Release|Any CPU
		{A97A2E26-1E58-49EE-ADA8-A00160D18FAD}.Release|iPhone.ActiveCfg = Release|Any CPU
		{A97A2E26-1E58-49EE-ADA8-A00160D18FAD}.Release|iPhone.Build.0 = Release|Any CPU
		{A97A2E26-1E58-49EE-ADA8-A00160D18FAD}.Release|iPhone.Deploy.0 = Release|Any CPU
		{A97A2E26-1E58-49EE-ADA8-A00160D18FAD}.Release|iPhoneSimulator.ActiveCfg = Release|Any CPU
		{A97A2E26-1E58-49EE-ADA8-A00160D18FAD}.Release|iPhoneSimulator.Build.0 = Release|Any CPU
		{A97A2E26-1E58-49EE-ADA8-A00160D18FAD}.Release|iPhoneSimulator.Deploy.0 = Release|Any CPU
		{A97A2E26-1E58-49EE-ADA8-A00160D18FAD}.Release|x64.ActiveCfg = Release|Any CPU
		{A97A2E26-1E58-49EE-ADA8-A00160D18FAD}.Release|x64.Build.0 = Release|Any CPU
		{A97A2E26-1E58-49EE-ADA8-A00160D18FAD}.Release|x64.Deploy.0 = Release|Any CPU
		{A97A2E26-1E58-49EE-ADA8-A00160D18FAD}.Release|x86.ActiveCfg = Release|Any CPU
		{A97A2E26-1E58-49EE-ADA8-A00160D18FAD}.Release|x86.Build.0 = Release|Any CPU
		{A97A2E26-1E58-49EE-ADA8-A00160D18FAD}.Release|x86.Deploy.0 = Release|Any CPU
		{8526E213-A8D8-408A-92EE-20ADD1E71A01}.Ad-Hoc|Any CPU.ActiveCfg = Ad-Hoc|iPhone
		{8526E213-A8D8-408A-92EE-20ADD1E71A01}.Ad-Hoc|ARM.ActiveCfg = Ad-Hoc|iPhone
		{8526E213-A8D8-408A-92EE-20ADD1E71A01}.Ad-Hoc|iPhone.ActiveCfg = Ad-Hoc|iPhone
		{8526E213-A8D8-408A-92EE-20ADD1E71A01}.Ad-Hoc|iPhone.Build.0 = Ad-Hoc|iPhone
		{8526E213-A8D8-408A-92EE-20ADD1E71A01}.Ad-Hoc|iPhoneSimulator.ActiveCfg = Ad-Hoc|iPhoneSimulator
		{8526E213-A8D8-408A-92EE-20ADD1E71A01}.Ad-Hoc|iPhoneSimulator.Build.0 = Ad-Hoc|iPhoneSimulator
		{8526E213-A8D8-408A-92EE-20ADD1E71A01}.Ad-Hoc|x64.ActiveCfg = Ad-Hoc|iPhone
		{8526E213-A8D8-408A-92EE-20ADD1E71A01}.Ad-Hoc|x86.ActiveCfg = Ad-Hoc|iPhone
		{8526E213-A8D8-408A-92EE-20ADD1E71A01}.AppStore|Any CPU.ActiveCfg = AppStore|iPhone
		{8526E213-A8D8-408A-92EE-20ADD1E71A01}.AppStore|ARM.ActiveCfg = AppStore|iPhone
		{8526E213-A8D8-408A-92EE-20ADD1E71A01}.AppStore|iPhone.ActiveCfg = AppStore|iPhone
		{8526E213-A8D8-408A-92EE-20ADD1E71A01}.AppStore|iPhone.Build.0 = AppStore|iPhone
		{8526E213-A8D8-408A-92EE-20ADD1E71A01}.AppStore|iPhoneSimulator.ActiveCfg = AppStore|iPhoneSimulator
		{8526E213-A8D8-408A-92EE-20ADD1E71A01}.AppStore|iPhoneSimulator.Build.0 = AppStore|iPhoneSimulator
		{8526E213-A8D8-408A-92EE-20ADD1E71A01}.AppStore|x64.ActiveCfg = AppStore|iPhone
		{8526E213-A8D8-408A-92EE-20ADD1E71A01}.AppStore|x86.ActiveCfg = AppStore|iPhone
		{8526E213-A8D8-408A-92EE-20ADD1E71A01}.Debug|Any CPU.ActiveCfg = Debug|iPhone
		{8526E213-A8D8-408A-92EE-20ADD1E71A01}.Debug|ARM.ActiveCfg = Debug|iPhone
		{8526E213-A8D8-408A-92EE-20ADD1E71A01}.Debug|iPhone.ActiveCfg = Debug|iPhone
		{8526E213-A8D8-408A-92EE-20ADD1E71A01}.Debug|iPhone.Build.0 = Debug|iPhone
		{8526E213-A8D8-408A-92EE-20ADD1E71A01}.Debug|iPhoneSimulator.ActiveCfg = Debug|iPhoneSimulator
		{8526E213-A8D8-408A-92EE-20ADD1E71A01}.Debug|iPhoneSimulator.Build.0 = Debug|iPhoneSimulator
		{8526E213-A8D8-408A-92EE-20ADD1E71A01}.Debug|x64.ActiveCfg = Debug|iPhone
		{8526E213-A8D8-408A-92EE-20ADD1E71A01}.Debug|x86.ActiveCfg = Debug|iPhone
		{8526E213-A8D8-408A-92EE-20ADD1E71A01}.Release|Any CPU.ActiveCfg = Release|iPhone
		{8526E213-A8D8-408A-92EE-20ADD1E71A01}.Release|ARM.ActiveCfg = Release|iPhone
		{8526E213-A8D8-408A-92EE-20ADD1E71A01}.Release|iPhone.ActiveCfg = Release|iPhone
		{8526E213-A8D8-408A-92EE-20ADD1E71A01}.Release|iPhone.Build.0 = Release|iPhone
		{8526E213-A8D8-408A-92EE-20ADD1E71A01}.Release|iPhoneSimulator.ActiveCfg = Release|iPhoneSimulator
		{8526E213-A8D8-408A-92EE-20ADD1E71A01}.Release|iPhoneSimulator.Build.0 = Release|iPhoneSimulator
		{8526E213-A8D8-408A-92EE-20ADD1E71A01}.Release|x64.ActiveCfg = Release|iPhone
		{8526E213-A8D8-408A-92EE-20ADD1E71A01}.Release|x86.ActiveCfg = Release|iPhone
		{77DC20C9-9FA0-42F1-B13E-C7033C6CD864}.Ad-Hoc|Any CPU.ActiveCfg = Release|Any CPU
		{77DC20C9-9FA0-42F1-B13E-C7033C6CD864}.Ad-Hoc|Any CPU.Build.0 = Release|Any CPU
		{77DC20C9-9FA0-42F1-B13E-C7033C6CD864}.Ad-Hoc|Any CPU.Deploy.0 = Release|Any CPU
		{77DC20C9-9FA0-42F1-B13E-C7033C6CD864}.Ad-Hoc|ARM.ActiveCfg = Release|ARM
		{77DC20C9-9FA0-42F1-B13E-C7033C6CD864}.Ad-Hoc|ARM.Build.0 = Release|ARM
		{77DC20C9-9FA0-42F1-B13E-C7033C6CD864}.Ad-Hoc|ARM.Deploy.0 = Release|ARM
		{77DC20C9-9FA0-42F1-B13E-C7033C6CD864}.Ad-Hoc|iPhone.ActiveCfg = Release|Any CPU
		{77DC20C9-9FA0-42F1-B13E-C7033C6CD864}.Ad-Hoc|iPhone.Build.0 = Release|Any CPU
		{77DC20C9-9FA0-42F1-B13E-C7033C6CD864}.Ad-Hoc|iPhone.Deploy.0 = Release|Any CPU
		{77DC20C9-9FA0-42F1-B13E-C7033C6CD864}.Ad-Hoc|iPhoneSimulator.ActiveCfg = Release|Any CPU
		{77DC20C9-9FA0-42F1-B13E-C7033C6CD864}.Ad-Hoc|iPhoneSimulator.Build.0 = Release|Any CPU
		{77DC20C9-9FA0-42F1-B13E-C7033C6CD864}.Ad-Hoc|iPhoneSimulator.Deploy.0 = Release|Any CPU
		{77DC20C9-9FA0-42F1-B13E-C7033C6CD864}.Ad-Hoc|x64.ActiveCfg = Release|Any CPU
		{77DC20C9-9FA0-42F1-B13E-C7033C6CD864}.Ad-Hoc|x64.Build.0 = Release|Any CPU
		{77DC20C9-9FA0-42F1-B13E-C7033C6CD864}.Ad-Hoc|x64.Deploy.0 = Release|Any CPU
		{77DC20C9-9FA0-42F1-B13E-C7033C6CD864}.Ad-Hoc|x86.ActiveCfg = Release|x86
		{77DC20C9-9FA0-42F1-B13E-C7033C6CD864}.Ad-Hoc|x86.Build.0 = Release|x86
		{77DC20C9-9FA0-42F1-B13E-C7033C6CD864}.Ad-Hoc|x86.Deploy.0 = Release|x86
		{77DC20C9-9FA0-42F1-B13E-C7033C6CD864}.AppStore|Any CPU.ActiveCfg = Release|Any CPU
		{77DC20C9-9FA0-42F1-B13E-C7033C6CD864}.AppStore|Any CPU.Build.0 = Release|Any CPU
		{77DC20C9-9FA0-42F1-B13E-C7033C6CD864}.AppStore|Any CPU.Deploy.0 = Release|Any CPU
		{77DC20C9-9FA0-42F1-B13E-C7033C6CD864}.AppStore|ARM.ActiveCfg = Release|ARM
		{77DC20C9-9FA0-42F1-B13E-C7033C6CD864}.AppStore|ARM.Build.0 = Release|ARM
		{77DC20C9-9FA0-42F1-B13E-C7033C6CD864}.AppStore|ARM.Deploy.0 = Release|ARM
		{77DC20C9-9FA0-42F1-B13E-C7033C6CD864}.AppStore|iPhone.ActiveCfg = Release|Any CPU
		{77DC20C9-9FA0-42F1-B13E-C7033C6CD864}.AppStore|iPhone.Build.0 = Release|Any CPU
		{77DC20C9-9FA0-42F1-B13E-C7033C6CD864}.AppStore|iPhone.Deploy.0 = Release|Any CPU
		{77DC20C9-9FA0-42F1-B13E-C7033C6CD864}.AppStore|iPhoneSimulator.ActiveCfg = Release|Any CPU
		{77DC20C9-9FA0-42F1-B13E-C7033C6CD864}.AppStore|iPhoneSimulator.Build.0 = Release|Any CPU
		{77DC20C9-9FA0-42F1-B13E-C7033C6CD864}.AppStore|iPhoneSimulator.Deploy.0 = Release|Any CPU
		{77DC20C9-9FA0-42F1-B13E-C7033C6CD864}.AppStore|x64.ActiveCfg = Release|Any CPU
		{77DC20C9-9FA0-42F1-B13E-C7033C6CD864}.AppStore|x64.Build.0 = Release|Any CPU
		{77DC20C9-9FA0-42F1-B13E-C7033C6CD864}.AppStore|x64.Deploy.0 = Release|Any CPU
		{77DC20C9-9FA0-42F1-B13E-C7033C6CD864}.AppStore|x86.ActiveCfg = Release|x86
		{77DC20C9-9FA0-42F1-B13E-C7033C6CD864}.AppStore|x86.Build.0 = Release|x86
		{77DC20C9-9FA0-42F1-B13E-C7033C6CD864}.AppStore|x86.Deploy.0 = Release|x86
		{77DC20C9-9FA0-42F1-B13E-C7033C6CD864}.Debug|Any CPU.ActiveCfg = Debug|Any CPU
		{77DC20C9-9FA0-42F1-B13E-C7033C6CD864}.Debug|Any CPU.Build.0 = Debug|Any CPU
		{77DC20C9-9FA0-42F1-B13E-C7033C6CD864}.Debug|Any CPU.Deploy.0 = Debug|Any CPU
		{77DC20C9-9FA0-42F1-B13E-C7033C6CD864}.Debug|ARM.ActiveCfg = Debug|ARM
		{77DC20C9-9FA0-42F1-B13E-C7033C6CD864}.Debug|ARM.Build.0 = Debug|ARM
		{77DC20C9-9FA0-42F1-B13E-C7033C6CD864}.Debug|ARM.Deploy.0 = Debug|ARM
		{77DC20C9-9FA0-42F1-B13E-C7033C6CD864}.Debug|iPhone.ActiveCfg = Debug|Any CPU
		{77DC20C9-9FA0-42F1-B13E-C7033C6CD864}.Debug|iPhone.Build.0 = Debug|Any CPU
		{77DC20C9-9FA0-42F1-B13E-C7033C6CD864}.Debug|iPhone.Deploy.0 = Debug|Any CPU
		{77DC20C9-9FA0-42F1-B13E-C7033C6CD864}.Debug|iPhoneSimulator.ActiveCfg = Debug|Any CPU
		{77DC20C9-9FA0-42F1-B13E-C7033C6CD864}.Debug|iPhoneSimulator.Build.0 = Debug|Any CPU
		{77DC20C9-9FA0-42F1-B13E-C7033C6CD864}.Debug|iPhoneSimulator.Deploy.0 = Debug|Any CPU
		{77DC20C9-9FA0-42F1-B13E-C7033C6CD864}.Debug|x64.ActiveCfg = Debug|Any CPU
		{77DC20C9-9FA0-42F1-B13E-C7033C6CD864}.Debug|x64.Build.0 = Debug|Any CPU
		{77DC20C9-9FA0-42F1-B13E-C7033C6CD864}.Debug|x64.Deploy.0 = Debug|Any CPU
		{77DC20C9-9FA0-42F1-B13E-C7033C6CD864}.Debug|x86.ActiveCfg = Debug|x86
		{77DC20C9-9FA0-42F1-B13E-C7033C6CD864}.Debug|x86.Build.0 = Debug|x86
		{77DC20C9-9FA0-42F1-B13E-C7033C6CD864}.Debug|x86.Deploy.0 = Debug|x86
		{77DC20C9-9FA0-42F1-B13E-C7033C6CD864}.Release|Any CPU.ActiveCfg = Release|Any CPU
		{77DC20C9-9FA0-42F1-B13E-C7033C6CD864}.Release|Any CPU.Build.0 = Release|Any CPU
		{77DC20C9-9FA0-42F1-B13E-C7033C6CD864}.Release|Any CPU.Deploy.0 = Release|Any CPU
		{77DC20C9-9FA0-42F1-B13E-C7033C6CD864}.Release|ARM.ActiveCfg = Release|ARM
		{77DC20C9-9FA0-42F1-B13E-C7033C6CD864}.Release|ARM.Build.0 = Release|ARM
		{77DC20C9-9FA0-42F1-B13E-C7033C6CD864}.Release|ARM.Deploy.0 = Release|ARM
		{77DC20C9-9FA0-42F1-B13E-C7033C6CD864}.Release|iPhone.ActiveCfg = Release|Any CPU
		{77DC20C9-9FA0-42F1-B13E-C7033C6CD864}.Release|iPhone.Build.0 = Release|Any CPU
		{77DC20C9-9FA0-42F1-B13E-C7033C6CD864}.Release|iPhone.Deploy.0 = Release|Any CPU
		{77DC20C9-9FA0-42F1-B13E-C7033C6CD864}.Release|iPhoneSimulator.ActiveCfg = Release|Any CPU
		{77DC20C9-9FA0-42F1-B13E-C7033C6CD864}.Release|iPhoneSimulator.Build.0 = Release|Any CPU
		{77DC20C9-9FA0-42F1-B13E-C7033C6CD864}.Release|iPhoneSimulator.Deploy.0 = Release|Any CPU
		{77DC20C9-9FA0-42F1-B13E-C7033C6CD864}.Release|x64.ActiveCfg = Release|Any CPU
		{77DC20C9-9FA0-42F1-B13E-C7033C6CD864}.Release|x64.Build.0 = Release|Any CPU
		{77DC20C9-9FA0-42F1-B13E-C7033C6CD864}.Release|x64.Deploy.0 = Release|Any CPU
		{77DC20C9-9FA0-42F1-B13E-C7033C6CD864}.Release|x86.ActiveCfg = Release|x86
		{77DC20C9-9FA0-42F1-B13E-C7033C6CD864}.Release|x86.Build.0 = Release|x86
		{77DC20C9-9FA0-42F1-B13E-C7033C6CD864}.Release|x86.Deploy.0 = Release|x86
		{13878D0D-400D-4CDB-B989-BA81748864C1}.Ad-Hoc|Any CPU.ActiveCfg = Release|x86
		{13878D0D-400D-4CDB-B989-BA81748864C1}.Ad-Hoc|Any CPU.Build.0 = Release|x86
		{13878D0D-400D-4CDB-B989-BA81748864C1}.Ad-Hoc|Any CPU.Deploy.0 = Release|x86
		{13878D0D-400D-4CDB-B989-BA81748864C1}.Ad-Hoc|ARM.ActiveCfg = Release|ARM
		{13878D0D-400D-4CDB-B989-BA81748864C1}.Ad-Hoc|ARM.Build.0 = Release|ARM
		{13878D0D-400D-4CDB-B989-BA81748864C1}.Ad-Hoc|ARM.Deploy.0 = Release|ARM
		{13878D0D-400D-4CDB-B989-BA81748864C1}.Ad-Hoc|iPhone.ActiveCfg = Release|x86
		{13878D0D-400D-4CDB-B989-BA81748864C1}.Ad-Hoc|iPhone.Build.0 = Release|x86
		{13878D0D-400D-4CDB-B989-BA81748864C1}.Ad-Hoc|iPhone.Deploy.0 = Release|x86
		{13878D0D-400D-4CDB-B989-BA81748864C1}.Ad-Hoc|iPhoneSimulator.ActiveCfg = Release|x86
		{13878D0D-400D-4CDB-B989-BA81748864C1}.Ad-Hoc|iPhoneSimulator.Build.0 = Release|x86
		{13878D0D-400D-4CDB-B989-BA81748864C1}.Ad-Hoc|iPhoneSimulator.Deploy.0 = Release|x86
		{13878D0D-400D-4CDB-B989-BA81748864C1}.Ad-Hoc|x64.ActiveCfg = Release|x64
		{13878D0D-400D-4CDB-B989-BA81748864C1}.Ad-Hoc|x64.Build.0 = Release|x64
		{13878D0D-400D-4CDB-B989-BA81748864C1}.Ad-Hoc|x64.Deploy.0 = Release|x64
		{13878D0D-400D-4CDB-B989-BA81748864C1}.Ad-Hoc|x86.ActiveCfg = Release|x86
		{13878D0D-400D-4CDB-B989-BA81748864C1}.Ad-Hoc|x86.Build.0 = Release|x86
		{13878D0D-400D-4CDB-B989-BA81748864C1}.Ad-Hoc|x86.Deploy.0 = Release|x86
		{13878D0D-400D-4CDB-B989-BA81748864C1}.AppStore|Any CPU.ActiveCfg = Release|x86
		{13878D0D-400D-4CDB-B989-BA81748864C1}.AppStore|Any CPU.Build.0 = Release|x86
		{13878D0D-400D-4CDB-B989-BA81748864C1}.AppStore|Any CPU.Deploy.0 = Release|x86
		{13878D0D-400D-4CDB-B989-BA81748864C1}.AppStore|ARM.ActiveCfg = Release|ARM
		{13878D0D-400D-4CDB-B989-BA81748864C1}.AppStore|ARM.Build.0 = Release|ARM
		{13878D0D-400D-4CDB-B989-BA81748864C1}.AppStore|ARM.Deploy.0 = Release|ARM
		{13878D0D-400D-4CDB-B989-BA81748864C1}.AppStore|iPhone.ActiveCfg = Release|x86
		{13878D0D-400D-4CDB-B989-BA81748864C1}.AppStore|iPhone.Build.0 = Release|x86
		{13878D0D-400D-4CDB-B989-BA81748864C1}.AppStore|iPhone.Deploy.0 = Release|x86
		{13878D0D-400D-4CDB-B989-BA81748864C1}.AppStore|iPhoneSimulator.ActiveCfg = Release|x86
		{13878D0D-400D-4CDB-B989-BA81748864C1}.AppStore|iPhoneSimulator.Build.0 = Release|x86
		{13878D0D-400D-4CDB-B989-BA81748864C1}.AppStore|iPhoneSimulator.Deploy.0 = Release|x86
		{13878D0D-400D-4CDB-B989-BA81748864C1}.AppStore|x64.ActiveCfg = Release|x64
		{13878D0D-400D-4CDB-B989-BA81748864C1}.AppStore|x64.Build.0 = Release|x64
		{13878D0D-400D-4CDB-B989-BA81748864C1}.AppStore|x64.Deploy.0 = Release|x64
		{13878D0D-400D-4CDB-B989-BA81748864C1}.AppStore|x86.ActiveCfg = Release|x86
		{13878D0D-400D-4CDB-B989-BA81748864C1}.AppStore|x86.Build.0 = Release|x86
		{13878D0D-400D-4CDB-B989-BA81748864C1}.AppStore|x86.Deploy.0 = Release|x86
		{13878D0D-400D-4CDB-B989-BA81748864C1}.Debug|Any CPU.ActiveCfg = Debug|x86
		{13878D0D-400D-4CDB-B989-BA81748864C1}.Debug|ARM.ActiveCfg = Debug|ARM
		{13878D0D-400D-4CDB-B989-BA81748864C1}.Debug|ARM.Build.0 = Debug|ARM
		{13878D0D-400D-4CDB-B989-BA81748864C1}.Debug|ARM.Deploy.0 = Debug|ARM
		{13878D0D-400D-4CDB-B989-BA81748864C1}.Debug|iPhone.ActiveCfg = Debug|x86
		{13878D0D-400D-4CDB-B989-BA81748864C1}.Debug|iPhoneSimulator.ActiveCfg = Debug|x86
		{13878D0D-400D-4CDB-B989-BA81748864C1}.Debug|x64.ActiveCfg = Debug|x64
		{13878D0D-400D-4CDB-B989-BA81748864C1}.Debug|x64.Build.0 = Debug|x64
		{13878D0D-400D-4CDB-B989-BA81748864C1}.Debug|x64.Deploy.0 = Debug|x64
		{13878D0D-400D-4CDB-B989-BA81748864C1}.Debug|x86.ActiveCfg = Debug|x86
		{13878D0D-400D-4CDB-B989-BA81748864C1}.Debug|x86.Build.0 = Debug|x86
		{13878D0D-400D-4CDB-B989-BA81748864C1}.Debug|x86.Deploy.0 = Debug|x86
		{13878D0D-400D-4CDB-B989-BA81748864C1}.Release|Any CPU.ActiveCfg = Release|x86
		{13878D0D-400D-4CDB-B989-BA81748864C1}.Release|ARM.ActiveCfg = Release|ARM
		{13878D0D-400D-4CDB-B989-BA81748864C1}.Release|ARM.Build.0 = Release|ARM
		{13878D0D-400D-4CDB-B989-BA81748864C1}.Release|ARM.Deploy.0 = Release|ARM
		{13878D0D-400D-4CDB-B989-BA81748864C1}.Release|iPhone.ActiveCfg = Release|x86
		{13878D0D-400D-4CDB-B989-BA81748864C1}.Release|iPhoneSimulator.ActiveCfg = Release|x86
		{13878D0D-400D-4CDB-B989-BA81748864C1}.Release|x64.ActiveCfg = Release|x64
		{13878D0D-400D-4CDB-B989-BA81748864C1}.Release|x64.Build.0 = Release|x64
		{13878D0D-400D-4CDB-B989-BA81748864C1}.Release|x64.Deploy.0 = Release|x64
		{13878D0D-400D-4CDB-B989-BA81748864C1}.Release|x86.ActiveCfg = Release|x86
		{13878D0D-400D-4CDB-B989-BA81748864C1}.Release|x86.Build.0 = Release|x86
		{13878D0D-400D-4CDB-B989-BA81748864C1}.Release|x86.Deploy.0 = Release|x86
		{85496316-2D4E-43A2-9F70-AF6D09EC5F5B}.Ad-Hoc|Any CPU.ActiveCfg = Release|Any CPU
		{85496316-2D4E-43A2-9F70-AF6D09EC5F5B}.Ad-Hoc|Any CPU.Build.0 = Release|Any CPU
		{85496316-2D4E-43A2-9F70-AF6D09EC5F5B}.Ad-Hoc|Any CPU.Deploy.0 = Release|Any CPU
		{85496316-2D4E-43A2-9F70-AF6D09EC5F5B}.Ad-Hoc|ARM.ActiveCfg = Release|ARM
		{85496316-2D4E-43A2-9F70-AF6D09EC5F5B}.Ad-Hoc|ARM.Build.0 = Release|ARM
		{85496316-2D4E-43A2-9F70-AF6D09EC5F5B}.Ad-Hoc|ARM.Deploy.0 = Release|ARM
		{85496316-2D4E-43A2-9F70-AF6D09EC5F5B}.Ad-Hoc|iPhone.ActiveCfg = Release|Any CPU
		{85496316-2D4E-43A2-9F70-AF6D09EC5F5B}.Ad-Hoc|iPhone.Build.0 = Release|Any CPU
		{85496316-2D4E-43A2-9F70-AF6D09EC5F5B}.Ad-Hoc|iPhone.Deploy.0 = Release|Any CPU
		{85496316-2D4E-43A2-9F70-AF6D09EC5F5B}.Ad-Hoc|iPhoneSimulator.ActiveCfg = Release|Any CPU
		{85496316-2D4E-43A2-9F70-AF6D09EC5F5B}.Ad-Hoc|iPhoneSimulator.Build.0 = Release|Any CPU
		{85496316-2D4E-43A2-9F70-AF6D09EC5F5B}.Ad-Hoc|iPhoneSimulator.Deploy.0 = Release|Any CPU
		{85496316-2D4E-43A2-9F70-AF6D09EC5F5B}.Ad-Hoc|x64.ActiveCfg = Release|x64
		{85496316-2D4E-43A2-9F70-AF6D09EC5F5B}.Ad-Hoc|x64.Build.0 = Release|x64
		{85496316-2D4E-43A2-9F70-AF6D09EC5F5B}.Ad-Hoc|x64.Deploy.0 = Release|x64
		{85496316-2D4E-43A2-9F70-AF6D09EC5F5B}.Ad-Hoc|x86.ActiveCfg = Release|x86
		{85496316-2D4E-43A2-9F70-AF6D09EC5F5B}.Ad-Hoc|x86.Build.0 = Release|x86
		{85496316-2D4E-43A2-9F70-AF6D09EC5F5B}.Ad-Hoc|x86.Deploy.0 = Release|x86
		{85496316-2D4E-43A2-9F70-AF6D09EC5F5B}.AppStore|Any CPU.ActiveCfg = Release|Any CPU
		{85496316-2D4E-43A2-9F70-AF6D09EC5F5B}.AppStore|Any CPU.Build.0 = Release|Any CPU
		{85496316-2D4E-43A2-9F70-AF6D09EC5F5B}.AppStore|Any CPU.Deploy.0 = Release|Any CPU
		{85496316-2D4E-43A2-9F70-AF6D09EC5F5B}.AppStore|ARM.ActiveCfg = Release|ARM
		{85496316-2D4E-43A2-9F70-AF6D09EC5F5B}.AppStore|ARM.Build.0 = Release|ARM
		{85496316-2D4E-43A2-9F70-AF6D09EC5F5B}.AppStore|ARM.Deploy.0 = Release|ARM
		{85496316-2D4E-43A2-9F70-AF6D09EC5F5B}.AppStore|iPhone.ActiveCfg = Release|Any CPU
		{85496316-2D4E-43A2-9F70-AF6D09EC5F5B}.AppStore|iPhone.Build.0 = Release|Any CPU
		{85496316-2D4E-43A2-9F70-AF6D09EC5F5B}.AppStore|iPhone.Deploy.0 = Release|Any CPU
		{85496316-2D4E-43A2-9F70-AF6D09EC5F5B}.AppStore|iPhoneSimulator.ActiveCfg = Release|Any CPU
		{85496316-2D4E-43A2-9F70-AF6D09EC5F5B}.AppStore|iPhoneSimulator.Build.0 = Release|Any CPU
		{85496316-2D4E-43A2-9F70-AF6D09EC5F5B}.AppStore|iPhoneSimulator.Deploy.0 = Release|Any CPU
		{85496316-2D4E-43A2-9F70-AF6D09EC5F5B}.AppStore|x64.ActiveCfg = Release|x64
		{85496316-2D4E-43A2-9F70-AF6D09EC5F5B}.AppStore|x64.Build.0 = Release|x64
		{85496316-2D4E-43A2-9F70-AF6D09EC5F5B}.AppStore|x64.Deploy.0 = Release|x64
		{85496316-2D4E-43A2-9F70-AF6D09EC5F5B}.AppStore|x86.ActiveCfg = Release|x86
		{85496316-2D4E-43A2-9F70-AF6D09EC5F5B}.AppStore|x86.Build.0 = Release|x86
		{85496316-2D4E-43A2-9F70-AF6D09EC5F5B}.AppStore|x86.Deploy.0 = Release|x86
		{85496316-2D4E-43A2-9F70-AF6D09EC5F5B}.Debug|Any CPU.ActiveCfg = Debug|Any CPU
		{85496316-2D4E-43A2-9F70-AF6D09EC5F5B}.Debug|Any CPU.Build.0 = Debug|Any CPU
		{85496316-2D4E-43A2-9F70-AF6D09EC5F5B}.Debug|Any CPU.Deploy.0 = Debug|Any CPU
		{85496316-2D4E-43A2-9F70-AF6D09EC5F5B}.Debug|ARM.ActiveCfg = Debug|ARM
		{85496316-2D4E-43A2-9F70-AF6D09EC5F5B}.Debug|ARM.Build.0 = Debug|ARM
		{85496316-2D4E-43A2-9F70-AF6D09EC5F5B}.Debug|ARM.Deploy.0 = Debug|ARM
		{85496316-2D4E-43A2-9F70-AF6D09EC5F5B}.Debug|iPhone.ActiveCfg = Debug|Any CPU
		{85496316-2D4E-43A2-9F70-AF6D09EC5F5B}.Debug|iPhone.Build.0 = Debug|Any CPU
		{85496316-2D4E-43A2-9F70-AF6D09EC5F5B}.Debug|iPhone.Deploy.0 = Debug|Any CPU
		{85496316-2D4E-43A2-9F70-AF6D09EC5F5B}.Debug|iPhoneSimulator.ActiveCfg = Debug|Any CPU
		{85496316-2D4E-43A2-9F70-AF6D09EC5F5B}.Debug|iPhoneSimulator.Build.0 = Debug|Any CPU
		{85496316-2D4E-43A2-9F70-AF6D09EC5F5B}.Debug|iPhoneSimulator.Deploy.0 = Debug|Any CPU
		{85496316-2D4E-43A2-9F70-AF6D09EC5F5B}.Debug|x64.ActiveCfg = Debug|x64
		{85496316-2D4E-43A2-9F70-AF6D09EC5F5B}.Debug|x64.Build.0 = Debug|x64
		{85496316-2D4E-43A2-9F70-AF6D09EC5F5B}.Debug|x64.Deploy.0 = Debug|x64
		{85496316-2D4E-43A2-9F70-AF6D09EC5F5B}.Debug|x86.ActiveCfg = Debug|x86
		{85496316-2D4E-43A2-9F70-AF6D09EC5F5B}.Debug|x86.Build.0 = Debug|x86
		{85496316-2D4E-43A2-9F70-AF6D09EC5F5B}.Debug|x86.Deploy.0 = Debug|x86
		{85496316-2D4E-43A2-9F70-AF6D09EC5F5B}.Release|Any CPU.ActiveCfg = Release|Any CPU
		{85496316-2D4E-43A2-9F70-AF6D09EC5F5B}.Release|Any CPU.Build.0 = Release|Any CPU
		{85496316-2D4E-43A2-9F70-AF6D09EC5F5B}.Release|Any CPU.Deploy.0 = Release|Any CPU
		{85496316-2D4E-43A2-9F70-AF6D09EC5F5B}.Release|ARM.ActiveCfg = Release|ARM
		{85496316-2D4E-43A2-9F70-AF6D09EC5F5B}.Release|ARM.Build.0 = Release|ARM
		{85496316-2D4E-43A2-9F70-AF6D09EC5F5B}.Release|ARM.Deploy.0 = Release|ARM
		{85496316-2D4E-43A2-9F70-AF6D09EC5F5B}.Release|iPhone.ActiveCfg = Release|Any CPU
		{85496316-2D4E-43A2-9F70-AF6D09EC5F5B}.Release|iPhone.Build.0 = Release|Any CPU
		{85496316-2D4E-43A2-9F70-AF6D09EC5F5B}.Release|iPhone.Deploy.0 = Release|Any CPU
		{85496316-2D4E-43A2-9F70-AF6D09EC5F5B}.Release|iPhoneSimulator.ActiveCfg = Release|Any CPU
		{85496316-2D4E-43A2-9F70-AF6D09EC5F5B}.Release|iPhoneSimulator.Build.0 = Release|Any CPU
		{85496316-2D4E-43A2-9F70-AF6D09EC5F5B}.Release|iPhoneSimulator.Deploy.0 = Release|Any CPU
		{85496316-2D4E-43A2-9F70-AF6D09EC5F5B}.Release|x64.ActiveCfg = Release|x64
		{85496316-2D4E-43A2-9F70-AF6D09EC5F5B}.Release|x64.Build.0 = Release|x64
		{85496316-2D4E-43A2-9F70-AF6D09EC5F5B}.Release|x64.Deploy.0 = Release|x64
		{85496316-2D4E-43A2-9F70-AF6D09EC5F5B}.Release|x86.ActiveCfg = Release|x86
		{85496316-2D4E-43A2-9F70-AF6D09EC5F5B}.Release|x86.Build.0 = Release|x86
		{85496316-2D4E-43A2-9F70-AF6D09EC5F5B}.Release|x86.Deploy.0 = Release|x86
	EndGlobalSection
	GlobalSection(SolutionProperties) = preSolution
		HideSolutionNode = FALSE
	EndGlobalSection
EndGlobal
